
Microsoft Visual Studio Solution File, Format Version 12.00
# Visual Studio 15
VisualStudioVersion = 15.0.27428.2037
MinimumVisualStudioVersion = 10.0.40219.1
Project("{9A19103F-16F7-4668-BE54-9A1E7A4F7556}") = "WYFoundation", "Common\WYFoundation\WYFoundation.csproj", "{252AD129-8028-4029-91CA-7382D7D661C8}"
EndProject
Project("{2150E333-8FDC-42A3-9474-1A3956D46DE8}") = "Common", "Common", "{4E2F8B58-DD8E-4802-8307-4C7318326F8E}"
EndProject
Project("{2150E333-8FDC-42A3-9474-1A3956D46DE8}") = "Products", "Products", "{82B433EC-3D3F-492D-9288-655071AA8F61}"
EndProject
Project("{2150E333-8FDC-42A3-9474-1A3956D46DE8}") = "WYDicomViewers", "WYDicomViewers", "{CCC13C6A-F9CE-416C-983D-203587CF4345}"
EndProject
Project("{9A19103F-16F7-4668-BE54-9A1E7A4F7556}") = "WYDicomViewer", "Products\WYDicomViewers\WYDicomViewer\WYDicomViewer.csproj", "{323B0963-9DEC-4B36-9552-B5BEDE8FF375}"
EndProject
Project("{FAE04EC0-301F-11D3-BF4B-00C04F79EFBC}") = "WYDicomViewer.Android", "Products\WYDicomViewers\WYDicomViewer.Android\WYDicomViewer.Android.csproj", "{C116C171-2B6B-4116-B4ED-2CD8DF6B2B4F}"
EndProject
Project("{FAE04EC0-301F-11D3-BF4B-00C04F79EFBC}") = "WYDicomViewer.iOS", "Products\WYDicomViewers\WYDicomViewer.iOS\WYDicomViewer.iOS.csproj", "{6B2E7DB6-8C6B-4F76-BCCF-12A58E93000C}"
EndProject
Project("{FAE04EC0-301F-11D3-BF4B-00C04F79EFBC}") = "WYDicomViewer.UWP", "Products\WYDicomViewers\WYDicomViewer.UWP\WYDicomViewer.UWP.csproj", "{0A2E375D-7E3E-496C-884C-8155A5FAB8FD}"
EndProject
Project("{9A19103F-16F7-4668-BE54-9A1E7A4F7556}") = "XamarinAllTest", "XamarinAllTest\XamarinAllTest.csproj", "{B89E455F-3193-453F-8679-6302ADAD931C}"
EndProject
Project("{2150E333-8FDC-42A3-9474-1A3956D46DE8}") = "StudySamples", "StudySamples", "{9547E3DA-207C-42BB-8081-58482C75CE13}"
EndProject
Project("{FAE04EC0-301F-11D3-BF4B-00C04F79EFBC}") = "IntegratedSamples.Android", "StudySamples\IntegratedSamples\IntegratedSamples.Android\IntegratedSamples.Android.csproj", "{6C8C2B6C-B2C4-4347-ADB9-8A1BDA272ED9}"
EndProject
Project("{FAE04EC0-301F-11D3-BF4B-00C04F79EFBC}") = "IntegratedSamples.iOS", "StudySamples\IntegratedSamples\IntegratedSamples.iOS\IntegratedSamples.iOS.csproj", "{B66554CD-69E6-4F82-9614-15F19BA97706}"
EndProject
Project("{FAE04EC0-301F-11D3-BF4B-00C04F79EFBC}") = "IntegratedSamples.UWP", "StudySamples\IntegratedSamples\IntegratedSamples.UWP\IntegratedSamples.UWP.csproj", "{A165FBEF-05E3-4CEE-B7CC-BCBC09ABC2D6}"
EndProject
Project("{9A19103F-16F7-4668-BE54-9A1E7A4F7556}") = "IntegratedSamples", "StudySamples\IntegratedSamples\IntegratedSamples\IntegratedSamples.csproj", "{E71D1B6A-8615-440B-BA35-0FC33ABF5C62}"
EndProject
Project("{2150E333-8FDC-42A3-9474-1A3956D46DE8}") = "IntegratedSamples", "IntegratedSamples", "{7D520729-7EB0-4862-B190-0129E229FD9A}"
EndProject
Project("{2150E333-8FDC-42A3-9474-1A3956D46DE8}") = "TodaySaleApps", "TodaySaleApps", "{E4202FFC-0692-4830-B27F-1E8840DA7A09}"
EndProject
Project("{FAE04EC0-301F-11D3-BF4B-00C04F79EFBC}") = "TodaySaleApp.Android", "Products\TodaySaleApp\TodaySaleApp.Android\TodaySaleApp.Android.csproj", "{2745FCDC-D101-4DED-AD76-D5C7911B3A35}"
EndProject
Project("{FAE04EC0-301F-11D3-BF4B-00C04F79EFBC}") = "TodaySaleApp.iOS", "Products\TodaySaleApp\TodaySaleApp.iOS\TodaySaleApp.iOS.csproj", "{D89F4B51-FA3E-48C7-8EF9-D8CFC4964D6A}"
EndProject
Project("{FAE04EC0-301F-11D3-BF4B-00C04F79EFBC}") = "TodaySaleApp.UWP", "Products\TodaySaleApp\TodaySaleApp.UWP\TodaySaleApp.UWP.csproj", "{E11FA99B-6F23-4014-8C1A-6D75FADAFE56}"
EndProject
Project("{9A19103F-16F7-4668-BE54-9A1E7A4F7556}") = "TodaySaleApp", "Products\TodaySaleApp\TodaySaleApp\TodaySaleApp.csproj", "{25367C41-9C40-4FE2-8137-8762E67E3057}"
EndProject
Project("{FAE04EC0-301F-11D3-BF4B-00C04F79EFBC}") = "OnlyToday.Android", "Products\OnlyToday\OnlyToday.Android\OnlyToday.Android.csproj", "{F201C21B-2BAC-48F5-AB22-0DB74B1E2080}"
EndProject
Project("{FAE04EC0-301F-11D3-BF4B-00C04F79EFBC}") = "OnlyToday.iOS", "Products\OnlyToday\OnlyToday.iOS\OnlyToday.iOS.csproj", "{6B7805BD-1E09-4707-8C00-64F4BF28676A}"
EndProject
Project("{FAE04EC0-301F-11D3-BF4B-00C04F79EFBC}") = "OnlyToday.UWP", "Products\OnlyToday\OnlyToday.UWP\OnlyToday.UWP.csproj", "{ED50451E-4078-4413-8626-77A7EE6343DA}"
EndProject
Project("{FAE04EC0-301F-11D3-BF4B-00C04F79EFBC}") = "OnlyToday", "Products\OnlyToday\OnlyToday\OnlyToday.csproj", "{51E0A07A-3A65-4312-BE32-D32FE499BA45}"
EndProject
Project("{2150E333-8FDC-42A3-9474-1A3956D46DE8}") = "OnlyTodayApp", "OnlyTodayApp", "{FCE75537-F301-47B1-A864-D3E6A0589C74}"
EndProject
Global
	GlobalSection(SolutionConfigurationPlatforms) = preSolution
		Ad-Hoc|Any CPU = Ad-Hoc|Any CPU
		Ad-Hoc|ARM = Ad-Hoc|ARM
		Ad-Hoc|iPhone = Ad-Hoc|iPhone
		Ad-Hoc|iPhoneSimulator = Ad-Hoc|iPhoneSimulator
		Ad-Hoc|x64 = Ad-Hoc|x64
		Ad-Hoc|x86 = Ad-Hoc|x86
		AppStore|Any CPU = AppStore|Any CPU
		AppStore|ARM = AppStore|ARM
		AppStore|iPhone = AppStore|iPhone
		AppStore|iPhoneSimulator = AppStore|iPhoneSimulator
		AppStore|x64 = AppStore|x64
		AppStore|x86 = AppStore|x86
		Debug|Any CPU = Debug|Any CPU
		Debug|ARM = Debug|ARM
		Debug|iPhone = Debug|iPhone
		Debug|iPhoneSimulator = Debug|iPhoneSimulator
		Debug|x64 = Debug|x64
		Debug|x86 = Debug|x86
		Release|Any CPU = Release|Any CPU
		Release|ARM = Release|ARM
		Release|iPhone = Release|iPhone
		Release|iPhoneSimulator = Release|iPhoneSimulator
		Release|x64 = Release|x64
		Release|x86 = Release|x86
	EndGlobalSection
	GlobalSection(ProjectConfigurationPlatforms) = postSolution
		{252AD129-8028-4029-91CA-7382D7D661C8}.Ad-Hoc|Any CPU.ActiveCfg = Debug|Any CPU
		{252AD129-8028-4029-91CA-7382D7D661C8}.Ad-Hoc|Any CPU.Build.0 = Debug|Any CPU
		{252AD129-8028-4029-91CA-7382D7D661C8}.Ad-Hoc|ARM.ActiveCfg = Debug|Any CPU
		{252AD129-8028-4029-91CA-7382D7D661C8}.Ad-Hoc|ARM.Build.0 = Debug|Any CPU
		{252AD129-8028-4029-91CA-7382D7D661C8}.Ad-Hoc|iPhone.ActiveCfg = Debug|Any CPU
		{252AD129-8028-4029-91CA-7382D7D661C8}.Ad-Hoc|iPhone.Build.0 = Debug|Any CPU
		{252AD129-8028-4029-91CA-7382D7D661C8}.Ad-Hoc|iPhoneSimulator.ActiveCfg = Debug|Any CPU
		{252AD129-8028-4029-91CA-7382D7D661C8}.Ad-Hoc|iPhoneSimulator.Build.0 = Debug|Any CPU
		{252AD129-8028-4029-91CA-7382D7D661C8}.Ad-Hoc|x64.ActiveCfg = Debug|Any CPU
		{252AD129-8028-4029-91CA-7382D7D661C8}.Ad-Hoc|x64.Build.0 = Debug|Any CPU
		{252AD129-8028-4029-91CA-7382D7D661C8}.Ad-Hoc|x86.ActiveCfg = Debug|Any CPU
		{252AD129-8028-4029-91CA-7382D7D661C8}.Ad-Hoc|x86.Build.0 = Debug|Any CPU
		{252AD129-8028-4029-91CA-7382D7D661C8}.AppStore|Any CPU.ActiveCfg = Debug|Any CPU
		{252AD129-8028-4029-91CA-7382D7D661C8}.AppStore|Any CPU.Build.0 = Debug|Any CPU
		{252AD129-8028-4029-91CA-7382D7D661C8}.AppStore|ARM.ActiveCfg = Debug|Any CPU
		{252AD129-8028-4029-91CA-7382D7D661C8}.AppStore|ARM.Build.0 = Debug|Any CPU
		{252AD129-8028-4029-91CA-7382D7D661C8}.AppStore|iPhone.ActiveCfg = Debug|Any CPU
		{252AD129-8028-4029-91CA-7382D7D661C8}.AppStore|iPhone.Build.0 = Debug|Any CPU
		{252AD129-8028-4029-91CA-7382D7D661C8}.AppStore|iPhoneSimulator.ActiveCfg = Debug|Any CPU
		{252AD129-8028-4029-91CA-7382D7D661C8}.AppStore|iPhoneSimulator.Build.0 = Debug|Any CPU
		{252AD129-8028-4029-91CA-7382D7D661C8}.AppStore|x64.ActiveCfg = Debug|Any CPU
		{252AD129-8028-4029-91CA-7382D7D661C8}.AppStore|x64.Build.0 = Debug|Any CPU
		{252AD129-8028-4029-91CA-7382D7D661C8}.AppStore|x86.ActiveCfg = Debug|Any CPU
		{252AD129-8028-4029-91CA-7382D7D661C8}.AppStore|x86.Build.0 = Debug|Any CPU
		{252AD129-8028-4029-91CA-7382D7D661C8}.Debug|Any CPU.ActiveCfg = Debug|Any CPU
		{252AD129-8028-4029-91CA-7382D7D661C8}.Debug|Any CPU.Build.0 = Debug|Any CPU
		{252AD129-8028-4029-91CA-7382D7D661C8}.Debug|ARM.ActiveCfg = Debug|Any CPU
		{252AD129-8028-4029-91CA-7382D7D661C8}.Debug|ARM.Build.0 = Debug|Any CPU
		{252AD129-8028-4029-91CA-7382D7D661C8}.Debug|iPhone.ActiveCfg = Debug|Any CPU
		{252AD129-8028-4029-91CA-7382D7D661C8}.Debug|iPhone.Build.0 = Debug|Any CPU
		{252AD129-8028-4029-91CA-7382D7D661C8}.Debug|iPhoneSimulator.ActiveCfg = Debug|Any CPU
		{252AD129-8028-4029-91CA-7382D7D661C8}.Debug|iPhoneSimulator.Build.0 = Debug|Any CPU
		{252AD129-8028-4029-91CA-7382D7D661C8}.Debug|x64.ActiveCfg = Debug|Any CPU
		{252AD129-8028-4029-91CA-7382D7D661C8}.Debug|x64.Build.0 = Debug|Any CPU
		{252AD129-8028-4029-91CA-7382D7D661C8}.Debug|x86.ActiveCfg = Debug|Any CPU
		{252AD129-8028-4029-91CA-7382D7D661C8}.Debug|x86.Build.0 = Debug|Any CPU
		{252AD129-8028-4029-91CA-7382D7D661C8}.Release|Any CPU.ActiveCfg = Release|Any CPU
		{252AD129-8028-4029-91CA-7382D7D661C8}.Release|Any CPU.Build.0 = Release|Any CPU
		{252AD129-8028-4029-91CA-7382D7D661C8}.Release|ARM.ActiveCfg = Release|Any CPU
		{252AD129-8028-4029-91CA-7382D7D661C8}.Release|ARM.Build.0 = Release|Any CPU
		{252AD129-8028-4029-91CA-7382D7D661C8}.Release|iPhone.ActiveCfg = Release|Any CPU
		{252AD129-8028-4029-91CA-7382D7D661C8}.Release|iPhone.Build.0 = Release|Any CPU
		{252AD129-8028-4029-91CA-7382D7D661C8}.Release|iPhoneSimulator.ActiveCfg = Release|Any CPU
		{252AD129-8028-4029-91CA-7382D7D661C8}.Release|iPhoneSimulator.Build.0 = Release|Any CPU
		{252AD129-8028-4029-91CA-7382D7D661C8}.Release|x64.ActiveCfg = Release|Any CPU
		{252AD129-8028-4029-91CA-7382D7D661C8}.Release|x64.Build.0 = Release|Any CPU
		{252AD129-8028-4029-91CA-7382D7D661C8}.Release|x86.ActiveCfg = Release|Any CPU
		{252AD129-8028-4029-91CA-7382D7D661C8}.Release|x86.Build.0 = Release|Any CPU
		{323B0963-9DEC-4B36-9552-B5BEDE8FF375}.Ad-Hoc|Any CPU.ActiveCfg = Debug|Any CPU
		{323B0963-9DEC-4B36-9552-B5BEDE8FF375}.Ad-Hoc|Any CPU.Build.0 = Debug|Any CPU
		{323B0963-9DEC-4B36-9552-B5BEDE8FF375}.Ad-Hoc|ARM.ActiveCfg = Debug|Any CPU
		{323B0963-9DEC-4B36-9552-B5BEDE8FF375}.Ad-Hoc|ARM.Build.0 = Debug|Any CPU
		{323B0963-9DEC-4B36-9552-B5BEDE8FF375}.Ad-Hoc|iPhone.ActiveCfg = Debug|Any CPU
		{323B0963-9DEC-4B36-9552-B5BEDE8FF375}.Ad-Hoc|iPhone.Build.0 = Debug|Any CPU
		{323B0963-9DEC-4B36-9552-B5BEDE8FF375}.Ad-Hoc|iPhoneSimulator.ActiveCfg = Debug|Any CPU
		{323B0963-9DEC-4B36-9552-B5BEDE8FF375}.Ad-Hoc|iPhoneSimulator.Build.0 = Debug|Any CPU
		{323B0963-9DEC-4B36-9552-B5BEDE8FF375}.Ad-Hoc|x64.ActiveCfg = Debug|Any CPU
		{323B0963-9DEC-4B36-9552-B5BEDE8FF375}.Ad-Hoc|x64.Build.0 = Debug|Any CPU
		{323B0963-9DEC-4B36-9552-B5BEDE8FF375}.Ad-Hoc|x86.ActiveCfg = Debug|Any CPU
		{323B0963-9DEC-4B36-9552-B5BEDE8FF375}.Ad-Hoc|x86.Build.0 = Debug|Any CPU
		{323B0963-9DEC-4B36-9552-B5BEDE8FF375}.AppStore|Any CPU.ActiveCfg = Debug|Any CPU
		{323B0963-9DEC-4B36-9552-B5BEDE8FF375}.AppStore|Any CPU.Build.0 = Debug|Any CPU
		{323B0963-9DEC-4B36-9552-B5BEDE8FF375}.AppStore|ARM.ActiveCfg = Debug|Any CPU
		{323B0963-9DEC-4B36-9552-B5BEDE8FF375}.AppStore|ARM.Build.0 = Debug|Any CPU
		{323B0963-9DEC-4B36-9552-B5BEDE8FF375}.AppStore|iPhone.ActiveCfg = Debug|Any CPU
		{323B0963-9DEC-4B36-9552-B5BEDE8FF375}.AppStore|iPhone.Build.0 = Debug|Any CPU
		{323B0963-9DEC-4B36-9552-B5BEDE8FF375}.AppStore|iPhoneSimulator.ActiveCfg = Debug|Any CPU
		{323B0963-9DEC-4B36-9552-B5BEDE8FF375}.AppStore|iPhoneSimulator.Build.0 = Debug|Any CPU
		{323B0963-9DEC-4B36-9552-B5BEDE8FF375}.AppStore|x64.ActiveCfg = Debug|Any CPU
		{323B0963-9DEC-4B36-9552-B5BEDE8FF375}.AppStore|x64.Build.0 = Debug|Any CPU
		{323B0963-9DEC-4B36-9552-B5BEDE8FF375}.AppStore|x86.ActiveCfg = Debug|Any CPU
		{323B0963-9DEC-4B36-9552-B5BEDE8FF375}.AppStore|x86.Build.0 = Debug|Any CPU
		{323B0963-9DEC-4B36-9552-B5BEDE8FF375}.Debug|Any CPU.ActiveCfg = Debug|Any CPU
		{323B0963-9DEC-4B36-9552-B5BEDE8FF375}.Debug|Any CPU.Build.0 = Debug|Any CPU
		{323B0963-9DEC-4B36-9552-B5BEDE8FF375}.Debug|ARM.ActiveCfg = Debug|Any CPU
		{323B0963-9DEC-4B36-9552-B5BEDE8FF375}.Debug|ARM.Build.0 = Debug|Any CPU
		{323B0963-9DEC-4B36-9552-B5BEDE8FF375}.Debug|iPhone.ActiveCfg = Debug|Any CPU
		{323B0963-9DEC-4B36-9552-B5BEDE8FF375}.Debug|iPhone.Build.0 = Debug|Any CPU
		{323B0963-9DEC-4B36-9552-B5BEDE8FF375}.Debug|iPhoneSimulator.ActiveCfg = Debug|Any CPU
		{323B0963-9DEC-4B36-9552-B5BEDE8FF375}.Debug|iPhoneSimulator.Build.0 = Debug|Any CPU
		{323B0963-9DEC-4B36-9552-B5BEDE8FF375}.Debug|x64.ActiveCfg = Debug|Any CPU
		{323B0963-9DEC-4B36-9552-B5BEDE8FF375}.Debug|x64.Build.0 = Debug|Any CPU
		{323B0963-9DEC-4B36-9552-B5BEDE8FF375}.Debug|x86.ActiveCfg = Debug|Any CPU
		{323B0963-9DEC-4B36-9552-B5BEDE8FF375}.Debug|x86.Build.0 = Debug|Any CPU
		{323B0963-9DEC-4B36-9552-B5BEDE8FF375}.Release|Any CPU.ActiveCfg = Release|Any CPU
		{323B0963-9DEC-4B36-9552-B5BEDE8FF375}.Release|Any CPU.Build.0 = Release|Any CPU
		{323B0963-9DEC-4B36-9552-B5BEDE8FF375}.Release|ARM.ActiveCfg = Release|Any CPU
		{323B0963-9DEC-4B36-9552-B5BEDE8FF375}.Release|ARM.Build.0 = Release|Any CPU
		{323B0963-9DEC-4B36-9552-B5BEDE8FF375}.Release|iPhone.ActiveCfg = Release|Any CPU
		{323B0963-9DEC-4B36-9552-B5BEDE8FF375}.Release|iPhone.Build.0 = Release|Any CPU
		{323B0963-9DEC-4B36-9552-B5BEDE8FF375}.Release|iPhoneSimulator.ActiveCfg = Release|Any CPU
		{323B0963-9DEC-4B36-9552-B5BEDE8FF375}.Release|iPhoneSimulator.Build.0 = Release|Any CPU
		{323B0963-9DEC-4B36-9552-B5BEDE8FF375}.Release|x64.ActiveCfg = Release|Any CPU
		{323B0963-9DEC-4B36-9552-B5BEDE8FF375}.Release|x64.Build.0 = Release|Any CPU
		{323B0963-9DEC-4B36-9552-B5BEDE8FF375}.Release|x86.ActiveCfg = Release|Any CPU
		{323B0963-9DEC-4B36-9552-B5BEDE8FF375}.Release|x86.Build.0 = Release|Any CPU
		{C116C171-2B6B-4116-B4ED-2CD8DF6B2B4F}.Ad-Hoc|Any CPU.ActiveCfg = Release|Any CPU
		{C116C171-2B6B-4116-B4ED-2CD8DF6B2B4F}.Ad-Hoc|Any CPU.Build.0 = Release|Any CPU
		{C116C171-2B6B-4116-B4ED-2CD8DF6B2B4F}.Ad-Hoc|Any CPU.Deploy.0 = Release|Any CPU
		{C116C171-2B6B-4116-B4ED-2CD8DF6B2B4F}.Ad-Hoc|ARM.ActiveCfg = Release|Any CPU
		{C116C171-2B6B-4116-B4ED-2CD8DF6B2B4F}.Ad-Hoc|ARM.Build.0 = Release|Any CPU
		{C116C171-2B6B-4116-B4ED-2CD8DF6B2B4F}.Ad-Hoc|ARM.Deploy.0 = Release|Any CPU
		{C116C171-2B6B-4116-B4ED-2CD8DF6B2B4F}.Ad-Hoc|iPhone.ActiveCfg = Release|Any CPU
		{C116C171-2B6B-4116-B4ED-2CD8DF6B2B4F}.Ad-Hoc|iPhone.Build.0 = Release|Any CPU
		{C116C171-2B6B-4116-B4ED-2CD8DF6B2B4F}.Ad-Hoc|iPhone.Deploy.0 = Release|Any CPU
		{C116C171-2B6B-4116-B4ED-2CD8DF6B2B4F}.Ad-Hoc|iPhoneSimulator.ActiveCfg = Release|Any CPU
		{C116C171-2B6B-4116-B4ED-2CD8DF6B2B4F}.Ad-Hoc|iPhoneSimulator.Build.0 = Release|Any CPU
		{C116C171-2B6B-4116-B4ED-2CD8DF6B2B4F}.Ad-Hoc|iPhoneSimulator.Deploy.0 = Release|Any CPU
		{C116C171-2B6B-4116-B4ED-2CD8DF6B2B4F}.Ad-Hoc|x64.ActiveCfg = Release|Any CPU
		{C116C171-2B6B-4116-B4ED-2CD8DF6B2B4F}.Ad-Hoc|x64.Build.0 = Release|Any CPU
		{C116C171-2B6B-4116-B4ED-2CD8DF6B2B4F}.Ad-Hoc|x64.Deploy.0 = Release|Any CPU
		{C116C171-2B6B-4116-B4ED-2CD8DF6B2B4F}.Ad-Hoc|x86.ActiveCfg = Release|Any CPU
		{C116C171-2B6B-4116-B4ED-2CD8DF6B2B4F}.Ad-Hoc|x86.Build.0 = Release|Any CPU
		{C116C171-2B6B-4116-B4ED-2CD8DF6B2B4F}.Ad-Hoc|x86.Deploy.0 = Release|Any CPU
		{C116C171-2B6B-4116-B4ED-2CD8DF6B2B4F}.AppStore|Any CPU.ActiveCfg = Release|Any CPU
		{C116C171-2B6B-4116-B4ED-2CD8DF6B2B4F}.AppStore|Any CPU.Build.0 = Release|Any CPU
		{C116C171-2B6B-4116-B4ED-2CD8DF6B2B4F}.AppStore|Any CPU.Deploy.0 = Release|Any CPU
		{C116C171-2B6B-4116-B4ED-2CD8DF6B2B4F}.AppStore|ARM.ActiveCfg = Release|Any CPU
		{C116C171-2B6B-4116-B4ED-2CD8DF6B2B4F}.AppStore|ARM.Build.0 = Release|Any CPU
		{C116C171-2B6B-4116-B4ED-2CD8DF6B2B4F}.AppStore|ARM.Deploy.0 = Release|Any CPU
		{C116C171-2B6B-4116-B4ED-2CD8DF6B2B4F}.AppStore|iPhone.ActiveCfg = Release|Any CPU
		{C116C171-2B6B-4116-B4ED-2CD8DF6B2B4F}.AppStore|iPhone.Build.0 = Release|Any CPU
		{C116C171-2B6B-4116-B4ED-2CD8DF6B2B4F}.AppStore|iPhone.Deploy.0 = Release|Any CPU
		{C116C171-2B6B-4116-B4ED-2CD8DF6B2B4F}.AppStore|iPhoneSimulator.ActiveCfg = Release|Any CPU
		{C116C171-2B6B-4116-B4ED-2CD8DF6B2B4F}.AppStore|iPhoneSimulator.Build.0 = Release|Any CPU
		{C116C171-2B6B-4116-B4ED-2CD8DF6B2B4F}.AppStore|iPhoneSimulator.Deploy.0 = Release|Any CPU
		{C116C171-2B6B-4116-B4ED-2CD8DF6B2B4F}.AppStore|x64.ActiveCfg = Release|Any CPU
		{C116C171-2B6B-4116-B4ED-2CD8DF6B2B4F}.AppStore|x64.Build.0 = Release|Any CPU
		{C116C171-2B6B-4116-B4ED-2CD8DF6B2B4F}.AppStore|x64.Deploy.0 = Release|Any CPU
		{C116C171-2B6B-4116-B4ED-2CD8DF6B2B4F}.AppStore|x86.ActiveCfg = Release|Any CPU
		{C116C171-2B6B-4116-B4ED-2CD8DF6B2B4F}.AppStore|x86.Build.0 = Release|Any CPU
		{C116C171-2B6B-4116-B4ED-2CD8DF6B2B4F}.AppStore|x86.Deploy.0 = Release|Any CPU
		{C116C171-2B6B-4116-B4ED-2CD8DF6B2B4F}.Debug|Any CPU.ActiveCfg = Debug|Any CPU
		{C116C171-2B6B-4116-B4ED-2CD8DF6B2B4F}.Debug|Any CPU.Build.0 = Debug|Any CPU
		{C116C171-2B6B-4116-B4ED-2CD8DF6B2B4F}.Debug|Any CPU.Deploy.0 = Debug|Any CPU
		{C116C171-2B6B-4116-B4ED-2CD8DF6B2B4F}.Debug|ARM.ActiveCfg = Debug|Any CPU
		{C116C171-2B6B-4116-B4ED-2CD8DF6B2B4F}.Debug|ARM.Build.0 = Debug|Any CPU
		{C116C171-2B6B-4116-B4ED-2CD8DF6B2B4F}.Debug|ARM.Deploy.0 = Debug|Any CPU
		{C116C171-2B6B-4116-B4ED-2CD8DF6B2B4F}.Debug|iPhone.ActiveCfg = Debug|Any CPU
		{C116C171-2B6B-4116-B4ED-2CD8DF6B2B4F}.Debug|iPhone.Build.0 = Debug|Any CPU
		{C116C171-2B6B-4116-B4ED-2CD8DF6B2B4F}.Debug|iPhone.Deploy.0 = Debug|Any CPU
		{C116C171-2B6B-4116-B4ED-2CD8DF6B2B4F}.Debug|iPhoneSimulator.ActiveCfg = Debug|Any CPU
		{C116C171-2B6B-4116-B4ED-2CD8DF6B2B4F}.Debug|iPhoneSimulator.Build.0 = Debug|Any CPU
		{C116C171-2B6B-4116-B4ED-2CD8DF6B2B4F}.Debug|iPhoneSimulator.Deploy.0 = Debug|Any CPU
		{C116C171-2B6B-4116-B4ED-2CD8DF6B2B4F}.Debug|x64.ActiveCfg = Debug|Any CPU
		{C116C171-2B6B-4116-B4ED-2CD8DF6B2B4F}.Debug|x64.Build.0 = Debug|Any CPU
		{C116C171-2B6B-4116-B4ED-2CD8DF6B2B4F}.Debug|x64.Deploy.0 = Debug|Any CPU
		{C116C171-2B6B-4116-B4ED-2CD8DF6B2B4F}.Debug|x86.ActiveCfg = Debug|Any CPU
		{C116C171-2B6B-4116-B4ED-2CD8DF6B2B4F}.Debug|x86.Build.0 = Debug|Any CPU
		{C116C171-2B6B-4116-B4ED-2CD8DF6B2B4F}.Debug|x86.Deploy.0 = Debug|Any CPU
		{C116C171-2B6B-4116-B4ED-2CD8DF6B2B4F}.Release|Any CPU.ActiveCfg = Release|Any CPU
		{C116C171-2B6B-4116-B4ED-2CD8DF6B2B4F}.Release|Any CPU.Build.0 = Release|Any CPU
		{C116C171-2B6B-4116-B4ED-2CD8DF6B2B4F}.Release|Any CPU.Deploy.0 = Release|Any CPU
		{C116C171-2B6B-4116-B4ED-2CD8DF6B2B4F}.Release|ARM.ActiveCfg = Release|Any CPU
		{C116C171-2B6B-4116-B4ED-2CD8DF6B2B4F}.Release|ARM.Build.0 = Release|Any CPU
		{C116C171-2B6B-4116-B4ED-2CD8DF6B2B4F}.Release|ARM.Deploy.0 = Release|Any CPU
		{C116C171-2B6B-4116-B4ED-2CD8DF6B2B4F}.Release|iPhone.ActiveCfg = Release|Any CPU
		{C116C171-2B6B-4116-B4ED-2CD8DF6B2B4F}.Release|iPhone.Build.0 = Release|Any CPU
		{C116C171-2B6B-4116-B4ED-2CD8DF6B2B4F}.Release|iPhone.Deploy.0 = Release|Any CPU
		{C116C171-2B6B-4116-B4ED-2CD8DF6B2B4F}.Release|iPhoneSimulator.ActiveCfg = Release|Any CPU
		{C116C171-2B6B-4116-B4ED-2CD8DF6B2B4F}.Release|iPhoneSimulator.Build.0 = Release|Any CPU
		{C116C171-2B6B-4116-B4ED-2CD8DF6B2B4F}.Release|iPhoneSimulator.Deploy.0 = Release|Any CPU
		{C116C171-2B6B-4116-B4ED-2CD8DF6B2B4F}.Release|x64.ActiveCfg = Release|Any CPU
		{C116C171-2B6B-4116-B4ED-2CD8DF6B2B4F}.Release|x64.Build.0 = Release|Any CPU
		{C116C171-2B6B-4116-B4ED-2CD8DF6B2B4F}.Release|x64.Deploy.0 = Release|Any CPU
		{C116C171-2B6B-4116-B4ED-2CD8DF6B2B4F}.Release|x86.ActiveCfg = Release|Any CPU
		{C116C171-2B6B-4116-B4ED-2CD8DF6B2B4F}.Release|x86.Build.0 = Release|Any CPU
		{C116C171-2B6B-4116-B4ED-2CD8DF6B2B4F}.Release|x86.Deploy.0 = Release|Any CPU
		{6B2E7DB6-8C6B-4F76-BCCF-12A58E93000C}.Ad-Hoc|Any CPU.ActiveCfg = Ad-Hoc|iPhone
		{6B2E7DB6-8C6B-4F76-BCCF-12A58E93000C}.Ad-Hoc|ARM.ActiveCfg = Ad-Hoc|iPhone
		{6B2E7DB6-8C6B-4F76-BCCF-12A58E93000C}.Ad-Hoc|iPhone.ActiveCfg = Ad-Hoc|iPhone
		{6B2E7DB6-8C6B-4F76-BCCF-12A58E93000C}.Ad-Hoc|iPhone.Build.0 = Ad-Hoc|iPhone
		{6B2E7DB6-8C6B-4F76-BCCF-12A58E93000C}.Ad-Hoc|iPhoneSimulator.ActiveCfg = Ad-Hoc|iPhoneSimulator
		{6B2E7DB6-8C6B-4F76-BCCF-12A58E93000C}.Ad-Hoc|iPhoneSimulator.Build.0 = Ad-Hoc|iPhoneSimulator
		{6B2E7DB6-8C6B-4F76-BCCF-12A58E93000C}.Ad-Hoc|x64.ActiveCfg = Ad-Hoc|iPhone
		{6B2E7DB6-8C6B-4F76-BCCF-12A58E93000C}.Ad-Hoc|x86.ActiveCfg = Ad-Hoc|iPhone
		{6B2E7DB6-8C6B-4F76-BCCF-12A58E93000C}.AppStore|Any CPU.ActiveCfg = AppStore|iPhone
		{6B2E7DB6-8C6B-4F76-BCCF-12A58E93000C}.AppStore|ARM.ActiveCfg = AppStore|iPhone
		{6B2E7DB6-8C6B-4F76-BCCF-12A58E93000C}.AppStore|iPhone.ActiveCfg = AppStore|iPhone
		{6B2E7DB6-8C6B-4F76-BCCF-12A58E93000C}.AppStore|iPhone.Build.0 = AppStore|iPhone
		{6B2E7DB6-8C6B-4F76-BCCF-12A58E93000C}.AppStore|iPhoneSimulator.ActiveCfg = AppStore|iPhoneSimulator
		{6B2E7DB6-8C6B-4F76-BCCF-12A58E93000C}.AppStore|iPhoneSimulator.Build.0 = AppStore|iPhoneSimulator
		{6B2E7DB6-8C6B-4F76-BCCF-12A58E93000C}.AppStore|x64.ActiveCfg = AppStore|iPhone
		{6B2E7DB6-8C6B-4F76-BCCF-12A58E93000C}.AppStore|x86.ActiveCfg = AppStore|iPhone
		{6B2E7DB6-8C6B-4F76-BCCF-12A58E93000C}.Debug|Any CPU.ActiveCfg = Debug|iPhone
		{6B2E7DB6-8C6B-4F76-BCCF-12A58E93000C}.Debug|ARM.ActiveCfg = Debug|iPhone
		{6B2E7DB6-8C6B-4F76-BCCF-12A58E93000C}.Debug|iPhone.ActiveCfg = Debug|iPhone
		{6B2E7DB6-8C6B-4F76-BCCF-12A58E93000C}.Debug|iPhone.Build.0 = Debug|iPhone
		{6B2E7DB6-8C6B-4F76-BCCF-12A58E93000C}.Debug|iPhoneSimulator.ActiveCfg = Debug|iPhoneSimulator
		{6B2E7DB6-8C6B-4F76-BCCF-12A58E93000C}.Debug|iPhoneSimulator.Build.0 = Debug|iPhoneSimulator
		{6B2E7DB6-8C6B-4F76-BCCF-12A58E93000C}.Debug|x64.ActiveCfg = Debug|iPhone
		{6B2E7DB6-8C6B-4F76-BCCF-12A58E93000C}.Debug|x86.ActiveCfg = Debug|iPhone
		{6B2E7DB6-8C6B-4F76-BCCF-12A58E93000C}.Release|Any CPU.ActiveCfg = Release|iPhone
		{6B2E7DB6-8C6B-4F76-BCCF-12A58E93000C}.Release|ARM.ActiveCfg = Release|iPhone
		{6B2E7DB6-8C6B-4F76-BCCF-12A58E93000C}.Release|iPhone.ActiveCfg = Release|iPhone
		{6B2E7DB6-8C6B-4F76-BCCF-12A58E93000C}.Release|iPhone.Build.0 = Release|iPhone
		{6B2E7DB6-8C6B-4F76-BCCF-12A58E93000C}.Release|iPhoneSimulator.ActiveCfg = Release|iPhoneSimulator
		{6B2E7DB6-8C6B-4F76-BCCF-12A58E93000C}.Release|iPhoneSimulator.Build.0 = Release|iPhoneSimulator
		{6B2E7DB6-8C6B-4F76-BCCF-12A58E93000C}.Release|x64.ActiveCfg = Release|iPhone
		{6B2E7DB6-8C6B-4F76-BCCF-12A58E93000C}.Release|x86.ActiveCfg = Release|iPhone
		{0A2E375D-7E3E-496C-884C-8155A5FAB8FD}.Ad-Hoc|Any CPU.ActiveCfg = Release|x86
		{0A2E375D-7E3E-496C-884C-8155A5FAB8FD}.Ad-Hoc|Any CPU.Build.0 = Release|x86
		{0A2E375D-7E3E-496C-884C-8155A5FAB8FD}.Ad-Hoc|Any CPU.Deploy.0 = Release|x86
		{0A2E375D-7E3E-496C-884C-8155A5FAB8FD}.Ad-Hoc|ARM.ActiveCfg = Release|ARM
		{0A2E375D-7E3E-496C-884C-8155A5FAB8FD}.Ad-Hoc|ARM.Build.0 = Release|ARM
		{0A2E375D-7E3E-496C-884C-8155A5FAB8FD}.Ad-Hoc|ARM.Deploy.0 = Release|ARM
		{0A2E375D-7E3E-496C-884C-8155A5FAB8FD}.Ad-Hoc|iPhone.ActiveCfg = Release|x86
		{0A2E375D-7E3E-496C-884C-8155A5FAB8FD}.Ad-Hoc|iPhone.Build.0 = Release|x86
		{0A2E375D-7E3E-496C-884C-8155A5FAB8FD}.Ad-Hoc|iPhone.Deploy.0 = Release|x86
		{0A2E375D-7E3E-496C-884C-8155A5FAB8FD}.Ad-Hoc|iPhoneSimulator.ActiveCfg = Release|x86
		{0A2E375D-7E3E-496C-884C-8155A5FAB8FD}.Ad-Hoc|iPhoneSimulator.Build.0 = Release|x86
		{0A2E375D-7E3E-496C-884C-8155A5FAB8FD}.Ad-Hoc|iPhoneSimulator.Deploy.0 = Release|x86
		{0A2E375D-7E3E-496C-884C-8155A5FAB8FD}.Ad-Hoc|x64.ActiveCfg = Release|x64
		{0A2E375D-7E3E-496C-884C-8155A5FAB8FD}.Ad-Hoc|x64.Build.0 = Release|x64
		{0A2E375D-7E3E-496C-884C-8155A5FAB8FD}.Ad-Hoc|x64.Deploy.0 = Release|x64
		{0A2E375D-7E3E-496C-884C-8155A5FAB8FD}.Ad-Hoc|x86.ActiveCfg = Release|x86
		{0A2E375D-7E3E-496C-884C-8155A5FAB8FD}.Ad-Hoc|x86.Build.0 = Release|x86
		{0A2E375D-7E3E-496C-884C-8155A5FAB8FD}.Ad-Hoc|x86.Deploy.0 = Release|x86
		{0A2E375D-7E3E-496C-884C-8155A5FAB8FD}.AppStore|Any CPU.ActiveCfg = Release|x86
		{0A2E375D-7E3E-496C-884C-8155A5FAB8FD}.AppStore|Any CPU.Build.0 = Release|x86
		{0A2E375D-7E3E-496C-884C-8155A5FAB8FD}.AppStore|Any CPU.Deploy.0 = Release|x86
		{0A2E375D-7E3E-496C-884C-8155A5FAB8FD}.AppStore|ARM.ActiveCfg = Release|ARM
		{0A2E375D-7E3E-496C-884C-8155A5FAB8FD}.AppStore|ARM.Build.0 = Release|ARM
		{0A2E375D-7E3E-496C-884C-8155A5FAB8FD}.AppStore|ARM.Deploy.0 = Release|ARM
		{0A2E375D-7E3E-496C-884C-8155A5FAB8FD}.AppStore|iPhone.ActiveCfg = Release|x86
		{0A2E375D-7E3E-496C-884C-8155A5FAB8FD}.AppStore|iPhone.Build.0 = Release|x86
		{0A2E375D-7E3E-496C-884C-8155A5FAB8FD}.AppStore|iPhone.Deploy.0 = Release|x86
		{0A2E375D-7E3E-496C-884C-8155A5FAB8FD}.AppStore|iPhoneSimulator.ActiveCfg = Release|x86
		{0A2E375D-7E3E-496C-884C-8155A5FAB8FD}.AppStore|iPhoneSimulator.Build.0 = Release|x86
		{0A2E375D-7E3E-496C-884C-8155A5FAB8FD}.AppStore|iPhoneSimulator.Deploy.0 = Release|x86
		{0A2E375D-7E3E-496C-884C-8155A5FAB8FD}.AppStore|x64.ActiveCfg = Release|x64
		{0A2E375D-7E3E-496C-884C-8155A5FAB8FD}.AppStore|x64.Build.0 = Release|x64
		{0A2E375D-7E3E-496C-884C-8155A5FAB8FD}.AppStore|x64.Deploy.0 = Release|x64
		{0A2E375D-7E3E-496C-884C-8155A5FAB8FD}.AppStore|x86.ActiveCfg = Release|x86
		{0A2E375D-7E3E-496C-884C-8155A5FAB8FD}.AppStore|x86.Build.0 = Release|x86
		{0A2E375D-7E3E-496C-884C-8155A5FAB8FD}.AppStore|x86.Deploy.0 = Release|x86
		{0A2E375D-7E3E-496C-884C-8155A5FAB8FD}.Debug|Any CPU.ActiveCfg = Debug|x86
		{0A2E375D-7E3E-496C-884C-8155A5FAB8FD}.Debug|ARM.ActiveCfg = Debug|ARM
		{0A2E375D-7E3E-496C-884C-8155A5FAB8FD}.Debug|ARM.Build.0 = Debug|ARM
		{0A2E375D-7E3E-496C-884C-8155A5FAB8FD}.Debug|ARM.Deploy.0 = Debug|ARM
		{0A2E375D-7E3E-496C-884C-8155A5FAB8FD}.Debug|iPhone.ActiveCfg = Debug|x86
		{0A2E375D-7E3E-496C-884C-8155A5FAB8FD}.Debug|iPhoneSimulator.ActiveCfg = Debug|x86
		{0A2E375D-7E3E-496C-884C-8155A5FAB8FD}.Debug|x64.ActiveCfg = Debug|x64
		{0A2E375D-7E3E-496C-884C-8155A5FAB8FD}.Debug|x64.Build.0 = Debug|x64
		{0A2E375D-7E3E-496C-884C-8155A5FAB8FD}.Debug|x64.Deploy.0 = Debug|x64
		{0A2E375D-7E3E-496C-884C-8155A5FAB8FD}.Debug|x86.ActiveCfg = Debug|x86
		{0A2E375D-7E3E-496C-884C-8155A5FAB8FD}.Debug|x86.Build.0 = Debug|x86
		{0A2E375D-7E3E-496C-884C-8155A5FAB8FD}.Debug|x86.Deploy.0 = Debug|x86
		{0A2E375D-7E3E-496C-884C-8155A5FAB8FD}.Release|Any CPU.ActiveCfg = Release|x86
		{0A2E375D-7E3E-496C-884C-8155A5FAB8FD}.Release|ARM.ActiveCfg = Release|ARM
		{0A2E375D-7E3E-496C-884C-8155A5FAB8FD}.Release|ARM.Build.0 = Release|ARM
		{0A2E375D-7E3E-496C-884C-8155A5FAB8FD}.Release|ARM.Deploy.0 = Release|ARM
		{0A2E375D-7E3E-496C-884C-8155A5FAB8FD}.Release|iPhone.ActiveCfg = Release|x86
		{0A2E375D-7E3E-496C-884C-8155A5FAB8FD}.Release|iPhoneSimulator.ActiveCfg = Release|x86
		{0A2E375D-7E3E-496C-884C-8155A5FAB8FD}.Release|x64.ActiveCfg = Release|x64
		{0A2E375D-7E3E-496C-884C-8155A5FAB8FD}.Release|x64.Build.0 = Release|x64
		{0A2E375D-7E3E-496C-884C-8155A5FAB8FD}.Release|x64.Deploy.0 = Release|x64
		{0A2E375D-7E3E-496C-884C-8155A5FAB8FD}.Release|x86.ActiveCfg = Release|x86
		{0A2E375D-7E3E-496C-884C-8155A5FAB8FD}.Release|x86.Build.0 = Release|x86
		{0A2E375D-7E3E-496C-884C-8155A5FAB8FD}.Release|x86.Deploy.0 = Release|x86
		{B89E455F-3193-453F-8679-6302ADAD931C}.Ad-Hoc|Any CPU.ActiveCfg = Debug|Any CPU
		{B89E455F-3193-453F-8679-6302ADAD931C}.Ad-Hoc|Any CPU.Build.0 = Debug|Any CPU
		{B89E455F-3193-453F-8679-6302ADAD931C}.Ad-Hoc|ARM.ActiveCfg = Debug|Any CPU
		{B89E455F-3193-453F-8679-6302ADAD931C}.Ad-Hoc|ARM.Build.0 = Debug|Any CPU
		{B89E455F-3193-453F-8679-6302ADAD931C}.Ad-Hoc|iPhone.ActiveCfg = Debug|Any CPU
		{B89E455F-3193-453F-8679-6302ADAD931C}.Ad-Hoc|iPhone.Build.0 = Debug|Any CPU
		{B89E455F-3193-453F-8679-6302ADAD931C}.Ad-Hoc|iPhoneSimulator.ActiveCfg = Debug|Any CPU
		{B89E455F-3193-453F-8679-6302ADAD931C}.Ad-Hoc|iPhoneSimulator.Build.0 = Debug|Any CPU
		{B89E455F-3193-453F-8679-6302ADAD931C}.Ad-Hoc|x64.ActiveCfg = Debug|Any CPU
		{B89E455F-3193-453F-8679-6302ADAD931C}.Ad-Hoc|x64.Build.0 = Debug|Any CPU
		{B89E455F-3193-453F-8679-6302ADAD931C}.Ad-Hoc|x86.ActiveCfg = Debug|Any CPU
		{B89E455F-3193-453F-8679-6302ADAD931C}.Ad-Hoc|x86.Build.0 = Debug|Any CPU
		{B89E455F-3193-453F-8679-6302ADAD931C}.AppStore|Any CPU.ActiveCfg = Debug|Any CPU
		{B89E455F-3193-453F-8679-6302ADAD931C}.AppStore|Any CPU.Build.0 = Debug|Any CPU
		{B89E455F-3193-453F-8679-6302ADAD931C}.AppStore|ARM.ActiveCfg = Debug|Any CPU
		{B89E455F-3193-453F-8679-6302ADAD931C}.AppStore|ARM.Build.0 = Debug|Any CPU
		{B89E455F-3193-453F-8679-6302ADAD931C}.AppStore|iPhone.ActiveCfg = Debug|Any CPU
		{B89E455F-3193-453F-8679-6302ADAD931C}.AppStore|iPhone.Build.0 = Debug|Any CPU
		{B89E455F-3193-453F-8679-6302ADAD931C}.AppStore|iPhoneSimulator.ActiveCfg = Debug|Any CPU
		{B89E455F-3193-453F-8679-6302ADAD931C}.AppStore|iPhoneSimulator.Build.0 = Debug|Any CPU
		{B89E455F-3193-453F-8679-6302ADAD931C}.AppStore|x64.ActiveCfg = Debug|Any CPU
		{B89E455F-3193-453F-8679-6302ADAD931C}.AppStore|x64.Build.0 = Debug|Any CPU
		{B89E455F-3193-453F-8679-6302ADAD931C}.AppStore|x86.ActiveCfg = Debug|Any CPU
		{B89E455F-3193-453F-8679-6302ADAD931C}.AppStore|x86.Build.0 = Debug|Any CPU
		{B89E455F-3193-453F-8679-6302ADAD931C}.Debug|Any CPU.ActiveCfg = Debug|Any CPU
		{B89E455F-3193-453F-8679-6302ADAD931C}.Debug|Any CPU.Build.0 = Debug|Any CPU
		{B89E455F-3193-453F-8679-6302ADAD931C}.Debug|ARM.ActiveCfg = Debug|Any CPU
		{B89E455F-3193-453F-8679-6302ADAD931C}.Debug|ARM.Build.0 = Debug|Any CPU
		{B89E455F-3193-453F-8679-6302ADAD931C}.Debug|iPhone.ActiveCfg = Debug|Any CPU
		{B89E455F-3193-453F-8679-6302ADAD931C}.Debug|iPhone.Build.0 = Debug|Any CPU
		{B89E455F-3193-453F-8679-6302ADAD931C}.Debug|iPhoneSimulator.ActiveCfg = Debug|Any CPU
		{B89E455F-3193-453F-8679-6302ADAD931C}.Debug|iPhoneSimulator.Build.0 = Debug|Any CPU
		{B89E455F-3193-453F-8679-6302ADAD931C}.Debug|x64.ActiveCfg = Debug|Any CPU
		{B89E455F-3193-453F-8679-6302ADAD931C}.Debug|x64.Build.0 = Debug|Any CPU
		{B89E455F-3193-453F-8679-6302ADAD931C}.Debug|x86.ActiveCfg = Debug|Any CPU
		{B89E455F-3193-453F-8679-6302ADAD931C}.Debug|x86.Build.0 = Debug|Any CPU
		{B89E455F-3193-453F-8679-6302ADAD931C}.Release|Any CPU.ActiveCfg = Release|Any CPU
		{B89E455F-3193-453F-8679-6302ADAD931C}.Release|Any CPU.Build.0 = Release|Any CPU
		{B89E455F-3193-453F-8679-6302ADAD931C}.Release|ARM.ActiveCfg = Release|Any CPU
		{B89E455F-3193-453F-8679-6302ADAD931C}.Release|ARM.Build.0 = Release|Any CPU
		{B89E455F-3193-453F-8679-6302ADAD931C}.Release|iPhone.ActiveCfg = Release|Any CPU
		{B89E455F-3193-453F-8679-6302ADAD931C}.Release|iPhone.Build.0 = Release|Any CPU
		{B89E455F-3193-453F-8679-6302ADAD931C}.Release|iPhoneSimulator.ActiveCfg = Release|Any CPU
		{B89E455F-3193-453F-8679-6302ADAD931C}.Release|iPhoneSimulator.Build.0 = Release|Any CPU
		{B89E455F-3193-453F-8679-6302ADAD931C}.Release|x64.ActiveCfg = Release|Any CPU
		{B89E455F-3193-453F-8679-6302ADAD931C}.Release|x64.Build.0 = Release|Any CPU
		{B89E455F-3193-453F-8679-6302ADAD931C}.Release|x86.ActiveCfg = Release|Any CPU
		{B89E455F-3193-453F-8679-6302ADAD931C}.Release|x86.Build.0 = Release|Any CPU
		{6C8C2B6C-B2C4-4347-ADB9-8A1BDA272ED9}.Ad-Hoc|Any CPU.ActiveCfg = Release|Any CPU
		{6C8C2B6C-B2C4-4347-ADB9-8A1BDA272ED9}.Ad-Hoc|Any CPU.Build.0 = Release|Any CPU
		{6C8C2B6C-B2C4-4347-ADB9-8A1BDA272ED9}.Ad-Hoc|Any CPU.Deploy.0 = Release|Any CPU
		{6C8C2B6C-B2C4-4347-ADB9-8A1BDA272ED9}.Ad-Hoc|ARM.ActiveCfg = Release|Any CPU
		{6C8C2B6C-B2C4-4347-ADB9-8A1BDA272ED9}.Ad-Hoc|ARM.Build.0 = Release|Any CPU
		{6C8C2B6C-B2C4-4347-ADB9-8A1BDA272ED9}.Ad-Hoc|ARM.Deploy.0 = Release|Any CPU
		{6C8C2B6C-B2C4-4347-ADB9-8A1BDA272ED9}.Ad-Hoc|iPhone.ActiveCfg = Release|Any CPU
		{6C8C2B6C-B2C4-4347-ADB9-8A1BDA272ED9}.Ad-Hoc|iPhone.Build.0 = Release|Any CPU
		{6C8C2B6C-B2C4-4347-ADB9-8A1BDA272ED9}.Ad-Hoc|iPhone.Deploy.0 = Release|Any CPU
		{6C8C2B6C-B2C4-4347-ADB9-8A1BDA272ED9}.Ad-Hoc|iPhoneSimulator.ActiveCfg = Release|Any CPU
		{6C8C2B6C-B2C4-4347-ADB9-8A1BDA272ED9}.Ad-Hoc|iPhoneSimulator.Build.0 = Release|Any CPU
		{6C8C2B6C-B2C4-4347-ADB9-8A1BDA272ED9}.Ad-Hoc|iPhoneSimulator.Deploy.0 = Release|Any CPU
		{6C8C2B6C-B2C4-4347-ADB9-8A1BDA272ED9}.Ad-Hoc|x64.ActiveCfg = Release|Any CPU
		{6C8C2B6C-B2C4-4347-ADB9-8A1BDA272ED9}.Ad-Hoc|x64.Build.0 = Release|Any CPU
		{6C8C2B6C-B2C4-4347-ADB9-8A1BDA272ED9}.Ad-Hoc|x64.Deploy.0 = Release|Any CPU
		{6C8C2B6C-B2C4-4347-ADB9-8A1BDA272ED9}.Ad-Hoc|x86.ActiveCfg = Release|Any CPU
		{6C8C2B6C-B2C4-4347-ADB9-8A1BDA272ED9}.Ad-Hoc|x86.Build.0 = Release|Any CPU
		{6C8C2B6C-B2C4-4347-ADB9-8A1BDA272ED9}.Ad-Hoc|x86.Deploy.0 = Release|Any CPU
		{6C8C2B6C-B2C4-4347-ADB9-8A1BDA272ED9}.AppStore|Any CPU.ActiveCfg = Release|Any CPU
		{6C8C2B6C-B2C4-4347-ADB9-8A1BDA272ED9}.AppStore|Any CPU.Build.0 = Release|Any CPU
		{6C8C2B6C-B2C4-4347-ADB9-8A1BDA272ED9}.AppStore|Any CPU.Deploy.0 = Release|Any CPU
		{6C8C2B6C-B2C4-4347-ADB9-8A1BDA272ED9}.AppStore|ARM.ActiveCfg = Release|Any CPU
		{6C8C2B6C-B2C4-4347-ADB9-8A1BDA272ED9}.AppStore|ARM.Build.0 = Release|Any CPU
		{6C8C2B6C-B2C4-4347-ADB9-8A1BDA272ED9}.AppStore|ARM.Deploy.0 = Release|Any CPU
		{6C8C2B6C-B2C4-4347-ADB9-8A1BDA272ED9}.AppStore|iPhone.ActiveCfg = Release|Any CPU
		{6C8C2B6C-B2C4-4347-ADB9-8A1BDA272ED9}.AppStore|iPhone.Build.0 = Release|Any CPU
		{6C8C2B6C-B2C4-4347-ADB9-8A1BDA272ED9}.AppStore|iPhone.Deploy.0 = Release|Any CPU
		{6C8C2B6C-B2C4-4347-ADB9-8A1BDA272ED9}.AppStore|iPhoneSimulator.ActiveCfg = Release|Any CPU
		{6C8C2B6C-B2C4-4347-ADB9-8A1BDA272ED9}.AppStore|iPhoneSimulator.Build.0 = Release|Any CPU
		{6C8C2B6C-B2C4-4347-ADB9-8A1BDA272ED9}.AppStore|iPhoneSimulator.Deploy.0 = Release|Any CPU
		{6C8C2B6C-B2C4-4347-ADB9-8A1BDA272ED9}.AppStore|x64.ActiveCfg = Release|Any CPU
		{6C8C2B6C-B2C4-4347-ADB9-8A1BDA272ED9}.AppStore|x64.Build.0 = Release|Any CPU
		{6C8C2B6C-B2C4-4347-ADB9-8A1BDA272ED9}.AppStore|x64.Deploy.0 = Release|Any CPU
		{6C8C2B6C-B2C4-4347-ADB9-8A1BDA272ED9}.AppStore|x86.ActiveCfg = Release|Any CPU
		{6C8C2B6C-B2C4-4347-ADB9-8A1BDA272ED9}.AppStore|x86.Build.0 = Release|Any CPU
		{6C8C2B6C-B2C4-4347-ADB9-8A1BDA272ED9}.AppStore|x86.Deploy.0 = Release|Any CPU
		{6C8C2B6C-B2C4-4347-ADB9-8A1BDA272ED9}.Debug|Any CPU.ActiveCfg = Debug|Any CPU
		{6C8C2B6C-B2C4-4347-ADB9-8A1BDA272ED9}.Debug|Any CPU.Build.0 = Debug|Any CPU
		{6C8C2B6C-B2C4-4347-ADB9-8A1BDA272ED9}.Debug|Any CPU.Deploy.0 = Debug|Any CPU
		{6C8C2B6C-B2C4-4347-ADB9-8A1BDA272ED9}.Debug|ARM.ActiveCfg = Debug|Any CPU
		{6C8C2B6C-B2C4-4347-ADB9-8A1BDA272ED9}.Debug|ARM.Build.0 = Debug|Any CPU
		{6C8C2B6C-B2C4-4347-ADB9-8A1BDA272ED9}.Debug|ARM.Deploy.0 = Debug|Any CPU
		{6C8C2B6C-B2C4-4347-ADB9-8A1BDA272ED9}.Debug|iPhone.ActiveCfg = Debug|Any CPU
		{6C8C2B6C-B2C4-4347-ADB9-8A1BDA272ED9}.Debug|iPhone.Build.0 = Debug|Any CPU
		{6C8C2B6C-B2C4-4347-ADB9-8A1BDA272ED9}.Debug|iPhone.Deploy.0 = Debug|Any CPU
		{6C8C2B6C-B2C4-4347-ADB9-8A1BDA272ED9}.Debug|iPhoneSimulator.ActiveCfg = Debug|Any CPU
		{6C8C2B6C-B2C4-4347-ADB9-8A1BDA272ED9}.Debug|iPhoneSimulator.Build.0 = Debug|Any CPU
		{6C8C2B6C-B2C4-4347-ADB9-8A1BDA272ED9}.Debug|iPhoneSimulator.Deploy.0 = Debug|Any CPU
		{6C8C2B6C-B2C4-4347-ADB9-8A1BDA272ED9}.Debug|x64.ActiveCfg = Debug|Any CPU
		{6C8C2B6C-B2C4-4347-ADB9-8A1BDA272ED9}.Debug|x64.Build.0 = Debug|Any CPU
		{6C8C2B6C-B2C4-4347-ADB9-8A1BDA272ED9}.Debug|x64.Deploy.0 = Debug|Any CPU
		{6C8C2B6C-B2C4-4347-ADB9-8A1BDA272ED9}.Debug|x86.ActiveCfg = Debug|Any CPU
		{6C8C2B6C-B2C4-4347-ADB9-8A1BDA272ED9}.Debug|x86.Build.0 = Debug|Any CPU
		{6C8C2B6C-B2C4-4347-ADB9-8A1BDA272ED9}.Debug|x86.Deploy.0 = Debug|Any CPU
		{6C8C2B6C-B2C4-4347-ADB9-8A1BDA272ED9}.Release|Any CPU.ActiveCfg = Release|Any CPU
		{6C8C2B6C-B2C4-4347-ADB9-8A1BDA272ED9}.Release|Any CPU.Build.0 = Release|Any CPU
		{6C8C2B6C-B2C4-4347-ADB9-8A1BDA272ED9}.Release|Any CPU.Deploy.0 = Release|Any CPU
		{6C8C2B6C-B2C4-4347-ADB9-8A1BDA272ED9}.Release|ARM.ActiveCfg = Release|Any CPU
		{6C8C2B6C-B2C4-4347-ADB9-8A1BDA272ED9}.Release|ARM.Build.0 = Release|Any CPU
		{6C8C2B6C-B2C4-4347-ADB9-8A1BDA272ED9}.Release|ARM.Deploy.0 = Release|Any CPU
		{6C8C2B6C-B2C4-4347-ADB9-8A1BDA272ED9}.Release|iPhone.ActiveCfg = Release|Any CPU
		{6C8C2B6C-B2C4-4347-ADB9-8A1BDA272ED9}.Release|iPhone.Build.0 = Release|Any CPU
		{6C8C2B6C-B2C4-4347-ADB9-8A1BDA272ED9}.Release|iPhone.Deploy.0 = Release|Any CPU
		{6C8C2B6C-B2C4-4347-ADB9-8A1BDA272ED9}.Release|iPhoneSimulator.ActiveCfg = Release|Any CPU
		{6C8C2B6C-B2C4-4347-ADB9-8A1BDA272ED9}.Release|iPhoneSimulator.Build.0 = Release|Any CPU
		{6C8C2B6C-B2C4-4347-ADB9-8A1BDA272ED9}.Release|iPhoneSimulator.Deploy.0 = Release|Any CPU
		{6C8C2B6C-B2C4-4347-ADB9-8A1BDA272ED9}.Release|x64.ActiveCfg = Release|Any CPU
		{6C8C2B6C-B2C4-4347-ADB9-8A1BDA272ED9}.Release|x64.Build.0 = Release|Any CPU
		{6C8C2B6C-B2C4-4347-ADB9-8A1BDA272ED9}.Release|x64.Deploy.0 = Release|Any CPU
		{6C8C2B6C-B2C4-4347-ADB9-8A1BDA272ED9}.Release|x86.ActiveCfg = Release|Any CPU
		{6C8C2B6C-B2C4-4347-ADB9-8A1BDA272ED9}.Release|x86.Build.0 = Release|Any CPU
		{6C8C2B6C-B2C4-4347-ADB9-8A1BDA272ED9}.Release|x86.Deploy.0 = Release|Any CPU
		{B66554CD-69E6-4F82-9614-15F19BA97706}.Ad-Hoc|Any CPU.ActiveCfg = Ad-Hoc|iPhone
		{B66554CD-69E6-4F82-9614-15F19BA97706}.Ad-Hoc|ARM.ActiveCfg = Ad-Hoc|iPhone
		{B66554CD-69E6-4F82-9614-15F19BA97706}.Ad-Hoc|iPhone.ActiveCfg = Ad-Hoc|iPhone
		{B66554CD-69E6-4F82-9614-15F19BA97706}.Ad-Hoc|iPhone.Build.0 = Ad-Hoc|iPhone
		{B66554CD-69E6-4F82-9614-15F19BA97706}.Ad-Hoc|iPhoneSimulator.ActiveCfg = Ad-Hoc|iPhoneSimulator
		{B66554CD-69E6-4F82-9614-15F19BA97706}.Ad-Hoc|iPhoneSimulator.Build.0 = Ad-Hoc|iPhoneSimulator
		{B66554CD-69E6-4F82-9614-15F19BA97706}.Ad-Hoc|x64.ActiveCfg = Ad-Hoc|iPhone
		{B66554CD-69E6-4F82-9614-15F19BA97706}.Ad-Hoc|x86.ActiveCfg = Ad-Hoc|iPhone
		{B66554CD-69E6-4F82-9614-15F19BA97706}.AppStore|Any CPU.ActiveCfg = AppStore|iPhone
		{B66554CD-69E6-4F82-9614-15F19BA97706}.AppStore|ARM.ActiveCfg = AppStore|iPhone
		{B66554CD-69E6-4F82-9614-15F19BA97706}.AppStore|iPhone.ActiveCfg = AppStore|iPhone
		{B66554CD-69E6-4F82-9614-15F19BA97706}.AppStore|iPhone.Build.0 = AppStore|iPhone
		{B66554CD-69E6-4F82-9614-15F19BA97706}.AppStore|iPhoneSimulator.ActiveCfg = AppStore|iPhoneSimulator
		{B66554CD-69E6-4F82-9614-15F19BA97706}.AppStore|iPhoneSimulator.Build.0 = AppStore|iPhoneSimulator
		{B66554CD-69E6-4F82-9614-15F19BA97706}.AppStore|x64.ActiveCfg = AppStore|iPhone
		{B66554CD-69E6-4F82-9614-15F19BA97706}.AppStore|x86.ActiveCfg = AppStore|iPhone
		{B66554CD-69E6-4F82-9614-15F19BA97706}.Debug|Any CPU.ActiveCfg = Debug|iPhone
		{B66554CD-69E6-4F82-9614-15F19BA97706}.Debug|ARM.ActiveCfg = Debug|iPhone
		{B66554CD-69E6-4F82-9614-15F19BA97706}.Debug|iPhone.ActiveCfg = Debug|iPhone
		{B66554CD-69E6-4F82-9614-15F19BA97706}.Debug|iPhone.Build.0 = Debug|iPhone
		{B66554CD-69E6-4F82-9614-15F19BA97706}.Debug|iPhoneSimulator.ActiveCfg = Debug|iPhoneSimulator
		{B66554CD-69E6-4F82-9614-15F19BA97706}.Debug|iPhoneSimulator.Build.0 = Debug|iPhoneSimulator
		{B66554CD-69E6-4F82-9614-15F19BA97706}.Debug|x64.ActiveCfg = Debug|iPhone
		{B66554CD-69E6-4F82-9614-15F19BA97706}.Debug|x86.ActiveCfg = Debug|iPhone
		{B66554CD-69E6-4F82-9614-15F19BA97706}.Release|Any CPU.ActiveCfg = Release|iPhone
		{B66554CD-69E6-4F82-9614-15F19BA97706}.Release|ARM.ActiveCfg = Release|iPhone
		{B66554CD-69E6-4F82-9614-15F19BA97706}.Release|iPhone.ActiveCfg = Release|iPhone
		{B66554CD-69E6-4F82-9614-15F19BA97706}.Release|iPhone.Build.0 = Release|iPhone
		{B66554CD-69E6-4F82-9614-15F19BA97706}.Release|iPhoneSimulator.ActiveCfg = Release|iPhoneSimulator
		{B66554CD-69E6-4F82-9614-15F19BA97706}.Release|iPhoneSimulator.Build.0 = Release|iPhoneSimulator
		{B66554CD-69E6-4F82-9614-15F19BA97706}.Release|x64.ActiveCfg = Release|iPhone
		{B66554CD-69E6-4F82-9614-15F19BA97706}.Release|x86.ActiveCfg = Release|iPhone
		{A165FBEF-05E3-4CEE-B7CC-BCBC09ABC2D6}.Ad-Hoc|Any CPU.ActiveCfg = Release|x86
		{A165FBEF-05E3-4CEE-B7CC-BCBC09ABC2D6}.Ad-Hoc|Any CPU.Build.0 = Release|x86
		{A165FBEF-05E3-4CEE-B7CC-BCBC09ABC2D6}.Ad-Hoc|Any CPU.Deploy.0 = Release|x86
		{A165FBEF-05E3-4CEE-B7CC-BCBC09ABC2D6}.Ad-Hoc|ARM.ActiveCfg = Release|ARM
		{A165FBEF-05E3-4CEE-B7CC-BCBC09ABC2D6}.Ad-Hoc|ARM.Build.0 = Release|ARM
		{A165FBEF-05E3-4CEE-B7CC-BCBC09ABC2D6}.Ad-Hoc|ARM.Deploy.0 = Release|ARM
		{A165FBEF-05E3-4CEE-B7CC-BCBC09ABC2D6}.Ad-Hoc|iPhone.ActiveCfg = Release|x86
		{A165FBEF-05E3-4CEE-B7CC-BCBC09ABC2D6}.Ad-Hoc|iPhone.Build.0 = Release|x86
		{A165FBEF-05E3-4CEE-B7CC-BCBC09ABC2D6}.Ad-Hoc|iPhone.Deploy.0 = Release|x86
		{A165FBEF-05E3-4CEE-B7CC-BCBC09ABC2D6}.Ad-Hoc|iPhoneSimulator.ActiveCfg = Release|x86
		{A165FBEF-05E3-4CEE-B7CC-BCBC09ABC2D6}.Ad-Hoc|iPhoneSimulator.Build.0 = Release|x86
		{A165FBEF-05E3-4CEE-B7CC-BCBC09ABC2D6}.Ad-Hoc|iPhoneSimulator.Deploy.0 = Release|x86
		{A165FBEF-05E3-4CEE-B7CC-BCBC09ABC2D6}.Ad-Hoc|x64.ActiveCfg = Release|x64
		{A165FBEF-05E3-4CEE-B7CC-BCBC09ABC2D6}.Ad-Hoc|x64.Build.0 = Release|x64
		{A165FBEF-05E3-4CEE-B7CC-BCBC09ABC2D6}.Ad-Hoc|x64.Deploy.0 = Release|x64
		{A165FBEF-05E3-4CEE-B7CC-BCBC09ABC2D6}.Ad-Hoc|x86.ActiveCfg = Release|x86
		{A165FBEF-05E3-4CEE-B7CC-BCBC09ABC2D6}.Ad-Hoc|x86.Build.0 = Release|x86
		{A165FBEF-05E3-4CEE-B7CC-BCBC09ABC2D6}.Ad-Hoc|x86.Deploy.0 = Release|x86
		{A165FBEF-05E3-4CEE-B7CC-BCBC09ABC2D6}.AppStore|Any CPU.ActiveCfg = Release|x86
		{A165FBEF-05E3-4CEE-B7CC-BCBC09ABC2D6}.AppStore|Any CPU.Build.0 = Release|x86
		{A165FBEF-05E3-4CEE-B7CC-BCBC09ABC2D6}.AppStore|Any CPU.Deploy.0 = Release|x86
		{A165FBEF-05E3-4CEE-B7CC-BCBC09ABC2D6}.AppStore|ARM.ActiveCfg = Release|ARM
		{A165FBEF-05E3-4CEE-B7CC-BCBC09ABC2D6}.AppStore|ARM.Build.0 = Release|ARM
		{A165FBEF-05E3-4CEE-B7CC-BCBC09ABC2D6}.AppStore|ARM.Deploy.0 = Release|ARM
		{A165FBEF-05E3-4CEE-B7CC-BCBC09ABC2D6}.AppStore|iPhone.ActiveCfg = Release|x86
		{A165FBEF-05E3-4CEE-B7CC-BCBC09ABC2D6}.AppStore|iPhone.Build.0 = Release|x86
		{A165FBEF-05E3-4CEE-B7CC-BCBC09ABC2D6}.AppStore|iPhone.Deploy.0 = Release|x86
		{A165FBEF-05E3-4CEE-B7CC-BCBC09ABC2D6}.AppStore|iPhoneSimulator.ActiveCfg = Release|x86
		{A165FBEF-05E3-4CEE-B7CC-BCBC09ABC2D6}.AppStore|iPhoneSimulator.Build.0 = Release|x86
		{A165FBEF-05E3-4CEE-B7CC-BCBC09ABC2D6}.AppStore|iPhoneSimulator.Deploy.0 = Release|x86
		{A165FBEF-05E3-4CEE-B7CC-BCBC09ABC2D6}.AppStore|x64.ActiveCfg = Release|x64
		{A165FBEF-05E3-4CEE-B7CC-BCBC09ABC2D6}.AppStore|x64.Build.0 = Release|x64
		{A165FBEF-05E3-4CEE-B7CC-BCBC09ABC2D6}.AppStore|x64.Deploy.0 = Release|x64
		{A165FBEF-05E3-4CEE-B7CC-BCBC09ABC2D6}.AppStore|x86.ActiveCfg = Release|x86
		{A165FBEF-05E3-4CEE-B7CC-BCBC09ABC2D6}.AppStore|x86.Build.0 = Release|x86
		{A165FBEF-05E3-4CEE-B7CC-BCBC09ABC2D6}.AppStore|x86.Deploy.0 = Release|x86
		{A165FBEF-05E3-4CEE-B7CC-BCBC09ABC2D6}.Debug|Any CPU.ActiveCfg = Debug|x86
		{A165FBEF-05E3-4CEE-B7CC-BCBC09ABC2D6}.Debug|ARM.ActiveCfg = Debug|ARM
		{A165FBEF-05E3-4CEE-B7CC-BCBC09ABC2D6}.Debug|ARM.Build.0 = Debug|ARM
		{A165FBEF-05E3-4CEE-B7CC-BCBC09ABC2D6}.Debug|ARM.Deploy.0 = Debug|ARM
		{A165FBEF-05E3-4CEE-B7CC-BCBC09ABC2D6}.Debug|iPhone.ActiveCfg = Debug|x86
		{A165FBEF-05E3-4CEE-B7CC-BCBC09ABC2D6}.Debug|iPhoneSimulator.ActiveCfg = Debug|x86
		{A165FBEF-05E3-4CEE-B7CC-BCBC09ABC2D6}.Debug|x64.ActiveCfg = Debug|x64
		{A165FBEF-05E3-4CEE-B7CC-BCBC09ABC2D6}.Debug|x64.Build.0 = Debug|x64
		{A165FBEF-05E3-4CEE-B7CC-BCBC09ABC2D6}.Debug|x64.Deploy.0 = Debug|x64
		{A165FBEF-05E3-4CEE-B7CC-BCBC09ABC2D6}.Debug|x86.ActiveCfg = Debug|x86
		{A165FBEF-05E3-4CEE-B7CC-BCBC09ABC2D6}.Debug|x86.Build.0 = Debug|x86
		{A165FBEF-05E3-4CEE-B7CC-BCBC09ABC2D6}.Debug|x86.Deploy.0 = Debug|x86
		{A165FBEF-05E3-4CEE-B7CC-BCBC09ABC2D6}.Release|Any CPU.ActiveCfg = Release|x86
		{A165FBEF-05E3-4CEE-B7CC-BCBC09ABC2D6}.Release|ARM.ActiveCfg = Release|ARM
		{A165FBEF-05E3-4CEE-B7CC-BCBC09ABC2D6}.Release|ARM.Build.0 = Release|ARM
		{A165FBEF-05E3-4CEE-B7CC-BCBC09ABC2D6}.Release|ARM.Deploy.0 = Release|ARM
		{A165FBEF-05E3-4CEE-B7CC-BCBC09ABC2D6}.Release|iPhone.ActiveCfg = Release|x86
		{A165FBEF-05E3-4CEE-B7CC-BCBC09ABC2D6}.Release|iPhoneSimulator.ActiveCfg = Release|x86
		{A165FBEF-05E3-4CEE-B7CC-BCBC09ABC2D6}.Release|x64.ActiveCfg = Release|x64
		{A165FBEF-05E3-4CEE-B7CC-BCBC09ABC2D6}.Release|x64.Build.0 = Release|x64
		{A165FBEF-05E3-4CEE-B7CC-BCBC09ABC2D6}.Release|x64.Deploy.0 = Release|x64
		{A165FBEF-05E3-4CEE-B7CC-BCBC09ABC2D6}.Release|x86.ActiveCfg = Release|x86
		{A165FBEF-05E3-4CEE-B7CC-BCBC09ABC2D6}.Release|x86.Build.0 = Release|x86
		{A165FBEF-05E3-4CEE-B7CC-BCBC09ABC2D6}.Release|x86.Deploy.0 = Release|x86
		{E71D1B6A-8615-440B-BA35-0FC33ABF5C62}.Ad-Hoc|Any CPU.ActiveCfg = Debug|Any CPU
		{E71D1B6A-8615-440B-BA35-0FC33ABF5C62}.Ad-Hoc|Any CPU.Build.0 = Debug|Any CPU
		{E71D1B6A-8615-440B-BA35-0FC33ABF5C62}.Ad-Hoc|ARM.ActiveCfg = Debug|Any CPU
		{E71D1B6A-8615-440B-BA35-0FC33ABF5C62}.Ad-Hoc|ARM.Build.0 = Debug|Any CPU
		{E71D1B6A-8615-440B-BA35-0FC33ABF5C62}.Ad-Hoc|iPhone.ActiveCfg = Debug|Any CPU
		{E71D1B6A-8615-440B-BA35-0FC33ABF5C62}.Ad-Hoc|iPhone.Build.0 = Debug|Any CPU
		{E71D1B6A-8615-440B-BA35-0FC33ABF5C62}.Ad-Hoc|iPhoneSimulator.ActiveCfg = Debug|Any CPU
		{E71D1B6A-8615-440B-BA35-0FC33ABF5C62}.Ad-Hoc|iPhoneSimulator.Build.0 = Debug|Any CPU
		{E71D1B6A-8615-440B-BA35-0FC33ABF5C62}.Ad-Hoc|x64.ActiveCfg = Debug|Any CPU
		{E71D1B6A-8615-440B-BA35-0FC33ABF5C62}.Ad-Hoc|x64.Build.0 = Debug|Any CPU
		{E71D1B6A-8615-440B-BA35-0FC33ABF5C62}.Ad-Hoc|x86.ActiveCfg = Debug|Any CPU
		{E71D1B6A-8615-440B-BA35-0FC33ABF5C62}.Ad-Hoc|x86.Build.0 = Debug|Any CPU
		{E71D1B6A-8615-440B-BA35-0FC33ABF5C62}.AppStore|Any CPU.ActiveCfg = Debug|Any CPU
		{E71D1B6A-8615-440B-BA35-0FC33ABF5C62}.AppStore|Any CPU.Build.0 = Debug|Any CPU
		{E71D1B6A-8615-440B-BA35-0FC33ABF5C62}.AppStore|ARM.ActiveCfg = Debug|Any CPU
		{E71D1B6A-8615-440B-BA35-0FC33ABF5C62}.AppStore|ARM.Build.0 = Debug|Any CPU
		{E71D1B6A-8615-440B-BA35-0FC33ABF5C62}.AppStore|iPhone.ActiveCfg = Debug|Any CPU
		{E71D1B6A-8615-440B-BA35-0FC33ABF5C62}.AppStore|iPhone.Build.0 = Debug|Any CPU
		{E71D1B6A-8615-440B-BA35-0FC33ABF5C62}.AppStore|iPhoneSimulator.ActiveCfg = Debug|Any CPU
		{E71D1B6A-8615-440B-BA35-0FC33ABF5C62}.AppStore|iPhoneSimulator.Build.0 = Debug|Any CPU
		{E71D1B6A-8615-440B-BA35-0FC33ABF5C62}.AppStore|x64.ActiveCfg = Debug|Any CPU
		{E71D1B6A-8615-440B-BA35-0FC33ABF5C62}.AppStore|x64.Build.0 = Debug|Any CPU
		{E71D1B6A-8615-440B-BA35-0FC33ABF5C62}.AppStore|x86.ActiveCfg = Debug|Any CPU
		{E71D1B6A-8615-440B-BA35-0FC33ABF5C62}.AppStore|x86.Build.0 = Debug|Any CPU
		{E71D1B6A-8615-440B-BA35-0FC33ABF5C62}.Debug|Any CPU.ActiveCfg = Debug|Any CPU
		{E71D1B6A-8615-440B-BA35-0FC33ABF5C62}.Debug|Any CPU.Build.0 = Debug|Any CPU
		{E71D1B6A-8615-440B-BA35-0FC33ABF5C62}.Debug|ARM.ActiveCfg = Debug|Any CPU
		{E71D1B6A-8615-440B-BA35-0FC33ABF5C62}.Debug|ARM.Build.0 = Debug|Any CPU
		{E71D1B6A-8615-440B-BA35-0FC33ABF5C62}.Debug|iPhone.ActiveCfg = Debug|Any CPU
		{E71D1B6A-8615-440B-BA35-0FC33ABF5C62}.Debug|iPhone.Build.0 = Debug|Any CPU
		{E71D1B6A-8615-440B-BA35-0FC33ABF5C62}.Debug|iPhoneSimulator.ActiveCfg = Debug|Any CPU
		{E71D1B6A-8615-440B-BA35-0FC33ABF5C62}.Debug|iPhoneSimulator.Build.0 = Debug|Any CPU
		{E71D1B6A-8615-440B-BA35-0FC33ABF5C62}.Debug|x64.ActiveCfg = Debug|Any CPU
		{E71D1B6A-8615-440B-BA35-0FC33ABF5C62}.Debug|x64.Build.0 = Debug|Any CPU
		{E71D1B6A-8615-440B-BA35-0FC33ABF5C62}.Debug|x86.ActiveCfg = Debug|Any CPU
		{E71D1B6A-8615-440B-BA35-0FC33ABF5C62}.Debug|x86.Build.0 = Debug|Any CPU
		{E71D1B6A-8615-440B-BA35-0FC33ABF5C62}.Release|Any CPU.ActiveCfg = Release|Any CPU
		{E71D1B6A-8615-440B-BA35-0FC33ABF5C62}.Release|Any CPU.Build.0 = Release|Any CPU
		{E71D1B6A-8615-440B-BA35-0FC33ABF5C62}.Release|ARM.ActiveCfg = Release|Any CPU
		{E71D1B6A-8615-440B-BA35-0FC33ABF5C62}.Release|ARM.Build.0 = Release|Any CPU
		{E71D1B6A-8615-440B-BA35-0FC33ABF5C62}.Release|iPhone.ActiveCfg = Release|Any CPU
		{E71D1B6A-8615-440B-BA35-0FC33ABF5C62}.Release|iPhone.Build.0 = Release|Any CPU
		{E71D1B6A-8615-440B-BA35-0FC33ABF5C62}.Release|iPhoneSimulator.ActiveCfg = Release|Any CPU
		{E71D1B6A-8615-440B-BA35-0FC33ABF5C62}.Release|iPhoneSimulator.Build.0 = Release|Any CPU
		{E71D1B6A-8615-440B-BA35-0FC33ABF5C62}.Release|x64.ActiveCfg = Release|Any CPU
		{E71D1B6A-8615-440B-BA35-0FC33ABF5C62}.Release|x64.Build.0 = Release|Any CPU
		{E71D1B6A-8615-440B-BA35-0FC33ABF5C62}.Release|x86.ActiveCfg = Release|Any CPU
		{E71D1B6A-8615-440B-BA35-0FC33ABF5C62}.Release|x86.Build.0 = Release|Any CPU
		{2745FCDC-D101-4DED-AD76-D5C7911B3A35}.Ad-Hoc|Any CPU.ActiveCfg = Release|Any CPU
		{2745FCDC-D101-4DED-AD76-D5C7911B3A35}.Ad-Hoc|Any CPU.Build.0 = Release|Any CPU
		{2745FCDC-D101-4DED-AD76-D5C7911B3A35}.Ad-Hoc|Any CPU.Deploy.0 = Release|Any CPU
		{2745FCDC-D101-4DED-AD76-D5C7911B3A35}.Ad-Hoc|ARM.ActiveCfg = Release|Any CPU
		{2745FCDC-D101-4DED-AD76-D5C7911B3A35}.Ad-Hoc|ARM.Build.0 = Release|Any CPU
		{2745FCDC-D101-4DED-AD76-D5C7911B3A35}.Ad-Hoc|ARM.Deploy.0 = Release|Any CPU
		{2745FCDC-D101-4DED-AD76-D5C7911B3A35}.Ad-Hoc|iPhone.ActiveCfg = Release|Any CPU
		{2745FCDC-D101-4DED-AD76-D5C7911B3A35}.Ad-Hoc|iPhone.Build.0 = Release|Any CPU
		{2745FCDC-D101-4DED-AD76-D5C7911B3A35}.Ad-Hoc|iPhone.Deploy.0 = Release|Any CPU
		{2745FCDC-D101-4DED-AD76-D5C7911B3A35}.Ad-Hoc|iPhoneSimulator.ActiveCfg = Release|Any CPU
		{2745FCDC-D101-4DED-AD76-D5C7911B3A35}.Ad-Hoc|iPhoneSimulator.Build.0 = Release|Any CPU
		{2745FCDC-D101-4DED-AD76-D5C7911B3A35}.Ad-Hoc|iPhoneSimulator.Deploy.0 = Release|Any CPU
		{2745FCDC-D101-4DED-AD76-D5C7911B3A35}.Ad-Hoc|x64.ActiveCfg = Release|Any CPU
		{2745FCDC-D101-4DED-AD76-D5C7911B3A35}.Ad-Hoc|x64.Build.0 = Release|Any CPU
		{2745FCDC-D101-4DED-AD76-D5C7911B3A35}.Ad-Hoc|x64.Deploy.0 = Release|Any CPU
		{2745FCDC-D101-4DED-AD76-D5C7911B3A35}.Ad-Hoc|x86.ActiveCfg = Release|Any CPU
		{2745FCDC-D101-4DED-AD76-D5C7911B3A35}.Ad-Hoc|x86.Build.0 = Release|Any CPU
		{2745FCDC-D101-4DED-AD76-D5C7911B3A35}.Ad-Hoc|x86.Deploy.0 = Release|Any CPU
		{2745FCDC-D101-4DED-AD76-D5C7911B3A35}.AppStore|Any CPU.ActiveCfg = Release|Any CPU
		{2745FCDC-D101-4DED-AD76-D5C7911B3A35}.AppStore|Any CPU.Build.0 = Release|Any CPU
		{2745FCDC-D101-4DED-AD76-D5C7911B3A35}.AppStore|Any CPU.Deploy.0 = Release|Any CPU
		{2745FCDC-D101-4DED-AD76-D5C7911B3A35}.AppStore|ARM.ActiveCfg = Release|Any CPU
		{2745FCDC-D101-4DED-AD76-D5C7911B3A35}.AppStore|ARM.Build.0 = Release|Any CPU
		{2745FCDC-D101-4DED-AD76-D5C7911B3A35}.AppStore|ARM.Deploy.0 = Release|Any CPU
		{2745FCDC-D101-4DED-AD76-D5C7911B3A35}.AppStore|iPhone.ActiveCfg = Release|Any CPU
		{2745FCDC-D101-4DED-AD76-D5C7911B3A35}.AppStore|iPhone.Build.0 = Release|Any CPU
		{2745FCDC-D101-4DED-AD76-D5C7911B3A35}.AppStore|iPhone.Deploy.0 = Release|Any CPU
		{2745FCDC-D101-4DED-AD76-D5C7911B3A35}.AppStore|iPhoneSimulator.ActiveCfg = Release|Any CPU
		{2745FCDC-D101-4DED-AD76-D5C7911B3A35}.AppStore|iPhoneSimulator.Build.0 = Release|Any CPU
		{2745FCDC-D101-4DED-AD76-D5C7911B3A35}.AppStore|iPhoneSimulator.Deploy.0 = Release|Any CPU
		{2745FCDC-D101-4DED-AD76-D5C7911B3A35}.AppStore|x64.ActiveCfg = Release|Any CPU
		{2745FCDC-D101-4DED-AD76-D5C7911B3A35}.AppStore|x64.Build.0 = Release|Any CPU
		{2745FCDC-D101-4DED-AD76-D5C7911B3A35}.AppStore|x64.Deploy.0 = Release|Any CPU
		{2745FCDC-D101-4DED-AD76-D5C7911B3A35}.AppStore|x86.ActiveCfg = Release|Any CPU
		{2745FCDC-D101-4DED-AD76-D5C7911B3A35}.AppStore|x86.Build.0 = Release|Any CPU
		{2745FCDC-D101-4DED-AD76-D5C7911B3A35}.AppStore|x86.Deploy.0 = Release|Any CPU
		{2745FCDC-D101-4DED-AD76-D5C7911B3A35}.Debug|Any CPU.ActiveCfg = Debug|Any CPU
		{2745FCDC-D101-4DED-AD76-D5C7911B3A35}.Debug|Any CPU.Build.0 = Debug|Any CPU
		{2745FCDC-D101-4DED-AD76-D5C7911B3A35}.Debug|Any CPU.Deploy.0 = Debug|Any CPU
		{2745FCDC-D101-4DED-AD76-D5C7911B3A35}.Debug|ARM.ActiveCfg = Debug|Any CPU
		{2745FCDC-D101-4DED-AD76-D5C7911B3A35}.Debug|ARM.Build.0 = Debug|Any CPU
		{2745FCDC-D101-4DED-AD76-D5C7911B3A35}.Debug|ARM.Deploy.0 = Debug|Any CPU
		{2745FCDC-D101-4DED-AD76-D5C7911B3A35}.Debug|iPhone.ActiveCfg = Debug|Any CPU
		{2745FCDC-D101-4DED-AD76-D5C7911B3A35}.Debug|iPhone.Build.0 = Debug|Any CPU
		{2745FCDC-D101-4DED-AD76-D5C7911B3A35}.Debug|iPhone.Deploy.0 = Debug|Any CPU
		{2745FCDC-D101-4DED-AD76-D5C7911B3A35}.Debug|iPhoneSimulator.ActiveCfg = Debug|Any CPU
		{2745FCDC-D101-4DED-AD76-D5C7911B3A35}.Debug|iPhoneSimulator.Build.0 = Debug|Any CPU
		{2745FCDC-D101-4DED-AD76-D5C7911B3A35}.Debug|iPhoneSimulator.Deploy.0 = Debug|Any CPU
		{2745FCDC-D101-4DED-AD76-D5C7911B3A35}.Debug|x64.ActiveCfg = Debug|Any CPU
		{2745FCDC-D101-4DED-AD76-D5C7911B3A35}.Debug|x64.Build.0 = Debug|Any CPU
		{2745FCDC-D101-4DED-AD76-D5C7911B3A35}.Debug|x64.Deploy.0 = Debug|Any CPU
		{2745FCDC-D101-4DED-AD76-D5C7911B3A35}.Debug|x86.ActiveCfg = Debug|Any CPU
		{2745FCDC-D101-4DED-AD76-D5C7911B3A35}.Debug|x86.Build.0 = Debug|Any CPU
		{2745FCDC-D101-4DED-AD76-D5C7911B3A35}.Debug|x86.Deploy.0 = Debug|Any CPU
		{2745FCDC-D101-4DED-AD76-D5C7911B3A35}.Release|Any CPU.ActiveCfg = Release|Any CPU
		{2745FCDC-D101-4DED-AD76-D5C7911B3A35}.Release|Any CPU.Build.0 = Release|Any CPU
		{2745FCDC-D101-4DED-AD76-D5C7911B3A35}.Release|Any CPU.Deploy.0 = Release|Any CPU
		{2745FCDC-D101-4DED-AD76-D5C7911B3A35}.Release|ARM.ActiveCfg = Release|Any CPU
		{2745FCDC-D101-4DED-AD76-D5C7911B3A35}.Release|ARM.Build.0 = Release|Any CPU
		{2745FCDC-D101-4DED-AD76-D5C7911B3A35}.Release|ARM.Deploy.0 = Release|Any CPU
		{2745FCDC-D101-4DED-AD76-D5C7911B3A35}.Release|iPhone.ActiveCfg = Release|Any CPU
		{2745FCDC-D101-4DED-AD76-D5C7911B3A35}.Release|iPhone.Build.0 = Release|Any CPU
		{2745FCDC-D101-4DED-AD76-D5C7911B3A35}.Release|iPhone.Deploy.0 = Release|Any CPU
		{2745FCDC-D101-4DED-AD76-D5C7911B3A35}.Release|iPhoneSimulator.ActiveCfg = Release|Any CPU
		{2745FCDC-D101-4DED-AD76-D5C7911B3A35}.Release|iPhoneSimulator.Build.0 = Release|Any CPU
		{2745FCDC-D101-4DED-AD76-D5C7911B3A35}.Release|iPhoneSimulator.Deploy.0 = Release|Any CPU
		{2745FCDC-D101-4DED-AD76-D5C7911B3A35}.Release|x64.ActiveCfg = Release|Any CPU
		{2745FCDC-D101-4DED-AD76-D5C7911B3A35}.Release|x64.Build.0 = Release|Any CPU
		{2745FCDC-D101-4DED-AD76-D5C7911B3A35}.Release|x64.Deploy.0 = Release|Any CPU
		{2745FCDC-D101-4DED-AD76-D5C7911B3A35}.Release|x86.ActiveCfg = Release|Any CPU
		{2745FCDC-D101-4DED-AD76-D5C7911B3A35}.Release|x86.Build.0 = Release|Any CPU
		{2745FCDC-D101-4DED-AD76-D5C7911B3A35}.Release|x86.Deploy.0 = Release|Any CPU
		{D89F4B51-FA3E-48C7-8EF9-D8CFC4964D6A}.Ad-Hoc|Any CPU.ActiveCfg = Ad-Hoc|iPhone
		{D89F4B51-FA3E-48C7-8EF9-D8CFC4964D6A}.Ad-Hoc|ARM.ActiveCfg = Ad-Hoc|iPhone
		{D89F4B51-FA3E-48C7-8EF9-D8CFC4964D6A}.Ad-Hoc|iPhone.ActiveCfg = Ad-Hoc|iPhone
		{D89F4B51-FA3E-48C7-8EF9-D8CFC4964D6A}.Ad-Hoc|iPhone.Build.0 = Ad-Hoc|iPhone
		{D89F4B51-FA3E-48C7-8EF9-D8CFC4964D6A}.Ad-Hoc|iPhoneSimulator.ActiveCfg = Ad-Hoc|iPhoneSimulator
		{D89F4B51-FA3E-48C7-8EF9-D8CFC4964D6A}.Ad-Hoc|iPhoneSimulator.Build.0 = Ad-Hoc|iPhoneSimulator
		{D89F4B51-FA3E-48C7-8EF9-D8CFC4964D6A}.Ad-Hoc|x64.ActiveCfg = Ad-Hoc|iPhone
		{D89F4B51-FA3E-48C7-8EF9-D8CFC4964D6A}.Ad-Hoc|x86.ActiveCfg = Ad-Hoc|iPhone
		{D89F4B51-FA3E-48C7-8EF9-D8CFC4964D6A}.AppStore|Any CPU.ActiveCfg = AppStore|iPhone
		{D89F4B51-FA3E-48C7-8EF9-D8CFC4964D6A}.AppStore|ARM.ActiveCfg = AppStore|iPhone
		{D89F4B51-FA3E-48C7-8EF9-D8CFC4964D6A}.AppStore|iPhone.ActiveCfg = AppStore|iPhone
		{D89F4B51-FA3E-48C7-8EF9-D8CFC4964D6A}.AppStore|iPhone.Build.0 = AppStore|iPhone
		{D89F4B51-FA3E-48C7-8EF9-D8CFC4964D6A}.AppStore|iPhoneSimulator.ActiveCfg = AppStore|iPhoneSimulator
		{D89F4B51-FA3E-48C7-8EF9-D8CFC4964D6A}.AppStore|iPhoneSimulator.Build.0 = AppStore|iPhoneSimulator
		{D89F4B51-FA3E-48C7-8EF9-D8CFC4964D6A}.AppStore|x64.ActiveCfg = AppStore|iPhone
		{D89F4B51-FA3E-48C7-8EF9-D8CFC4964D6A}.AppStore|x86.ActiveCfg = AppStore|iPhone
		{D89F4B51-FA3E-48C7-8EF9-D8CFC4964D6A}.Debug|Any CPU.ActiveCfg = Debug|iPhone
		{D89F4B51-FA3E-48C7-8EF9-D8CFC4964D6A}.Debug|ARM.ActiveCfg = Debug|iPhone
		{D89F4B51-FA3E-48C7-8EF9-D8CFC4964D6A}.Debug|iPhone.ActiveCfg = Debug|iPhone
		{D89F4B51-FA3E-48C7-8EF9-D8CFC4964D6A}.Debug|iPhone.Build.0 = Debug|iPhone
		{D89F4B51-FA3E-48C7-8EF9-D8CFC4964D6A}.Debug|iPhoneSimulator.ActiveCfg = Debug|iPhoneSimulator
		{D89F4B51-FA3E-48C7-8EF9-D8CFC4964D6A}.Debug|iPhoneSimulator.Build.0 = Debug|iPhoneSimulator
		{D89F4B51-FA3E-48C7-8EF9-D8CFC4964D6A}.Debug|x64.ActiveCfg = Debug|iPhone
		{D89F4B51-FA3E-48C7-8EF9-D8CFC4964D6A}.Debug|x86.ActiveCfg = Debug|iPhone
		{D89F4B51-FA3E-48C7-8EF9-D8CFC4964D6A}.Release|Any CPU.ActiveCfg = Release|iPhone
		{D89F4B51-FA3E-48C7-8EF9-D8CFC4964D6A}.Release|ARM.ActiveCfg = Release|iPhone
		{D89F4B51-FA3E-48C7-8EF9-D8CFC4964D6A}.Release|iPhone.ActiveCfg = Release|iPhone
		{D89F4B51-FA3E-48C7-8EF9-D8CFC4964D6A}.Release|iPhone.Build.0 = Release|iPhone
		{D89F4B51-FA3E-48C7-8EF9-D8CFC4964D6A}.Release|iPhoneSimulator.ActiveCfg = Release|iPhoneSimulator
		{D89F4B51-FA3E-48C7-8EF9-D8CFC4964D6A}.Release|iPhoneSimulator.Build.0 = Release|iPhoneSimulator
		{D89F4B51-FA3E-48C7-8EF9-D8CFC4964D6A}.Release|x64.ActiveCfg = Release|iPhone
		{D89F4B51-FA3E-48C7-8EF9-D8CFC4964D6A}.Release|x86.ActiveCfg = Release|iPhone
		{E11FA99B-6F23-4014-8C1A-6D75FADAFE56}.Ad-Hoc|Any CPU.ActiveCfg = Release|x86
		{E11FA99B-6F23-4014-8C1A-6D75FADAFE56}.Ad-Hoc|Any CPU.Build.0 = Release|x86
		{E11FA99B-6F23-4014-8C1A-6D75FADAFE56}.Ad-Hoc|Any CPU.Deploy.0 = Release|x86
		{E11FA99B-6F23-4014-8C1A-6D75FADAFE56}.Ad-Hoc|ARM.ActiveCfg = Release|ARM
		{E11FA99B-6F23-4014-8C1A-6D75FADAFE56}.Ad-Hoc|ARM.Build.0 = Release|ARM
		{E11FA99B-6F23-4014-8C1A-6D75FADAFE56}.Ad-Hoc|ARM.Deploy.0 = Release|ARM
		{E11FA99B-6F23-4014-8C1A-6D75FADAFE56}.Ad-Hoc|iPhone.ActiveCfg = Release|x86
		{E11FA99B-6F23-4014-8C1A-6D75FADAFE56}.Ad-Hoc|iPhone.Build.0 = Release|x86
		{E11FA99B-6F23-4014-8C1A-6D75FADAFE56}.Ad-Hoc|iPhone.Deploy.0 = Release|x86
		{E11FA99B-6F23-4014-8C1A-6D75FADAFE56}.Ad-Hoc|iPhoneSimulator.ActiveCfg = Release|x86
		{E11FA99B-6F23-4014-8C1A-6D75FADAFE56}.Ad-Hoc|iPhoneSimulator.Build.0 = Release|x86
		{E11FA99B-6F23-4014-8C1A-6D75FADAFE56}.Ad-Hoc|iPhoneSimulator.Deploy.0 = Release|x86
		{E11FA99B-6F23-4014-8C1A-6D75FADAFE56}.Ad-Hoc|x64.ActiveCfg = Release|x64
		{E11FA99B-6F23-4014-8C1A-6D75FADAFE56}.Ad-Hoc|x64.Build.0 = Release|x64
		{E11FA99B-6F23-4014-8C1A-6D75FADAFE56}.Ad-Hoc|x64.Deploy.0 = Release|x64
		{E11FA99B-6F23-4014-8C1A-6D75FADAFE56}.Ad-Hoc|x86.ActiveCfg = Release|x86
		{E11FA99B-6F23-4014-8C1A-6D75FADAFE56}.Ad-Hoc|x86.Build.0 = Release|x86
		{E11FA99B-6F23-4014-8C1A-6D75FADAFE56}.Ad-Hoc|x86.Deploy.0 = Release|x86
		{E11FA99B-6F23-4014-8C1A-6D75FADAFE56}.AppStore|Any CPU.ActiveCfg = Release|x86
		{E11FA99B-6F23-4014-8C1A-6D75FADAFE56}.AppStore|Any CPU.Build.0 = Release|x86
		{E11FA99B-6F23-4014-8C1A-6D75FADAFE56}.AppStore|Any CPU.Deploy.0 = Release|x86
		{E11FA99B-6F23-4014-8C1A-6D75FADAFE56}.AppStore|ARM.ActiveCfg = Release|ARM
		{E11FA99B-6F23-4014-8C1A-6D75FADAFE56}.AppStore|ARM.Build.0 = Release|ARM
		{E11FA99B-6F23-4014-8C1A-6D75FADAFE56}.AppStore|ARM.Deploy.0 = Release|ARM
		{E11FA99B-6F23-4014-8C1A-6D75FADAFE56}.AppStore|iPhone.ActiveCfg = Release|x86
		{E11FA99B-6F23-4014-8C1A-6D75FADAFE56}.AppStore|iPhone.Build.0 = Release|x86
		{E11FA99B-6F23-4014-8C1A-6D75FADAFE56}.AppStore|iPhone.Deploy.0 = Release|x86
		{E11FA99B-6F23-4014-8C1A-6D75FADAFE56}.AppStore|iPhoneSimulator.ActiveCfg = Release|x86
		{E11FA99B-6F23-4014-8C1A-6D75FADAFE56}.AppStore|iPhoneSimulator.Build.0 = Release|x86
		{E11FA99B-6F23-4014-8C1A-6D75FADAFE56}.AppStore|iPhoneSimulator.Deploy.0 = Release|x86
		{E11FA99B-6F23-4014-8C1A-6D75FADAFE56}.AppStore|x64.ActiveCfg = Release|x64
		{E11FA99B-6F23-4014-8C1A-6D75FADAFE56}.AppStore|x64.Build.0 = Release|x64
		{E11FA99B-6F23-4014-8C1A-6D75FADAFE56}.AppStore|x64.Deploy.0 = Release|x64
		{E11FA99B-6F23-4014-8C1A-6D75FADAFE56}.AppStore|x86.ActiveCfg = Release|x86
		{E11FA99B-6F23-4014-8C1A-6D75FADAFE56}.AppStore|x86.Build.0 = Release|x86
		{E11FA99B-6F23-4014-8C1A-6D75FADAFE56}.AppStore|x86.Deploy.0 = Release|x86
		{E11FA99B-6F23-4014-8C1A-6D75FADAFE56}.Debug|Any CPU.ActiveCfg = Debug|x86
		{E11FA99B-6F23-4014-8C1A-6D75FADAFE56}.Debug|ARM.ActiveCfg = Debug|ARM
		{E11FA99B-6F23-4014-8C1A-6D75FADAFE56}.Debug|ARM.Build.0 = Debug|ARM
		{E11FA99B-6F23-4014-8C1A-6D75FADAFE56}.Debug|ARM.Deploy.0 = Debug|ARM
		{E11FA99B-6F23-4014-8C1A-6D75FADAFE56}.Debug|iPhone.ActiveCfg = Debug|x86
		{E11FA99B-6F23-4014-8C1A-6D75FADAFE56}.Debug|iPhoneSimulator.ActiveCfg = Debug|x86
		{E11FA99B-6F23-4014-8C1A-6D75FADAFE56}.Debug|x64.ActiveCfg = Debug|x64
		{E11FA99B-6F23-4014-8C1A-6D75FADAFE56}.Debug|x64.Build.0 = Debug|x64
		{E11FA99B-6F23-4014-8C1A-6D75FADAFE56}.Debug|x64.Deploy.0 = Debug|x64
		{E11FA99B-6F23-4014-8C1A-6D75FADAFE56}.Debug|x86.ActiveCfg = Debug|x86
		{E11FA99B-6F23-4014-8C1A-6D75FADAFE56}.Debug|x86.Build.0 = Debug|x86
		{E11FA99B-6F23-4014-8C1A-6D75FADAFE56}.Debug|x86.Deploy.0 = Debug|x86
		{E11FA99B-6F23-4014-8C1A-6D75FADAFE56}.Release|Any CPU.ActiveCfg = Release|x86
		{E11FA99B-6F23-4014-8C1A-6D75FADAFE56}.Release|ARM.ActiveCfg = Release|ARM
		{E11FA99B-6F23-4014-8C1A-6D75FADAFE56}.Release|ARM.Build.0 = Release|ARM
		{E11FA99B-6F23-4014-8C1A-6D75FADAFE56}.Release|ARM.Deploy.0 = Release|ARM
		{E11FA99B-6F23-4014-8C1A-6D75FADAFE56}.Release|iPhone.ActiveCfg = Release|x86
		{E11FA99B-6F23-4014-8C1A-6D75FADAFE56}.Release|iPhoneSimulator.ActiveCfg = Release|x86
		{E11FA99B-6F23-4014-8C1A-6D75FADAFE56}.Release|x64.ActiveCfg = Release|x64
		{E11FA99B-6F23-4014-8C1A-6D75FADAFE56}.Release|x64.Build.0 = Release|x64
		{E11FA99B-6F23-4014-8C1A-6D75FADAFE56}.Release|x64.Deploy.0 = Release|x64
		{E11FA99B-6F23-4014-8C1A-6D75FADAFE56}.Release|x86.ActiveCfg = Release|x86
		{E11FA99B-6F23-4014-8C1A-6D75FADAFE56}.Release|x86.Build.0 = Release|x86
		{E11FA99B-6F23-4014-8C1A-6D75FADAFE56}.Release|x86.Deploy.0 = Release|x86
		{25367C41-9C40-4FE2-8137-8762E67E3057}.Ad-Hoc|Any CPU.ActiveCfg = Debug|Any CPU
		{25367C41-9C40-4FE2-8137-8762E67E3057}.Ad-Hoc|Any CPU.Build.0 = Debug|Any CPU
		{25367C41-9C40-4FE2-8137-8762E67E3057}.Ad-Hoc|ARM.ActiveCfg = Debug|Any CPU
		{25367C41-9C40-4FE2-8137-8762E67E3057}.Ad-Hoc|ARM.Build.0 = Debug|Any CPU
		{25367C41-9C40-4FE2-8137-8762E67E3057}.Ad-Hoc|iPhone.ActiveCfg = Debug|Any CPU
		{25367C41-9C40-4FE2-8137-8762E67E3057}.Ad-Hoc|iPhone.Build.0 = Debug|Any CPU
		{25367C41-9C40-4FE2-8137-8762E67E3057}.Ad-Hoc|iPhoneSimulator.ActiveCfg = Debug|Any CPU
		{25367C41-9C40-4FE2-8137-8762E67E3057}.Ad-Hoc|iPhoneSimulator.Build.0 = Debug|Any CPU
		{25367C41-9C40-4FE2-8137-8762E67E3057}.Ad-Hoc|x64.ActiveCfg = Debug|Any CPU
		{25367C41-9C40-4FE2-8137-8762E67E3057}.Ad-Hoc|x64.Build.0 = Debug|Any CPU
		{25367C41-9C40-4FE2-8137-8762E67E3057}.Ad-Hoc|x86.ActiveCfg = Debug|Any CPU
		{25367C41-9C40-4FE2-8137-8762E67E3057}.Ad-Hoc|x86.Build.0 = Debug|Any CPU
		{25367C41-9C40-4FE2-8137-8762E67E3057}.AppStore|Any CPU.ActiveCfg = Debug|Any CPU
		{25367C41-9C40-4FE2-8137-8762E67E3057}.AppStore|Any CPU.Build.0 = Debug|Any CPU
		{25367C41-9C40-4FE2-8137-8762E67E3057}.AppStore|ARM.ActiveCfg = Debug|Any CPU
		{25367C41-9C40-4FE2-8137-8762E67E3057}.AppStore|ARM.Build.0 = Debug|Any CPU
		{25367C41-9C40-4FE2-8137-8762E67E3057}.AppStore|iPhone.ActiveCfg = Debug|Any CPU
		{25367C41-9C40-4FE2-8137-8762E67E3057}.AppStore|iPhone.Build.0 = Debug|Any CPU
		{25367C41-9C40-4FE2-8137-8762E67E3057}.AppStore|iPhoneSimulator.ActiveCfg = Debug|Any CPU
		{25367C41-9C40-4FE2-8137-8762E67E3057}.AppStore|iPhoneSimulator.Build.0 = Debug|Any CPU
		{25367C41-9C40-4FE2-8137-8762E67E3057}.AppStore|x64.ActiveCfg = Debug|Any CPU
		{25367C41-9C40-4FE2-8137-8762E67E3057}.AppStore|x64.Build.0 = Debug|Any CPU
		{25367C41-9C40-4FE2-8137-8762E67E3057}.AppStore|x86.ActiveCfg = Debug|Any CPU
		{25367C41-9C40-4FE2-8137-8762E67E3057}.AppStore|x86.Build.0 = Debug|Any CPU
		{25367C41-9C40-4FE2-8137-8762E67E3057}.Debug|Any CPU.ActiveCfg = Debug|Any CPU
		{25367C41-9C40-4FE2-8137-8762E67E3057}.Debug|Any CPU.Build.0 = Debug|Any CPU
		{25367C41-9C40-4FE2-8137-8762E67E3057}.Debug|ARM.ActiveCfg = Debug|Any CPU
		{25367C41-9C40-4FE2-8137-8762E67E3057}.Debug|ARM.Build.0 = Debug|Any CPU
		{25367C41-9C40-4FE2-8137-8762E67E3057}.Debug|iPhone.ActiveCfg = Debug|Any CPU
		{25367C41-9C40-4FE2-8137-8762E67E3057}.Debug|iPhone.Build.0 = Debug|Any CPU
		{25367C41-9C40-4FE2-8137-8762E67E3057}.Debug|iPhoneSimulator.ActiveCfg = Debug|Any CPU
		{25367C41-9C40-4FE2-8137-8762E67E3057}.Debug|iPhoneSimulator.Build.0 = Debug|Any CPU
		{25367C41-9C40-4FE2-8137-8762E67E3057}.Debug|x64.ActiveCfg = Debug|Any CPU
		{25367C41-9C40-4FE2-8137-8762E67E3057}.Debug|x64.Build.0 = Debug|Any CPU
		{25367C41-9C40-4FE2-8137-8762E67E3057}.Debug|x86.ActiveCfg = Debug|Any CPU
		{25367C41-9C40-4FE2-8137-8762E67E3057}.Debug|x86.Build.0 = Debug|Any CPU
		{25367C41-9C40-4FE2-8137-8762E67E3057}.Release|Any CPU.ActiveCfg = Release|Any CPU
		{25367C41-9C40-4FE2-8137-8762E67E3057}.Release|Any CPU.Build.0 = Release|Any CPU
		{25367C41-9C40-4FE2-8137-8762E67E3057}.Release|ARM.ActiveCfg = Release|Any CPU
		{25367C41-9C40-4FE2-8137-8762E67E3057}.Release|ARM.Build.0 = Release|Any CPU
		{25367C41-9C40-4FE2-8137-8762E67E3057}.Release|iPhone.ActiveCfg = Release|Any CPU
		{25367C41-9C40-4FE2-8137-8762E67E3057}.Release|iPhone.Build.0 = Release|Any CPU
		{25367C41-9C40-4FE2-8137-8762E67E3057}.Release|iPhoneSimulator.ActiveCfg = Release|Any CPU
		{25367C41-9C40-4FE2-8137-8762E67E3057}.Release|iPhoneSimulator.Build.0 = Release|Any CPU
		{25367C41-9C40-4FE2-8137-8762E67E3057}.Release|x64.ActiveCfg = Release|Any CPU
		{25367C41-9C40-4FE2-8137-8762E67E3057}.Release|x64.Build.0 = Release|Any CPU
		{25367C41-9C40-4FE2-8137-8762E67E3057}.Release|x86.ActiveCfg = Release|Any CPU
		{25367C41-9C40-4FE2-8137-8762E67E3057}.Release|x86.Build.0 = Release|Any CPU
		{F201C21B-2BAC-48F5-AB22-0DB74B1E2080}.Ad-Hoc|Any CPU.ActiveCfg = Release|Any CPU
		{F201C21B-2BAC-48F5-AB22-0DB74B1E2080}.Ad-Hoc|Any CPU.Build.0 = Release|Any CPU
		{F201C21B-2BAC-48F5-AB22-0DB74B1E2080}.Ad-Hoc|Any CPU.Deploy.0 = Release|Any CPU
		{F201C21B-2BAC-48F5-AB22-0DB74B1E2080}.Ad-Hoc|ARM.ActiveCfg = Release|Any CPU
		{F201C21B-2BAC-48F5-AB22-0DB74B1E2080}.Ad-Hoc|ARM.Build.0 = Release|Any CPU
		{F201C21B-2BAC-48F5-AB22-0DB74B1E2080}.Ad-Hoc|ARM.Deploy.0 = Release|Any CPU
		{F201C21B-2BAC-48F5-AB22-0DB74B1E2080}.Ad-Hoc|iPhone.ActiveCfg = Release|Any CPU
		{F201C21B-2BAC-48F5-AB22-0DB74B1E2080}.Ad-Hoc|iPhone.Build.0 = Release|Any CPU
		{F201C21B-2BAC-48F5-AB22-0DB74B1E2080}.Ad-Hoc|iPhone.Deploy.0 = Release|Any CPU
		{F201C21B-2BAC-48F5-AB22-0DB74B1E2080}.Ad-Hoc|iPhoneSimulator.ActiveCfg = Release|Any CPU
		{F201C21B-2BAC-48F5-AB22-0DB74B1E2080}.Ad-Hoc|iPhoneSimulator.Build.0 = Release|Any CPU
		{F201C21B-2BAC-48F5-AB22-0DB74B1E2080}.Ad-Hoc|iPhoneSimulator.Deploy.0 = Release|Any CPU
		{F201C21B-2BAC-48F5-AB22-0DB74B1E2080}.Ad-Hoc|x64.ActiveCfg = Release|Any CPU
		{F201C21B-2BAC-48F5-AB22-0DB74B1E2080}.Ad-Hoc|x64.Build.0 = Release|Any CPU
		{F201C21B-2BAC-48F5-AB22-0DB74B1E2080}.Ad-Hoc|x64.Deploy.0 = Release|Any CPU
		{F201C21B-2BAC-48F5-AB22-0DB74B1E2080}.Ad-Hoc|x86.ActiveCfg = Release|Any CPU
		{F201C21B-2BAC-48F5-AB22-0DB74B1E2080}.Ad-Hoc|x86.Build.0 = Release|Any CPU
		{F201C21B-2BAC-48F5-AB22-0DB74B1E2080}.Ad-Hoc|x86.Deploy.0 = Release|Any CPU
		{F201C21B-2BAC-48F5-AB22-0DB74B1E2080}.AppStore|Any CPU.ActiveCfg = Release|Any CPU
		{F201C21B-2BAC-48F5-AB22-0DB74B1E2080}.AppStore|Any CPU.Build.0 = Release|Any CPU
		{F201C21B-2BAC-48F5-AB22-0DB74B1E2080}.AppStore|Any CPU.Deploy.0 = Release|Any CPU
		{F201C21B-2BAC-48F5-AB22-0DB74B1E2080}.AppStore|ARM.ActiveCfg = Release|Any CPU
		{F201C21B-2BAC-48F5-AB22-0DB74B1E2080}.AppStore|ARM.Build.0 = Release|Any CPU
		{F201C21B-2BAC-48F5-AB22-0DB74B1E2080}.AppStore|ARM.Deploy.0 = Release|Any CPU
		{F201C21B-2BAC-48F5-AB22-0DB74B1E2080}.AppStore|iPhone.ActiveCfg = Release|Any CPU
		{F201C21B-2BAC-48F5-AB22-0DB74B1E2080}.AppStore|iPhone.Build.0 = Release|Any CPU
		{F201C21B-2BAC-48F5-AB22-0DB74B1E2080}.AppStore|iPhone.Deploy.0 = Release|Any CPU
		{F201C21B-2BAC-48F5-AB22-0DB74B1E2080}.AppStore|iPhoneSimulator.ActiveCfg = Release|Any CPU
		{F201C21B-2BAC-48F5-AB22-0DB74B1E2080}.AppStore|iPhoneSimulator.Build.0 = Release|Any CPU
		{F201C21B-2BAC-48F5-AB22-0DB74B1E2080}.AppStore|iPhoneSimulator.Deploy.0 = Release|Any CPU
		{F201C21B-2BAC-48F5-AB22-0DB74B1E2080}.AppStore|x64.ActiveCfg = Release|Any CPU
		{F201C21B-2BAC-48F5-AB22-0DB74B1E2080}.AppStore|x64.Build.0 = Release|Any CPU
		{F201C21B-2BAC-48F5-AB22-0DB74B1E2080}.AppStore|x64.Deploy.0 = Release|Any CPU
		{F201C21B-2BAC-48F5-AB22-0DB74B1E2080}.AppStore|x86.ActiveCfg = Release|Any CPU
		{F201C21B-2BAC-48F5-AB22-0DB74B1E2080}.AppStore|x86.Build.0 = Release|Any CPU
		{F201C21B-2BAC-48F5-AB22-0DB74B1E2080}.AppStore|x86.Deploy.0 = Release|Any CPU
		{F201C21B-2BAC-48F5-AB22-0DB74B1E2080}.Debug|Any CPU.ActiveCfg = Debug|Any CPU
		{F201C21B-2BAC-48F5-AB22-0DB74B1E2080}.Debug|Any CPU.Build.0 = Debug|Any CPU
		{F201C21B-2BAC-48F5-AB22-0DB74B1E2080}.Debug|Any CPU.Deploy.0 = Debug|Any CPU
		{F201C21B-2BAC-48F5-AB22-0DB74B1E2080}.Debug|ARM.ActiveCfg = Debug|Any CPU
		{F201C21B-2BAC-48F5-AB22-0DB74B1E2080}.Debug|ARM.Build.0 = Debug|Any CPU
		{F201C21B-2BAC-48F5-AB22-0DB74B1E2080}.Debug|ARM.Deploy.0 = Debug|Any CPU
		{F201C21B-2BAC-48F5-AB22-0DB74B1E2080}.Debug|iPhone.ActiveCfg = Debug|Any CPU
		{F201C21B-2BAC-48F5-AB22-0DB74B1E2080}.Debug|iPhone.Build.0 = Debug|Any CPU
		{F201C21B-2BAC-48F5-AB22-0DB74B1E2080}.Debug|iPhone.Deploy.0 = Debug|Any CPU
		{F201C21B-2BAC-48F5-AB22-0DB74B1E2080}.Debug|iPhoneSimulator.ActiveCfg = Debug|Any CPU
		{F201C21B-2BAC-48F5-AB22-0DB74B1E2080}.Debug|iPhoneSimulator.Build.0 = Debug|Any CPU
		{F201C21B-2BAC-48F5-AB22-0DB74B1E2080}.Debug|iPhoneSimulator.Deploy.0 = Debug|Any CPU
		{F201C21B-2BAC-48F5-AB22-0DB74B1E2080}.Debug|x64.ActiveCfg = Debug|Any CPU
		{F201C21B-2BAC-48F5-AB22-0DB74B1E2080}.Debug|x64.Build.0 = Debug|Any CPU
		{F201C21B-2BAC-48F5-AB22-0DB74B1E2080}.Debug|x64.Deploy.0 = Debug|Any CPU
		{F201C21B-2BAC-48F5-AB22-0DB74B1E2080}.Debug|x86.ActiveCfg = Debug|Any CPU
		{F201C21B-2BAC-48F5-AB22-0DB74B1E2080}.Debug|x86.Build.0 = Debug|Any CPU
		{F201C21B-2BAC-48F5-AB22-0DB74B1E2080}.Debug|x86.Deploy.0 = Debug|Any CPU
		{F201C21B-2BAC-48F5-AB22-0DB74B1E2080}.Release|Any CPU.ActiveCfg = Release|Any CPU
		{F201C21B-2BAC-48F5-AB22-0DB74B1E2080}.Release|Any CPU.Build.0 = Release|Any CPU
		{F201C21B-2BAC-48F5-AB22-0DB74B1E2080}.Release|Any CPU.Deploy.0 = Release|Any CPU
		{F201C21B-2BAC-48F5-AB22-0DB74B1E2080}.Release|ARM.ActiveCfg = Release|Any CPU
		{F201C21B-2BAC-48F5-AB22-0DB74B1E2080}.Release|ARM.Build.0 = Release|Any CPU
		{F201C21B-2BAC-48F5-AB22-0DB74B1E2080}.Release|ARM.Deploy.0 = Release|Any CPU
		{F201C21B-2BAC-48F5-AB22-0DB74B1E2080}.Release|iPhone.ActiveCfg = Release|Any CPU
		{F201C21B-2BAC-48F5-AB22-0DB74B1E2080}.Release|iPhone.Build.0 = Release|Any CPU
		{F201C21B-2BAC-48F5-AB22-0DB74B1E2080}.Release|iPhone.Deploy.0 = Release|Any CPU
		{F201C21B-2BAC-48F5-AB22-0DB74B1E2080}.Release|iPhoneSimulator.ActiveCfg = Release|Any CPU
		{F201C21B-2BAC-48F5-AB22-0DB74B1E2080}.Release|iPhoneSimulator.Build.0 = Release|Any CPU
		{F201C21B-2BAC-48F5-AB22-0DB74B1E2080}.Release|iPhoneSimulator.Deploy.0 = Release|Any CPU
		{F201C21B-2BAC-48F5-AB22-0DB74B1E2080}.Release|x64.ActiveCfg = Release|Any CPU
		{F201C21B-2BAC-48F5-AB22-0DB74B1E2080}.Release|x64.Build.0 = Release|Any CPU
		{F201C21B-2BAC-48F5-AB22-0DB74B1E2080}.Release|x64.Deploy.0 = Release|Any CPU
		{F201C21B-2BAC-48F5-AB22-0DB74B1E2080}.Release|x86.ActiveCfg = Release|Any CPU
		{F201C21B-2BAC-48F5-AB22-0DB74B1E2080}.Release|x86.Build.0 = Release|Any CPU
		{F201C21B-2BAC-48F5-AB22-0DB74B1E2080}.Release|x86.Deploy.0 = Release|Any CPU
		{6B7805BD-1E09-4707-8C00-64F4BF28676A}.Ad-Hoc|Any CPU.ActiveCfg = Ad-Hoc|iPhone
		{6B7805BD-1E09-4707-8C00-64F4BF28676A}.Ad-Hoc|ARM.ActiveCfg = Ad-Hoc|iPhone
		{6B7805BD-1E09-4707-8C00-64F4BF28676A}.Ad-Hoc|iPhone.ActiveCfg = Ad-Hoc|iPhone
		{6B7805BD-1E09-4707-8C00-64F4BF28676A}.Ad-Hoc|iPhone.Build.0 = Ad-Hoc|iPhone
		{6B7805BD-1E09-4707-8C00-64F4BF28676A}.Ad-Hoc|iPhoneSimulator.ActiveCfg = Ad-Hoc|iPhoneSimulator
		{6B7805BD-1E09-4707-8C00-64F4BF28676A}.Ad-Hoc|iPhoneSimulator.Build.0 = Ad-Hoc|iPhoneSimulator
		{6B7805BD-1E09-4707-8C00-64F4BF28676A}.Ad-Hoc|x64.ActiveCfg = Ad-Hoc|iPhone
		{6B7805BD-1E09-4707-8C00-64F4BF28676A}.Ad-Hoc|x86.ActiveCfg = Ad-Hoc|iPhone
		{6B7805BD-1E09-4707-8C00-64F4BF28676A}.AppStore|Any CPU.ActiveCfg = AppStore|iPhone
		{6B7805BD-1E09-4707-8C00-64F4BF28676A}.AppStore|ARM.ActiveCfg = AppStore|iPhone
		{6B7805BD-1E09-4707-8C00-64F4BF28676A}.AppStore|iPhone.ActiveCfg = AppStore|iPhone
		{6B7805BD-1E09-4707-8C00-64F4BF28676A}.AppStore|iPhone.Build.0 = AppStore|iPhone
		{6B7805BD-1E09-4707-8C00-64F4BF28676A}.AppStore|iPhoneSimulator.ActiveCfg = AppStore|iPhoneSimulator
		{6B7805BD-1E09-4707-8C00-64F4BF28676A}.AppStore|iPhoneSimulator.Build.0 = AppStore|iPhoneSimulator
		{6B7805BD-1E09-4707-8C00-64F4BF28676A}.AppStore|x64.ActiveCfg = AppStore|iPhone
		{6B7805BD-1E09-4707-8C00-64F4BF28676A}.AppStore|x86.ActiveCfg = AppStore|iPhone
		{6B7805BD-1E09-4707-8C00-64F4BF28676A}.Debug|Any CPU.ActiveCfg = Debug|iPhone
		{6B7805BD-1E09-4707-8C00-64F4BF28676A}.Debug|ARM.ActiveCfg = Debug|iPhone
		{6B7805BD-1E09-4707-8C00-64F4BF28676A}.Debug|iPhone.ActiveCfg = Debug|iPhone
		{6B7805BD-1E09-4707-8C00-64F4BF28676A}.Debug|iPhone.Build.0 = Debug|iPhone
		{6B7805BD-1E09-4707-8C00-64F4BF28676A}.Debug|iPhoneSimulator.ActiveCfg = Debug|iPhoneSimulator
		{6B7805BD-1E09-4707-8C00-64F4BF28676A}.Debug|iPhoneSimulator.Build.0 = Debug|iPhoneSimulator
		{6B7805BD-1E09-4707-8C00-64F4BF28676A}.Debug|x64.ActiveCfg = Debug|iPhone
		{6B7805BD-1E09-4707-8C00-64F4BF28676A}.Debug|x86.ActiveCfg = Debug|iPhone
		{6B7805BD-1E09-4707-8C00-64F4BF28676A}.Release|Any CPU.ActiveCfg = Release|iPhone
		{6B7805BD-1E09-4707-8C00-64F4BF28676A}.Release|ARM.ActiveCfg = Release|iPhone
		{6B7805BD-1E09-4707-8C00-64F4BF28676A}.Release|iPhone.ActiveCfg = Release|iPhone
		{6B7805BD-1E09-4707-8C00-64F4BF28676A}.Release|iPhone.Build.0 = Release|iPhone
		{6B7805BD-1E09-4707-8C00-64F4BF28676A}.Release|iPhoneSimulator.ActiveCfg = Release|iPhoneSimulator
		{6B7805BD-1E09-4707-8C00-64F4BF28676A}.Release|iPhoneSimulator.Build.0 = Release|iPhoneSimulator
		{6B7805BD-1E09-4707-8C00-64F4BF28676A}.Release|x64.ActiveCfg = Release|iPhone
		{6B7805BD-1E09-4707-8C00-64F4BF28676A}.Release|x86.ActiveCfg = Release|iPhone
		{ED50451E-4078-4413-8626-77A7EE6343DA}.Ad-Hoc|Any CPU.ActiveCfg = Release|x86
		{ED50451E-4078-4413-8626-77A7EE6343DA}.Ad-Hoc|Any CPU.Build.0 = Release|x86
		{ED50451E-4078-4413-8626-77A7EE6343DA}.Ad-Hoc|Any CPU.Deploy.0 = Release|x86
		{ED50451E-4078-4413-8626-77A7EE6343DA}.Ad-Hoc|ARM.ActiveCfg = Release|ARM
		{ED50451E-4078-4413-8626-77A7EE6343DA}.Ad-Hoc|ARM.Build.0 = Release|ARM
		{ED50451E-4078-4413-8626-77A7EE6343DA}.Ad-Hoc|ARM.Deploy.0 = Release|ARM
		{ED50451E-4078-4413-8626-77A7EE6343DA}.Ad-Hoc|iPhone.ActiveCfg = Release|x86
		{ED50451E-4078-4413-8626-77A7EE6343DA}.Ad-Hoc|iPhone.Build.0 = Release|x86
		{ED50451E-4078-4413-8626-77A7EE6343DA}.Ad-Hoc|iPhone.Deploy.0 = Release|x86
		{ED50451E-4078-4413-8626-77A7EE6343DA}.Ad-Hoc|iPhoneSimulator.ActiveCfg = Release|x86
		{ED50451E-4078-4413-8626-77A7EE6343DA}.Ad-Hoc|iPhoneSimulator.Build.0 = Release|x86
		{ED50451E-4078-4413-8626-77A7EE6343DA}.Ad-Hoc|iPhoneSimulator.Deploy.0 = Release|x86
		{ED50451E-4078-4413-8626-77A7EE6343DA}.Ad-Hoc|x64.ActiveCfg = Release|x64
		{ED50451E-4078-4413-8626-77A7EE6343DA}.Ad-Hoc|x64.Build.0 = Release|x64
		{ED50451E-4078-4413-8626-77A7EE6343DA}.Ad-Hoc|x64.Deploy.0 = Release|x64
		{ED50451E-4078-4413-8626-77A7EE6343DA}.Ad-Hoc|x86.ActiveCfg = Release|x86
		{ED50451E-4078-4413-8626-77A7EE6343DA}.Ad-Hoc|x86.Build.0 = Release|x86
		{ED50451E-4078-4413-8626-77A7EE6343DA}.Ad-Hoc|x86.Deploy.0 = Release|x86
		{ED50451E-4078-4413-8626-77A7EE6343DA}.AppStore|Any CPU.ActiveCfg = Release|x86
		{ED50451E-4078-4413-8626-77A7EE6343DA}.AppStore|Any CPU.Build.0 = Release|x86
		{ED50451E-4078-4413-8626-77A7EE6343DA}.AppStore|Any CPU.Deploy.0 = Release|x86
		{ED50451E-4078-4413-8626-77A7EE6343DA}.AppStore|ARM.ActiveCfg = Release|ARM
		{ED50451E-4078-4413-8626-77A7EE6343DA}.AppStore|ARM.Build.0 = Release|ARM
		{ED50451E-4078-4413-8626-77A7EE6343DA}.AppStore|ARM.Deploy.0 = Release|ARM
		{ED50451E-4078-4413-8626-77A7EE6343DA}.AppStore|iPhone.ActiveCfg = Release|x86
		{ED50451E-4078-4413-8626-77A7EE6343DA}.AppStore|iPhone.Build.0 = Release|x86
		{ED50451E-4078-4413-8626-77A7EE6343DA}.AppStore|iPhone.Deploy.0 = Release|x86
		{ED50451E-4078-4413-8626-77A7EE6343DA}.AppStore|iPhoneSimulator.ActiveCfg = Release|x86
		{ED50451E-4078-4413-8626-77A7EE6343DA}.AppStore|iPhoneSimulator.Build.0 = Release|x86
		{ED50451E-4078-4413-8626-77A7EE6343DA}.AppStore|iPhoneSimulator.Deploy.0 = Release|x86
		{ED50451E-4078-4413-8626-77A7EE6343DA}.AppStore|x64.ActiveCfg = Release|x64
		{ED50451E-4078-4413-8626-77A7EE6343DA}.AppStore|x64.Build.0 = Release|x64
		{ED50451E-4078-4413-8626-77A7EE6343DA}.AppStore|x64.Deploy.0 = Release|x64
		{ED50451E-4078-4413-8626-77A7EE6343DA}.AppStore|x86.ActiveCfg = Release|x86
		{ED50451E-4078-4413-8626-77A7EE6343DA}.AppStore|x86.Build.0 = Release|x86
		{ED50451E-4078-4413-8626-77A7EE6343DA}.AppStore|x86.Deploy.0 = Release|x86
		{ED50451E-4078-4413-8626-77A7EE6343DA}.Debug|Any CPU.ActiveCfg = Debug|x86
		{ED50451E-4078-4413-8626-77A7EE6343DA}.Debug|ARM.ActiveCfg = Debug|ARM
		{ED50451E-4078-4413-8626-77A7EE6343DA}.Debug|ARM.Build.0 = Debug|ARM
		{ED50451E-4078-4413-8626-77A7EE6343DA}.Debug|ARM.Deploy.0 = Debug|ARM
		{ED50451E-4078-4413-8626-77A7EE6343DA}.Debug|iPhone.ActiveCfg = Debug|x86
		{ED50451E-4078-4413-8626-77A7EE6343DA}.Debug|iPhoneSimulator.ActiveCfg = Debug|x86
		{ED50451E-4078-4413-8626-77A7EE6343DA}.Debug|x64.ActiveCfg = Debug|x64
		{ED50451E-4078-4413-8626-77A7EE6343DA}.Debug|x64.Build.0 = Debug|x64
		{ED50451E-4078-4413-8626-77A7EE6343DA}.Debug|x64.Deploy.0 = Debug|x64
		{ED50451E-4078-4413-8626-77A7EE6343DA}.Debug|x86.ActiveCfg = Debug|x86
		{ED50451E-4078-4413-8626-77A7EE6343DA}.Debug|x86.Build.0 = Debug|x86
		{ED50451E-4078-4413-8626-77A7EE6343DA}.Debug|x86.Deploy.0 = Debug|x86
		{ED50451E-4078-4413-8626-77A7EE6343DA}.Release|Any CPU.ActiveCfg = Release|x86
		{ED50451E-4078-4413-8626-77A7EE6343DA}.Release|ARM.ActiveCfg = Release|ARM
		{ED50451E-4078-4413-8626-77A7EE6343DA}.Release|ARM.Build.0 = Release|ARM
		{ED50451E-4078-4413-8626-77A7EE6343DA}.Release|ARM.Deploy.0 = Release|ARM
		{ED50451E-4078-4413-8626-77A7EE6343DA}.Release|iPhone.ActiveCfg = Release|x86
		{ED50451E-4078-4413-8626-77A7EE6343DA}.Release|iPhoneSimulator.ActiveCfg = Release|x86
		{ED50451E-4078-4413-8626-77A7EE6343DA}.Release|x64.ActiveCfg = Release|x64
		{ED50451E-4078-4413-8626-77A7EE6343DA}.Release|x64.Build.0 = Release|x64
		{ED50451E-4078-4413-8626-77A7EE6343DA}.Release|x64.Deploy.0 = Release|x64
		{ED50451E-4078-4413-8626-77A7EE6343DA}.Release|x86.ActiveCfg = Release|x86
		{ED50451E-4078-4413-8626-77A7EE6343DA}.Release|x86.Build.0 = Release|x86
		{ED50451E-4078-4413-8626-77A7EE6343DA}.Release|x86.Deploy.0 = Release|x86
		{51E0A07A-3A65-4312-BE32-D32FE499BA45}.Ad-Hoc|Any CPU.ActiveCfg = Debug|Any CPU
		{51E0A07A-3A65-4312-BE32-D32FE499BA45}.Ad-Hoc|Any CPU.Build.0 = Debug|Any CPU
		{51E0A07A-3A65-4312-BE32-D32FE499BA45}.Ad-Hoc|ARM.ActiveCfg = Debug|Any CPU
		{51E0A07A-3A65-4312-BE32-D32FE499BA45}.Ad-Hoc|ARM.Build.0 = Debug|Any CPU
		{51E0A07A-3A65-4312-BE32-D32FE499BA45}.Ad-Hoc|iPhone.ActiveCfg = Debug|Any CPU
		{51E0A07A-3A65-4312-BE32-D32FE499BA45}.Ad-Hoc|iPhone.Build.0 = Debug|Any CPU
		{51E0A07A-3A65-4312-BE32-D32FE499BA45}.Ad-Hoc|iPhoneSimulator.ActiveCfg = Debug|Any CPU
		{51E0A07A-3A65-4312-BE32-D32FE499BA45}.Ad-Hoc|iPhoneSimulator.Build.0 = Debug|Any CPU
		{51E0A07A-3A65-4312-BE32-D32FE499BA45}.Ad-Hoc|x64.ActiveCfg = Debug|Any CPU
		{51E0A07A-3A65-4312-BE32-D32FE499BA45}.Ad-Hoc|x64.Build.0 = Debug|Any CPU
		{51E0A07A-3A65-4312-BE32-D32FE499BA45}.Ad-Hoc|x86.ActiveCfg = Debug|Any CPU
		{51E0A07A-3A65-4312-BE32-D32FE499BA45}.Ad-Hoc|x86.Build.0 = Debug|Any CPU
		{51E0A07A-3A65-4312-BE32-D32FE499BA45}.AppStore|Any CPU.ActiveCfg = Debug|Any CPU
		{51E0A07A-3A65-4312-BE32-D32FE499BA45}.AppStore|Any CPU.Build.0 = Debug|Any CPU
		{51E0A07A-3A65-4312-BE32-D32FE499BA45}.AppStore|ARM.ActiveCfg = Debug|Any CPU
		{51E0A07A-3A65-4312-BE32-D32FE499BA45}.AppStore|ARM.Build.0 = Debug|Any CPU
		{51E0A07A-3A65-4312-BE32-D32FE499BA45}.AppStore|iPhone.ActiveCfg = Debug|Any CPU
		{51E0A07A-3A65-4312-BE32-D32FE499BA45}.AppStore|iPhone.Build.0 = Debug|Any CPU
		{51E0A07A-3A65-4312-BE32-D32FE499BA45}.AppStore|iPhoneSimulator.ActiveCfg = Debug|Any CPU
		{51E0A07A-3A65-4312-BE32-D32FE499BA45}.AppStore|iPhoneSimulator.Build.0 = Debug|Any CPU
		{51E0A07A-3A65-4312-BE32-D32FE499BA45}.AppStore|x64.ActiveCfg = Debug|Any CPU
		{51E0A07A-3A65-4312-BE32-D32FE499BA45}.AppStore|x64.Build.0 = Debug|Any CPU
		{51E0A07A-3A65-4312-BE32-D32FE499BA45}.AppStore|x86.ActiveCfg = Debug|Any CPU
		{51E0A07A-3A65-4312-BE32-D32FE499BA45}.AppStore|x86.Build.0 = Debug|Any CPU
		{51E0A07A-3A65-4312-BE32-D32FE499BA45}.Debug|Any CPU.ActiveCfg = Debug|Any CPU
		{51E0A07A-3A65-4312-BE32-D32FE499BA45}.Debug|Any CPU.Build.0 = Debug|Any CPU
		{51E0A07A-3A65-4312-BE32-D32FE499BA45}.Debug|ARM.ActiveCfg = Debug|Any CPU
		{51E0A07A-3A65-4312-BE32-D32FE499BA45}.Debug|ARM.Build.0 = Debug|Any CPU
		{51E0A07A-3A65-4312-BE32-D32FE499BA45}.Debug|iPhone.ActiveCfg = Debug|Any CPU
		{51E0A07A-3A65-4312-BE32-D32FE499BA45}.Debug|iPhone.Build.0 = Debug|Any CPU
		{51E0A07A-3A65-4312-BE32-D32FE499BA45}.Debug|iPhoneSimulator.ActiveCfg = Debug|Any CPU
		{51E0A07A-3A65-4312-BE32-D32FE499BA45}.Debug|iPhoneSimulator.Build.0 = Debug|Any CPU
		{51E0A07A-3A65-4312-BE32-D32FE499BA45}.Debug|x64.ActiveCfg = Debug|Any CPU
		{51E0A07A-3A65-4312-BE32-D32FE499BA45}.Debug|x64.Build.0 = Debug|Any CPU
		{51E0A07A-3A65-4312-BE32-D32FE499BA45}.Debug|x86.ActiveCfg = Debug|Any CPU
		{51E0A07A-3A65-4312-BE32-D32FE499BA45}.Debug|x86.Build.0 = Debug|Any CPU
		{51E0A07A-3A65-4312-BE32-D32FE499BA45}.Release|Any CPU.ActiveCfg = Release|Any CPU
		{51E0A07A-3A65-4312-BE32-D32FE499BA45}.Release|Any CPU.Build.0 = Release|Any CPU
		{51E0A07A-3A65-4312-BE32-D32FE499BA45}.Release|ARM.ActiveCfg = Release|Any CPU
		{51E0A07A-3A65-4312-BE32-D32FE499BA45}.Release|ARM.Build.0 = Release|Any CPU
		{51E0A07A-3A65-4312-BE32-D32FE499BA45}.Release|iPhone.ActiveCfg = Release|Any CPU
		{51E0A07A-3A65-4312-BE32-D32FE499BA45}.Release|iPhone.Build.0 = Release|Any CPU
		{51E0A07A-3A65-4312-BE32-D32FE499BA45}.Release|iPhoneSimulator.ActiveCfg = Release|Any CPU
		{51E0A07A-3A65-4312-BE32-D32FE499BA45}.Release|iPhoneSimulator.Build.0 = Release|Any CPU
		{51E0A07A-3A65-4312-BE32-D32FE499BA45}.Release|x64.ActiveCfg = Release|Any CPU
		{51E0A07A-3A65-4312-BE32-D32FE499BA45}.Release|x64.Build.0 = Release|Any CPU
		{51E0A07A-3A65-4312-BE32-D32FE499BA45}.Release|x86.ActiveCfg = Release|Any CPU
		{51E0A07A-3A65-4312-BE32-D32FE499BA45}.Release|x86.Build.0 = Release|Any CPU
	EndGlobalSection
	GlobalSection(SolutionProperties) = preSolution
		HideSolutionNode = FALSE
	EndGlobalSection
	GlobalSection(NestedProjects) = preSolution
		{252AD129-8028-4029-91CA-7382D7D661C8} = {4E2F8B58-DD8E-4802-8307-4C7318326F8E}
		{CCC13C6A-F9CE-416C-983D-203587CF4345} = {82B433EC-3D3F-492D-9288-655071AA8F61}
		{323B0963-9DEC-4B36-9552-B5BEDE8FF375} = {CCC13C6A-F9CE-416C-983D-203587CF4345}
		{C116C171-2B6B-4116-B4ED-2CD8DF6B2B4F} = {CCC13C6A-F9CE-416C-983D-203587CF4345}
		{6B2E7DB6-8C6B-4F76-BCCF-12A58E93000C} = {CCC13C6A-F9CE-416C-983D-203587CF4345}
		{0A2E375D-7E3E-496C-884C-8155A5FAB8FD} = {CCC13C6A-F9CE-416C-983D-203587CF4345}
		{6C8C2B6C-B2C4-4347-ADB9-8A1BDA272ED9} = {7D520729-7EB0-4862-B190-0129E229FD9A}
		{B66554CD-69E6-4F82-9614-15F19BA97706} = {7D520729-7EB0-4862-B190-0129E229FD9A}
		{A165FBEF-05E3-4CEE-B7CC-BCBC09ABC2D6} = {7D520729-7EB0-4862-B190-0129E229FD9A}
		{E71D1B6A-8615-440B-BA35-0FC33ABF5C62} = {7D520729-7EB0-4862-B190-0129E229FD9A}
		{7D520729-7EB0-4862-B190-0129E229FD9A} = {9547E3DA-207C-42BB-8081-58482C75CE13}
		{E4202FFC-0692-4830-B27F-1E8840DA7A09} = {82B433EC-3D3F-492D-9288-655071AA8F61}
		{2745FCDC-D101-4DED-AD76-D5C7911B3A35} = {E4202FFC-0692-4830-B27F-1E8840DA7A09}
		{D89F4B51-FA3E-48C7-8EF9-D8CFC4964D6A} = {E4202FFC-0692-4830-B27F-1E8840DA7A09}
		{E11FA99B-6F23-4014-8C1A-6D75FADAFE56} = {E4202FFC-0692-4830-B27F-1E8840DA7A09}
		{25367C41-9C40-4FE2-8137-8762E67E3057} = {E4202FFC-0692-4830-B27F-1E8840DA7A09}
		{F201C21B-2BAC-48F5-AB22-0DB74B1E2080} = {FCE75537-F301-47B1-A864-D3E6A0589C74}
		{6B7805BD-1E09-4707-8C00-64F4BF28676A} = {FCE75537-F301-47B1-A864-D3E6A0589C74}
		{ED50451E-4078-4413-8626-77A7EE6343DA} = {FCE75537-F301-47B1-A864-D3E6A0589C74}
		{51E0A07A-3A65-4312-BE32-D32FE499BA45} = {FCE75537-F301-47B1-A864-D3E6A0589C74}
		{FCE75537-F301-47B1-A864-D3E6A0589C74} = {82B433EC-3D3F-492D-9288-655071AA8F61}
	EndGlobalSection
	GlobalSection(ExtensibilityGlobals) = postSolution
		SolutionGuid = {1711D595-8D77-44AF-8616-0F56F760C0BC}
	EndGlobalSection
EndGlobal
