
Microsoft Visual Studio Solution File, Format Version 12.00
# Visual Studio 15
VisualStudioVersion = 15.0.27428.2043
MinimumVisualStudioVersion = 10.0.40219.1
Project("{FAE04EC0-301F-11D3-BF4B-00C04F79EFBC}") = "EventSalesUser.Android", "EventSalesUser\EventSalesUser.Android\EventSalesUser.Android.csproj", "{62249A29-7DF6-4340-96EF-463EF0EBCCCE}"
EndProject
Project("{FAE04EC0-301F-11D3-BF4B-00C04F79EFBC}") = "EventSalesUser.iOS", "EventSalesUser\EventSalesUser.iOS\EventSalesUser.iOS.csproj", "{5E39602D-F66E-4BBE-AFEC-D6D38FC79377}"
EndProject
Project("{FAE04EC0-301F-11D3-BF4B-00C04F79EFBC}") = "EventSalesUser.UWP", "EventSalesUser\EventSalesUser.UWP\EventSalesUser.UWP.csproj", "{9581157D-FC67-460C-BEF7-DDBF423BA20D}"
EndProject
Project("{FAE04EC0-301F-11D3-BF4B-00C04F79EFBC}") = "EventSalesUser", "EventSalesUser\EventSalesUser\EventSalesUser.csproj", "{8F71FEE5-07D6-4479-A6EE-4C9726122B36}"
EndProject
Global
	GlobalSection(SolutionConfigurationPlatforms) = preSolution
		Ad-Hoc|Any CPU = Ad-Hoc|Any CPU
		Ad-Hoc|ARM = Ad-Hoc|ARM
		Ad-Hoc|iPhone = Ad-Hoc|iPhone
		Ad-Hoc|iPhoneSimulator = Ad-Hoc|iPhoneSimulator
		Ad-Hoc|x64 = Ad-Hoc|x64
		Ad-Hoc|x86 = Ad-Hoc|x86
		AppStore|Any CPU = AppStore|Any CPU
		AppStore|ARM = AppStore|ARM
		AppStore|iPhone = AppStore|iPhone
		AppStore|iPhoneSimulator = AppStore|iPhoneSimulator
		AppStore|x64 = AppStore|x64
		AppStore|x86 = AppStore|x86
		Debug|Any CPU = Debug|Any CPU
		Debug|ARM = Debug|ARM
		Debug|iPhone = Debug|iPhone
		Debug|iPhoneSimulator = Debug|iPhoneSimulator
		Debug|x64 = Debug|x64
		Debug|x86 = Debug|x86
		Release|Any CPU = Release|Any CPU
		Release|ARM = Release|ARM
		Release|iPhone = Release|iPhone
		Release|iPhoneSimulator = Release|iPhoneSimulator
		Release|x64 = Release|x64
		Release|x86 = Release|x86
	EndGlobalSection
	GlobalSection(ProjectConfigurationPlatforms) = postSolution
		{62249A29-7DF6-4340-96EF-463EF0EBCCCE}.Ad-Hoc|Any CPU.ActiveCfg = Release|Any CPU
		{62249A29-7DF6-4340-96EF-463EF0EBCCCE}.Ad-Hoc|Any CPU.Build.0 = Release|Any CPU
		{62249A29-7DF6-4340-96EF-463EF0EBCCCE}.Ad-Hoc|Any CPU.Deploy.0 = Release|Any CPU
		{62249A29-7DF6-4340-96EF-463EF0EBCCCE}.Ad-Hoc|ARM.ActiveCfg = Release|Any CPU
		{62249A29-7DF6-4340-96EF-463EF0EBCCCE}.Ad-Hoc|ARM.Build.0 = Release|Any CPU
		{62249A29-7DF6-4340-96EF-463EF0EBCCCE}.Ad-Hoc|ARM.Deploy.0 = Release|Any CPU
		{62249A29-7DF6-4340-96EF-463EF0EBCCCE}.Ad-Hoc|iPhone.ActiveCfg = Release|Any CPU
		{62249A29-7DF6-4340-96EF-463EF0EBCCCE}.Ad-Hoc|iPhone.Build.0 = Release|Any CPU
		{62249A29-7DF6-4340-96EF-463EF0EBCCCE}.Ad-Hoc|iPhone.Deploy.0 = Release|Any CPU
		{62249A29-7DF6-4340-96EF-463EF0EBCCCE}.Ad-Hoc|iPhoneSimulator.ActiveCfg = Release|Any CPU
		{62249A29-7DF6-4340-96EF-463EF0EBCCCE}.Ad-Hoc|iPhoneSimulator.Build.0 = Release|Any CPU
		{62249A29-7DF6-4340-96EF-463EF0EBCCCE}.Ad-Hoc|iPhoneSimulator.Deploy.0 = Release|Any CPU
		{62249A29-7DF6-4340-96EF-463EF0EBCCCE}.Ad-Hoc|x64.ActiveCfg = Release|Any CPU
		{62249A29-7DF6-4340-96EF-463EF0EBCCCE}.Ad-Hoc|x64.Build.0 = Release|Any CPU
		{62249A29-7DF6-4340-96EF-463EF0EBCCCE}.Ad-Hoc|x64.Deploy.0 = Release|Any CPU
		{62249A29-7DF6-4340-96EF-463EF0EBCCCE}.Ad-Hoc|x86.ActiveCfg = Release|Any CPU
		{62249A29-7DF6-4340-96EF-463EF0EBCCCE}.Ad-Hoc|x86.Build.0 = Release|Any CPU
		{62249A29-7DF6-4340-96EF-463EF0EBCCCE}.Ad-Hoc|x86.Deploy.0 = Release|Any CPU
		{62249A29-7DF6-4340-96EF-463EF0EBCCCE}.AppStore|Any CPU.ActiveCfg = Release|Any CPU
		{62249A29-7DF6-4340-96EF-463EF0EBCCCE}.AppStore|Any CPU.Build.0 = Release|Any CPU
		{62249A29-7DF6-4340-96EF-463EF0EBCCCE}.AppStore|Any CPU.Deploy.0 = Release|Any CPU
		{62249A29-7DF6-4340-96EF-463EF0EBCCCE}.AppStore|ARM.ActiveCfg = Release|Any CPU
		{62249A29-7DF6-4340-96EF-463EF0EBCCCE}.AppStore|ARM.Build.0 = Release|Any CPU
		{62249A29-7DF6-4340-96EF-463EF0EBCCCE}.AppStore|ARM.Deploy.0 = Release|Any CPU
		{62249A29-7DF6-4340-96EF-463EF0EBCCCE}.AppStore|iPhone.ActiveCfg = Release|Any CPU
		{62249A29-7DF6-4340-96EF-463EF0EBCCCE}.AppStore|iPhone.Build.0 = Release|Any CPU
		{62249A29-7DF6-4340-96EF-463EF0EBCCCE}.AppStore|iPhone.Deploy.0 = Release|Any CPU
		{62249A29-7DF6-4340-96EF-463EF0EBCCCE}.AppStore|iPhoneSimulator.ActiveCfg = Release|Any CPU
		{62249A29-7DF6-4340-96EF-463EF0EBCCCE}.AppStore|iPhoneSimulator.Build.0 = Release|Any CPU
		{62249A29-7DF6-4340-96EF-463EF0EBCCCE}.AppStore|iPhoneSimulator.Deploy.0 = Release|Any CPU
		{62249A29-7DF6-4340-96EF-463EF0EBCCCE}.AppStore|x64.ActiveCfg = Release|Any CPU
		{62249A29-7DF6-4340-96EF-463EF0EBCCCE}.AppStore|x64.Build.0 = Release|Any CPU
		{62249A29-7DF6-4340-96EF-463EF0EBCCCE}.AppStore|x64.Deploy.0 = Release|Any CPU
		{62249A29-7DF6-4340-96EF-463EF0EBCCCE}.AppStore|x86.ActiveCfg = Release|Any CPU
		{62249A29-7DF6-4340-96EF-463EF0EBCCCE}.AppStore|x86.Build.0 = Release|Any CPU
		{62249A29-7DF6-4340-96EF-463EF0EBCCCE}.AppStore|x86.Deploy.0 = Release|Any CPU
		{62249A29-7DF6-4340-96EF-463EF0EBCCCE}.Debug|Any CPU.ActiveCfg = Debug|Any CPU
		{62249A29-7DF6-4340-96EF-463EF0EBCCCE}.Debug|Any CPU.Build.0 = Debug|Any CPU
		{62249A29-7DF6-4340-96EF-463EF0EBCCCE}.Debug|Any CPU.Deploy.0 = Debug|Any CPU
		{62249A29-7DF6-4340-96EF-463EF0EBCCCE}.Debug|ARM.ActiveCfg = Debug|Any CPU
		{62249A29-7DF6-4340-96EF-463EF0EBCCCE}.Debug|ARM.Build.0 = Debug|Any CPU
		{62249A29-7DF6-4340-96EF-463EF0EBCCCE}.Debug|ARM.Deploy.0 = Debug|Any CPU
		{62249A29-7DF6-4340-96EF-463EF0EBCCCE}.Debug|iPhone.ActiveCfg = Debug|Any CPU
		{62249A29-7DF6-4340-96EF-463EF0EBCCCE}.Debug|iPhone.Build.0 = Debug|Any CPU
		{62249A29-7DF6-4340-96EF-463EF0EBCCCE}.Debug|iPhone.Deploy.0 = Debug|Any CPU
		{62249A29-7DF6-4340-96EF-463EF0EBCCCE}.Debug|iPhoneSimulator.ActiveCfg = Debug|Any CPU
		{62249A29-7DF6-4340-96EF-463EF0EBCCCE}.Debug|iPhoneSimulator.Build.0 = Debug|Any CPU
		{62249A29-7DF6-4340-96EF-463EF0EBCCCE}.Debug|iPhoneSimulator.Deploy.0 = Debug|Any CPU
		{62249A29-7DF6-4340-96EF-463EF0EBCCCE}.Debug|x64.ActiveCfg = Debug|Any CPU
		{62249A29-7DF6-4340-96EF-463EF0EBCCCE}.Debug|x64.Build.0 = Debug|Any CPU
		{62249A29-7DF6-4340-96EF-463EF0EBCCCE}.Debug|x64.Deploy.0 = Debug|Any CPU
		{62249A29-7DF6-4340-96EF-463EF0EBCCCE}.Debug|x86.ActiveCfg = Debug|Any CPU
		{62249A29-7DF6-4340-96EF-463EF0EBCCCE}.Debug|x86.Build.0 = Debug|Any CPU
		{62249A29-7DF6-4340-96EF-463EF0EBCCCE}.Debug|x86.Deploy.0 = Debug|Any CPU
		{62249A29-7DF6-4340-96EF-463EF0EBCCCE}.Release|Any CPU.ActiveCfg = Release|Any CPU
		{62249A29-7DF6-4340-96EF-463EF0EBCCCE}.Release|Any CPU.Build.0 = Release|Any CPU
		{62249A29-7DF6-4340-96EF-463EF0EBCCCE}.Release|Any CPU.Deploy.0 = Release|Any CPU
		{62249A29-7DF6-4340-96EF-463EF0EBCCCE}.Release|ARM.ActiveCfg = Release|Any CPU
		{62249A29-7DF6-4340-96EF-463EF0EBCCCE}.Release|ARM.Build.0 = Release|Any CPU
		{62249A29-7DF6-4340-96EF-463EF0EBCCCE}.Release|ARM.Deploy.0 = Release|Any CPU
		{62249A29-7DF6-4340-96EF-463EF0EBCCCE}.Release|iPhone.ActiveCfg = Release|Any CPU
		{62249A29-7DF6-4340-96EF-463EF0EBCCCE}.Release|iPhone.Build.0 = Release|Any CPU
		{62249A29-7DF6-4340-96EF-463EF0EBCCCE}.Release|iPhone.Deploy.0 = Release|Any CPU
		{62249A29-7DF6-4340-96EF-463EF0EBCCCE}.Release|iPhoneSimulator.ActiveCfg = Release|Any CPU
		{62249A29-7DF6-4340-96EF-463EF0EBCCCE}.Release|iPhoneSimulator.Build.0 = Release|Any CPU
		{62249A29-7DF6-4340-96EF-463EF0EBCCCE}.Release|iPhoneSimulator.Deploy.0 = Release|Any CPU
		{62249A29-7DF6-4340-96EF-463EF0EBCCCE}.Release|x64.ActiveCfg = Release|Any CPU
		{62249A29-7DF6-4340-96EF-463EF0EBCCCE}.Release|x64.Build.0 = Release|Any CPU
		{62249A29-7DF6-4340-96EF-463EF0EBCCCE}.Release|x64.Deploy.0 = Release|Any CPU
		{62249A29-7DF6-4340-96EF-463EF0EBCCCE}.Release|x86.ActiveCfg = Release|Any CPU
		{62249A29-7DF6-4340-96EF-463EF0EBCCCE}.Release|x86.Build.0 = Release|Any CPU
		{62249A29-7DF6-4340-96EF-463EF0EBCCCE}.Release|x86.Deploy.0 = Release|Any CPU
		{5E39602D-F66E-4BBE-AFEC-D6D38FC79377}.Ad-Hoc|Any CPU.ActiveCfg = Ad-Hoc|iPhone
		{5E39602D-F66E-4BBE-AFEC-D6D38FC79377}.Ad-Hoc|ARM.ActiveCfg = Ad-Hoc|iPhone
		{5E39602D-F66E-4BBE-AFEC-D6D38FC79377}.Ad-Hoc|iPhone.ActiveCfg = Ad-Hoc|iPhone
		{5E39602D-F66E-4BBE-AFEC-D6D38FC79377}.Ad-Hoc|iPhone.Build.0 = Ad-Hoc|iPhone
		{5E39602D-F66E-4BBE-AFEC-D6D38FC79377}.Ad-Hoc|iPhoneSimulator.ActiveCfg = Ad-Hoc|iPhoneSimulator
		{5E39602D-F66E-4BBE-AFEC-D6D38FC79377}.Ad-Hoc|iPhoneSimulator.Build.0 = Ad-Hoc|iPhoneSimulator
		{5E39602D-F66E-4BBE-AFEC-D6D38FC79377}.Ad-Hoc|x64.ActiveCfg = Ad-Hoc|iPhone
		{5E39602D-F66E-4BBE-AFEC-D6D38FC79377}.Ad-Hoc|x86.ActiveCfg = Ad-Hoc|iPhone
		{5E39602D-F66E-4BBE-AFEC-D6D38FC79377}.AppStore|Any CPU.ActiveCfg = AppStore|iPhone
		{5E39602D-F66E-4BBE-AFEC-D6D38FC79377}.AppStore|ARM.ActiveCfg = AppStore|iPhone
		{5E39602D-F66E-4BBE-AFEC-D6D38FC79377}.AppStore|iPhone.ActiveCfg = AppStore|iPhone
		{5E39602D-F66E-4BBE-AFEC-D6D38FC79377}.AppStore|iPhone.Build.0 = AppStore|iPhone
		{5E39602D-F66E-4BBE-AFEC-D6D38FC79377}.AppStore|iPhoneSimulator.ActiveCfg = AppStore|iPhoneSimulator
		{5E39602D-F66E-4BBE-AFEC-D6D38FC79377}.AppStore|iPhoneSimulator.Build.0 = AppStore|iPhoneSimulator
		{5E39602D-F66E-4BBE-AFEC-D6D38FC79377}.AppStore|x64.ActiveCfg = AppStore|iPhone
		{5E39602D-F66E-4BBE-AFEC-D6D38FC79377}.AppStore|x86.ActiveCfg = AppStore|iPhone
		{5E39602D-F66E-4BBE-AFEC-D6D38FC79377}.Debug|Any CPU.ActiveCfg = Debug|iPhone
		{5E39602D-F66E-4BBE-AFEC-D6D38FC79377}.Debug|ARM.ActiveCfg = Debug|iPhone
		{5E39602D-F66E-4BBE-AFEC-D6D38FC79377}.Debug|iPhone.ActiveCfg = Debug|iPhone
		{5E39602D-F66E-4BBE-AFEC-D6D38FC79377}.Debug|iPhone.Build.0 = Debug|iPhone
		{5E39602D-F66E-4BBE-AFEC-D6D38FC79377}.Debug|iPhoneSimulator.ActiveCfg = Debug|iPhoneSimulator
		{5E39602D-F66E-4BBE-AFEC-D6D38FC79377}.Debug|iPhoneSimulator.Build.0 = Debug|iPhoneSimulator
		{5E39602D-F66E-4BBE-AFEC-D6D38FC79377}.Debug|x64.ActiveCfg = Debug|iPhone
		{5E39602D-F66E-4BBE-AFEC-D6D38FC79377}.Debug|x86.ActiveCfg = Debug|iPhone
		{5E39602D-F66E-4BBE-AFEC-D6D38FC79377}.Release|Any CPU.ActiveCfg = Release|iPhone
		{5E39602D-F66E-4BBE-AFEC-D6D38FC79377}.Release|ARM.ActiveCfg = Release|iPhone
		{5E39602D-F66E-4BBE-AFEC-D6D38FC79377}.Release|iPhone.ActiveCfg = Release|iPhone
		{5E39602D-F66E-4BBE-AFEC-D6D38FC79377}.Release|iPhone.Build.0 = Release|iPhone
		{5E39602D-F66E-4BBE-AFEC-D6D38FC79377}.Release|iPhoneSimulator.ActiveCfg = Release|iPhoneSimulator
		{5E39602D-F66E-4BBE-AFEC-D6D38FC79377}.Release|iPhoneSimulator.Build.0 = Release|iPhoneSimulator
		{5E39602D-F66E-4BBE-AFEC-D6D38FC79377}.Release|x64.ActiveCfg = Release|iPhone
		{5E39602D-F66E-4BBE-AFEC-D6D38FC79377}.Release|x86.ActiveCfg = Release|iPhone
		{9581157D-FC67-460C-BEF7-DDBF423BA20D}.Ad-Hoc|Any CPU.ActiveCfg = Release|x86
		{9581157D-FC67-460C-BEF7-DDBF423BA20D}.Ad-Hoc|Any CPU.Build.0 = Release|x86
		{9581157D-FC67-460C-BEF7-DDBF423BA20D}.Ad-Hoc|Any CPU.Deploy.0 = Release|x86
		{9581157D-FC67-460C-BEF7-DDBF423BA20D}.Ad-Hoc|ARM.ActiveCfg = Release|ARM
		{9581157D-FC67-460C-BEF7-DDBF423BA20D}.Ad-Hoc|ARM.Build.0 = Release|ARM
		{9581157D-FC67-460C-BEF7-DDBF423BA20D}.Ad-Hoc|ARM.Deploy.0 = Release|ARM
		{9581157D-FC67-460C-BEF7-DDBF423BA20D}.Ad-Hoc|iPhone.ActiveCfg = Release|x86
		{9581157D-FC67-460C-BEF7-DDBF423BA20D}.Ad-Hoc|iPhone.Build.0 = Release|x86
		{9581157D-FC67-460C-BEF7-DDBF423BA20D}.Ad-Hoc|iPhone.Deploy.0 = Release|x86
		{9581157D-FC67-460C-BEF7-DDBF423BA20D}.Ad-Hoc|iPhoneSimulator.ActiveCfg = Release|x86
		{9581157D-FC67-460C-BEF7-DDBF423BA20D}.Ad-Hoc|iPhoneSimulator.Build.0 = Release|x86
		{9581157D-FC67-460C-BEF7-DDBF423BA20D}.Ad-Hoc|iPhoneSimulator.Deploy.0 = Release|x86
		{9581157D-FC67-460C-BEF7-DDBF423BA20D}.Ad-Hoc|x64.ActiveCfg = Release|x64
		{9581157D-FC67-460C-BEF7-DDBF423BA20D}.Ad-Hoc|x64.Build.0 = Release|x64
		{9581157D-FC67-460C-BEF7-DDBF423BA20D}.Ad-Hoc|x64.Deploy.0 = Release|x64
		{9581157D-FC67-460C-BEF7-DDBF423BA20D}.Ad-Hoc|x86.ActiveCfg = Release|x86
		{9581157D-FC67-460C-BEF7-DDBF423BA20D}.Ad-Hoc|x86.Build.0 = Release|x86
		{9581157D-FC67-460C-BEF7-DDBF423BA20D}.Ad-Hoc|x86.Deploy.0 = Release|x86
		{9581157D-FC67-460C-BEF7-DDBF423BA20D}.AppStore|Any CPU.ActiveCfg = Release|x86
		{9581157D-FC67-460C-BEF7-DDBF423BA20D}.AppStore|Any CPU.Build.0 = Release|x86
		{9581157D-FC67-460C-BEF7-DDBF423BA20D}.AppStore|Any CPU.Deploy.0 = Release|x86
		{9581157D-FC67-460C-BEF7-DDBF423BA20D}.AppStore|ARM.ActiveCfg = Release|ARM
		{9581157D-FC67-460C-BEF7-DDBF423BA20D}.AppStore|ARM.Build.0 = Release|ARM
		{9581157D-FC67-460C-BEF7-DDBF423BA20D}.AppStore|ARM.Deploy.0 = Release|ARM
		{9581157D-FC67-460C-BEF7-DDBF423BA20D}.AppStore|iPhone.ActiveCfg = Release|x86
		{9581157D-FC67-460C-BEF7-DDBF423BA20D}.AppStore|iPhone.Build.0 = Release|x86
		{9581157D-FC67-460C-BEF7-DDBF423BA20D}.AppStore|iPhone.Deploy.0 = Release|x86
		{9581157D-FC67-460C-BEF7-DDBF423BA20D}.AppStore|iPhoneSimulator.ActiveCfg = Release|x86
		{9581157D-FC67-460C-BEF7-DDBF423BA20D}.AppStore|iPhoneSimulator.Build.0 = Release|x86
		{9581157D-FC67-460C-BEF7-DDBF423BA20D}.AppStore|iPhoneSimulator.Deploy.0 = Release|x86
		{9581157D-FC67-460C-BEF7-DDBF423BA20D}.AppStore|x64.ActiveCfg = Release|x64
		{9581157D-FC67-460C-BEF7-DDBF423BA20D}.AppStore|x64.Build.0 = Release|x64
		{9581157D-FC67-460C-BEF7-DDBF423BA20D}.AppStore|x64.Deploy.0 = Release|x64
		{9581157D-FC67-460C-BEF7-DDBF423BA20D}.AppStore|x86.ActiveCfg = Release|x86
		{9581157D-FC67-460C-BEF7-DDBF423BA20D}.AppStore|x86.Build.0 = Release|x86
		{9581157D-FC67-460C-BEF7-DDBF423BA20D}.AppStore|x86.Deploy.0 = Release|x86
		{9581157D-FC67-460C-BEF7-DDBF423BA20D}.Debug|Any CPU.ActiveCfg = Debug|x86
		{9581157D-FC67-460C-BEF7-DDBF423BA20D}.Debug|ARM.ActiveCfg = Debug|ARM
		{9581157D-FC67-460C-BEF7-DDBF423BA20D}.Debug|ARM.Build.0 = Debug|ARM
		{9581157D-FC67-460C-BEF7-DDBF423BA20D}.Debug|ARM.Deploy.0 = Debug|ARM
		{9581157D-FC67-460C-BEF7-DDBF423BA20D}.Debug|iPhone.ActiveCfg = Debug|x86
		{9581157D-FC67-460C-BEF7-DDBF423BA20D}.Debug|iPhoneSimulator.ActiveCfg = Debug|x86
		{9581157D-FC67-460C-BEF7-DDBF423BA20D}.Debug|x64.ActiveCfg = Debug|x64
		{9581157D-FC67-460C-BEF7-DDBF423BA20D}.Debug|x64.Build.0 = Debug|x64
		{9581157D-FC67-460C-BEF7-DDBF423BA20D}.Debug|x64.Deploy.0 = Debug|x64
		{9581157D-FC67-460C-BEF7-DDBF423BA20D}.Debug|x86.ActiveCfg = Debug|x86
		{9581157D-FC67-460C-BEF7-DDBF423BA20D}.Debug|x86.Build.0 = Debug|x86
		{9581157D-FC67-460C-BEF7-DDBF423BA20D}.Debug|x86.Deploy.0 = Debug|x86
		{9581157D-FC67-460C-BEF7-DDBF423BA20D}.Release|Any CPU.ActiveCfg = Release|x86
		{9581157D-FC67-460C-BEF7-DDBF423BA20D}.Release|ARM.ActiveCfg = Release|ARM
		{9581157D-FC67-460C-BEF7-DDBF423BA20D}.Release|ARM.Build.0 = Release|ARM
		{9581157D-FC67-460C-BEF7-DDBF423BA20D}.Release|ARM.Deploy.0 = Release|ARM
		{9581157D-FC67-460C-BEF7-DDBF423BA20D}.Release|iPhone.ActiveCfg = Release|x86
		{9581157D-FC67-460C-BEF7-DDBF423BA20D}.Release|iPhoneSimulator.ActiveCfg = Release|x86
		{9581157D-FC67-460C-BEF7-DDBF423BA20D}.Release|x64.ActiveCfg = Release|x64
		{9581157D-FC67-460C-BEF7-DDBF423BA20D}.Release|x64.Build.0 = Release|x64
		{9581157D-FC67-460C-BEF7-DDBF423BA20D}.Release|x64.Deploy.0 = Release|x64
		{9581157D-FC67-460C-BEF7-DDBF423BA20D}.Release|x86.ActiveCfg = Release|x86
		{9581157D-FC67-460C-BEF7-DDBF423BA20D}.Release|x86.Build.0 = Release|x86
		{9581157D-FC67-460C-BEF7-DDBF423BA20D}.Release|x86.Deploy.0 = Release|x86
		{8F71FEE5-07D6-4479-A6EE-4C9726122B36}.Ad-Hoc|Any CPU.ActiveCfg = Debug|Any CPU
		{8F71FEE5-07D6-4479-A6EE-4C9726122B36}.Ad-Hoc|Any CPU.Build.0 = Debug|Any CPU
		{8F71FEE5-07D6-4479-A6EE-4C9726122B36}.Ad-Hoc|ARM.ActiveCfg = Debug|Any CPU
		{8F71FEE5-07D6-4479-A6EE-4C9726122B36}.Ad-Hoc|ARM.Build.0 = Debug|Any CPU
		{8F71FEE5-07D6-4479-A6EE-4C9726122B36}.Ad-Hoc|iPhone.ActiveCfg = Debug|Any CPU
		{8F71FEE5-07D6-4479-A6EE-4C9726122B36}.Ad-Hoc|iPhone.Build.0 = Debug|Any CPU
		{8F71FEE5-07D6-4479-A6EE-4C9726122B36}.Ad-Hoc|iPhoneSimulator.ActiveCfg = Debug|Any CPU
		{8F71FEE5-07D6-4479-A6EE-4C9726122B36}.Ad-Hoc|iPhoneSimulator.Build.0 = Debug|Any CPU
		{8F71FEE5-07D6-4479-A6EE-4C9726122B36}.Ad-Hoc|x64.ActiveCfg = Debug|Any CPU
		{8F71FEE5-07D6-4479-A6EE-4C9726122B36}.Ad-Hoc|x64.Build.0 = Debug|Any CPU
		{8F71FEE5-07D6-4479-A6EE-4C9726122B36}.Ad-Hoc|x86.ActiveCfg = Debug|Any CPU
		{8F71FEE5-07D6-4479-A6EE-4C9726122B36}.Ad-Hoc|x86.Build.0 = Debug|Any CPU
		{8F71FEE5-07D6-4479-A6EE-4C9726122B36}.AppStore|Any CPU.ActiveCfg = Debug|Any CPU
		{8F71FEE5-07D6-4479-A6EE-4C9726122B36}.AppStore|Any CPU.Build.0 = Debug|Any CPU
		{8F71FEE5-07D6-4479-A6EE-4C9726122B36}.AppStore|ARM.ActiveCfg = Debug|Any CPU
		{8F71FEE5-07D6-4479-A6EE-4C9726122B36}.AppStore|ARM.Build.0 = Debug|Any CPU
		{8F71FEE5-07D6-4479-A6EE-4C9726122B36}.AppStore|iPhone.ActiveCfg = Debug|Any CPU
		{8F71FEE5-07D6-4479-A6EE-4C9726122B36}.AppStore|iPhone.Build.0 = Debug|Any CPU
		{8F71FEE5-07D6-4479-A6EE-4C9726122B36}.AppStore|iPhoneSimulator.ActiveCfg = Debug|Any CPU
		{8F71FEE5-07D6-4479-A6EE-4C9726122B36}.AppStore|iPhoneSimulator.Build.0 = Debug|Any CPU
		{8F71FEE5-07D6-4479-A6EE-4C9726122B36}.AppStore|x64.ActiveCfg = Debug|Any CPU
		{8F71FEE5-07D6-4479-A6EE-4C9726122B36}.AppStore|x64.Build.0 = Debug|Any CPU
		{8F71FEE5-07D6-4479-A6EE-4C9726122B36}.AppStore|x86.ActiveCfg = Debug|Any CPU
		{8F71FEE5-07D6-4479-A6EE-4C9726122B36}.AppStore|x86.Build.0 = Debug|Any CPU
		{8F71FEE5-07D6-4479-A6EE-4C9726122B36}.Debug|Any CPU.ActiveCfg = Debug|Any CPU
		{8F71FEE5-07D6-4479-A6EE-4C9726122B36}.Debug|Any CPU.Build.0 = Debug|Any CPU
		{8F71FEE5-07D6-4479-A6EE-4C9726122B36}.Debug|ARM.ActiveCfg = Debug|Any CPU
		{8F71FEE5-07D6-4479-A6EE-4C9726122B36}.Debug|ARM.Build.0 = Debug|Any CPU
		{8F71FEE5-07D6-4479-A6EE-4C9726122B36}.Debug|iPhone.ActiveCfg = Debug|Any CPU
		{8F71FEE5-07D6-4479-A6EE-4C9726122B36}.Debug|iPhone.Build.0 = Debug|Any CPU
		{8F71FEE5-07D6-4479-A6EE-4C9726122B36}.Debug|iPhoneSimulator.ActiveCfg = Debug|Any CPU
		{8F71FEE5-07D6-4479-A6EE-4C9726122B36}.Debug|iPhoneSimulator.Build.0 = Debug|Any CPU
		{8F71FEE5-07D6-4479-A6EE-4C9726122B36}.Debug|x64.ActiveCfg = Debug|Any CPU
		{8F71FEE5-07D6-4479-A6EE-4C9726122B36}.Debug|x64.Build.0 = Debug|Any CPU
		{8F71FEE5-07D6-4479-A6EE-4C9726122B36}.Debug|x86.ActiveCfg = Debug|Any CPU
		{8F71FEE5-07D6-4479-A6EE-4C9726122B36}.Debug|x86.Build.0 = Debug|Any CPU
		{8F71FEE5-07D6-4479-A6EE-4C9726122B36}.Release|Any CPU.ActiveCfg = Release|Any CPU
		{8F71FEE5-07D6-4479-A6EE-4C9726122B36}.Release|Any CPU.Build.0 = Release|Any CPU
		{8F71FEE5-07D6-4479-A6EE-4C9726122B36}.Release|ARM.ActiveCfg = Release|Any CPU
		{8F71FEE5-07D6-4479-A6EE-4C9726122B36}.Release|ARM.Build.0 = Release|Any CPU
		{8F71FEE5-07D6-4479-A6EE-4C9726122B36}.Release|iPhone.ActiveCfg = Release|Any CPU
		{8F71FEE5-07D6-4479-A6EE-4C9726122B36}.Release|iPhone.Build.0 = Release|Any CPU
		{8F71FEE5-07D6-4479-A6EE-4C9726122B36}.Release|iPhoneSimulator.ActiveCfg = Release|Any CPU
		{8F71FEE5-07D6-4479-A6EE-4C9726122B36}.Release|iPhoneSimulator.Build.0 = Release|Any CPU
		{8F71FEE5-07D6-4479-A6EE-4C9726122B36}.Release|x64.ActiveCfg = Release|Any CPU
		{8F71FEE5-07D6-4479-A6EE-4C9726122B36}.Release|x64.Build.0 = Release|Any CPU
		{8F71FEE5-07D6-4479-A6EE-4C9726122B36}.Release|x86.ActiveCfg = Release|Any CPU
		{8F71FEE5-07D6-4479-A6EE-4C9726122B36}.Release|x86.Build.0 = Release|Any CPU
	EndGlobalSection
	GlobalSection(SolutionProperties) = preSolution
		HideSolutionNode = FALSE
	EndGlobalSection
	GlobalSection(ExtensibilityGlobals) = postSolution
		SolutionGuid = {E5C52A57-977C-481E-8022-2433FF1BEDAD}
	EndGlobalSection
EndGlobal
