
Microsoft Visual Studio Solution File, Format Version 12.00
# Visual Studio 15
VisualStudioVersion = 15.0.27428.2037
MinimumVisualStudioVersion = 10.0.40219.1
Project("{FAE04EC0-301F-11D3-BF4B-00C04F79EFBC}") = "MasterDetailSample.Android", "MasterDetailSample\MasterDetailSample.Android\MasterDetailSample.Android.csproj", "{E04F7FBA-8FD7-4E3B-AC83-D28DB55BB662}"
EndProject
Project("{FAE04EC0-301F-11D3-BF4B-00C04F79EFBC}") = "MasterDetailSample.iOS", "MasterDetailSample\MasterDetailSample.iOS\MasterDetailSample.iOS.csproj", "{6A1EE165-6FC9-4D3A-B19C-71475C940BC3}"
EndProject
Project("{FAE04EC0-301F-11D3-BF4B-00C04F79EFBC}") = "MasterDetailSample.UWP", "MasterDetailSample\MasterDetailSample.UWP\MasterDetailSample.UWP.csproj", "{91CC0604-7C95-46D5-9D6B-BAB4B636CDAB}"
EndProject
Project("{FAE04EC0-301F-11D3-BF4B-00C04F79EFBC}") = "MasterDetailSample", "MasterDetailSample\MasterDetailSample\MasterDetailSample.csproj", "{416DBB2C-C446-40B6-8A76-10B3F87372DD}"
EndProject
Global
	GlobalSection(SolutionConfigurationPlatforms) = preSolution
		Ad-Hoc|Any CPU = Ad-Hoc|Any CPU
		Ad-Hoc|ARM = Ad-Hoc|ARM
		Ad-Hoc|iPhone = Ad-Hoc|iPhone
		Ad-Hoc|iPhoneSimulator = Ad-Hoc|iPhoneSimulator
		Ad-Hoc|x64 = Ad-Hoc|x64
		Ad-Hoc|x86 = Ad-Hoc|x86
		AppStore|Any CPU = AppStore|Any CPU
		AppStore|ARM = AppStore|ARM
		AppStore|iPhone = AppStore|iPhone
		AppStore|iPhoneSimulator = AppStore|iPhoneSimulator
		AppStore|x64 = AppStore|x64
		AppStore|x86 = AppStore|x86
		Debug|Any CPU = Debug|Any CPU
		Debug|ARM = Debug|ARM
		Debug|iPhone = Debug|iPhone
		Debug|iPhoneSimulator = Debug|iPhoneSimulator
		Debug|x64 = Debug|x64
		Debug|x86 = Debug|x86
		Release|Any CPU = Release|Any CPU
		Release|ARM = Release|ARM
		Release|iPhone = Release|iPhone
		Release|iPhoneSimulator = Release|iPhoneSimulator
		Release|x64 = Release|x64
		Release|x86 = Release|x86
	EndGlobalSection
	GlobalSection(ProjectConfigurationPlatforms) = postSolution
		{E04F7FBA-8FD7-4E3B-AC83-D28DB55BB662}.Ad-Hoc|Any CPU.ActiveCfg = Release|Any CPU
		{E04F7FBA-8FD7-4E3B-AC83-D28DB55BB662}.Ad-Hoc|Any CPU.Build.0 = Release|Any CPU
		{E04F7FBA-8FD7-4E3B-AC83-D28DB55BB662}.Ad-Hoc|Any CPU.Deploy.0 = Release|Any CPU
		{E04F7FBA-8FD7-4E3B-AC83-D28DB55BB662}.Ad-Hoc|ARM.ActiveCfg = Release|Any CPU
		{E04F7FBA-8FD7-4E3B-AC83-D28DB55BB662}.Ad-Hoc|ARM.Build.0 = Release|Any CPU
		{E04F7FBA-8FD7-4E3B-AC83-D28DB55BB662}.Ad-Hoc|ARM.Deploy.0 = Release|Any CPU
		{E04F7FBA-8FD7-4E3B-AC83-D28DB55BB662}.Ad-Hoc|iPhone.ActiveCfg = Release|Any CPU
		{E04F7FBA-8FD7-4E3B-AC83-D28DB55BB662}.Ad-Hoc|iPhone.Build.0 = Release|Any CPU
		{E04F7FBA-8FD7-4E3B-AC83-D28DB55BB662}.Ad-Hoc|iPhone.Deploy.0 = Release|Any CPU
		{E04F7FBA-8FD7-4E3B-AC83-D28DB55BB662}.Ad-Hoc|iPhoneSimulator.ActiveCfg = Release|Any CPU
		{E04F7FBA-8FD7-4E3B-AC83-D28DB55BB662}.Ad-Hoc|iPhoneSimulator.Build.0 = Release|Any CPU
		{E04F7FBA-8FD7-4E3B-AC83-D28DB55BB662}.Ad-Hoc|iPhoneSimulator.Deploy.0 = Release|Any CPU
		{E04F7FBA-8FD7-4E3B-AC83-D28DB55BB662}.Ad-Hoc|x64.ActiveCfg = Release|Any CPU
		{E04F7FBA-8FD7-4E3B-AC83-D28DB55BB662}.Ad-Hoc|x64.Build.0 = Release|Any CPU
		{E04F7FBA-8FD7-4E3B-AC83-D28DB55BB662}.Ad-Hoc|x64.Deploy.0 = Release|Any CPU
		{E04F7FBA-8FD7-4E3B-AC83-D28DB55BB662}.Ad-Hoc|x86.ActiveCfg = Release|Any CPU
		{E04F7FBA-8FD7-4E3B-AC83-D28DB55BB662}.Ad-Hoc|x86.Build.0 = Release|Any CPU
		{E04F7FBA-8FD7-4E3B-AC83-D28DB55BB662}.Ad-Hoc|x86.Deploy.0 = Release|Any CPU
		{E04F7FBA-8FD7-4E3B-AC83-D28DB55BB662}.AppStore|Any CPU.ActiveCfg = Release|Any CPU
		{E04F7FBA-8FD7-4E3B-AC83-D28DB55BB662}.AppStore|Any CPU.Build.0 = Release|Any CPU
		{E04F7FBA-8FD7-4E3B-AC83-D28DB55BB662}.AppStore|Any CPU.Deploy.0 = Release|Any CPU
		{E04F7FBA-8FD7-4E3B-AC83-D28DB55BB662}.AppStore|ARM.ActiveCfg = Release|Any CPU
		{E04F7FBA-8FD7-4E3B-AC83-D28DB55BB662}.AppStore|ARM.Build.0 = Release|Any CPU
		{E04F7FBA-8FD7-4E3B-AC83-D28DB55BB662}.AppStore|ARM.Deploy.0 = Release|Any CPU
		{E04F7FBA-8FD7-4E3B-AC83-D28DB55BB662}.AppStore|iPhone.ActiveCfg = Release|Any CPU
		{E04F7FBA-8FD7-4E3B-AC83-D28DB55BB662}.AppStore|iPhone.Build.0 = Release|Any CPU
		{E04F7FBA-8FD7-4E3B-AC83-D28DB55BB662}.AppStore|iPhone.Deploy.0 = Release|Any CPU
		{E04F7FBA-8FD7-4E3B-AC83-D28DB55BB662}.AppStore|iPhoneSimulator.ActiveCfg = Release|Any CPU
		{E04F7FBA-8FD7-4E3B-AC83-D28DB55BB662}.AppStore|iPhoneSimulator.Build.0 = Release|Any CPU
		{E04F7FBA-8FD7-4E3B-AC83-D28DB55BB662}.AppStore|iPhoneSimulator.Deploy.0 = Release|Any CPU
		{E04F7FBA-8FD7-4E3B-AC83-D28DB55BB662}.AppStore|x64.ActiveCfg = Release|Any CPU
		{E04F7FBA-8FD7-4E3B-AC83-D28DB55BB662}.AppStore|x64.Build.0 = Release|Any CPU
		{E04F7FBA-8FD7-4E3B-AC83-D28DB55BB662}.AppStore|x64.Deploy.0 = Release|Any CPU
		{E04F7FBA-8FD7-4E3B-AC83-D28DB55BB662}.AppStore|x86.ActiveCfg = Release|Any CPU
		{E04F7FBA-8FD7-4E3B-AC83-D28DB55BB662}.AppStore|x86.Build.0 = Release|Any CPU
		{E04F7FBA-8FD7-4E3B-AC83-D28DB55BB662}.AppStore|x86.Deploy.0 = Release|Any CPU
		{E04F7FBA-8FD7-4E3B-AC83-D28DB55BB662}.Debug|Any CPU.ActiveCfg = Debug|Any CPU
		{E04F7FBA-8FD7-4E3B-AC83-D28DB55BB662}.Debug|Any CPU.Build.0 = Debug|Any CPU
		{E04F7FBA-8FD7-4E3B-AC83-D28DB55BB662}.Debug|Any CPU.Deploy.0 = Debug|Any CPU
		{E04F7FBA-8FD7-4E3B-AC83-D28DB55BB662}.Debug|ARM.ActiveCfg = Debug|Any CPU
		{E04F7FBA-8FD7-4E3B-AC83-D28DB55BB662}.Debug|ARM.Build.0 = Debug|Any CPU
		{E04F7FBA-8FD7-4E3B-AC83-D28DB55BB662}.Debug|ARM.Deploy.0 = Debug|Any CPU
		{E04F7FBA-8FD7-4E3B-AC83-D28DB55BB662}.Debug|iPhone.ActiveCfg = Debug|Any CPU
		{E04F7FBA-8FD7-4E3B-AC83-D28DB55BB662}.Debug|iPhone.Build.0 = Debug|Any CPU
		{E04F7FBA-8FD7-4E3B-AC83-D28DB55BB662}.Debug|iPhone.Deploy.0 = Debug|Any CPU
		{E04F7FBA-8FD7-4E3B-AC83-D28DB55BB662}.Debug|iPhoneSimulator.ActiveCfg = Debug|Any CPU
		{E04F7FBA-8FD7-4E3B-AC83-D28DB55BB662}.Debug|iPhoneSimulator.Build.0 = Debug|Any CPU
		{E04F7FBA-8FD7-4E3B-AC83-D28DB55BB662}.Debug|iPhoneSimulator.Deploy.0 = Debug|Any CPU
		{E04F7FBA-8FD7-4E3B-AC83-D28DB55BB662}.Debug|x64.ActiveCfg = Debug|Any CPU
		{E04F7FBA-8FD7-4E3B-AC83-D28DB55BB662}.Debug|x64.Build.0 = Debug|Any CPU
		{E04F7FBA-8FD7-4E3B-AC83-D28DB55BB662}.Debug|x64.Deploy.0 = Debug|Any CPU
		{E04F7FBA-8FD7-4E3B-AC83-D28DB55BB662}.Debug|x86.ActiveCfg = Debug|Any CPU
		{E04F7FBA-8FD7-4E3B-AC83-D28DB55BB662}.Debug|x86.Build.0 = Debug|Any CPU
		{E04F7FBA-8FD7-4E3B-AC83-D28DB55BB662}.Debug|x86.Deploy.0 = Debug|Any CPU
		{E04F7FBA-8FD7-4E3B-AC83-D28DB55BB662}.Release|Any CPU.ActiveCfg = Release|Any CPU
		{E04F7FBA-8FD7-4E3B-AC83-D28DB55BB662}.Release|Any CPU.Build.0 = Release|Any CPU
		{E04F7FBA-8FD7-4E3B-AC83-D28DB55BB662}.Release|Any CPU.Deploy.0 = Release|Any CPU
		{E04F7FBA-8FD7-4E3B-AC83-D28DB55BB662}.Release|ARM.ActiveCfg = Release|Any CPU
		{E04F7FBA-8FD7-4E3B-AC83-D28DB55BB662}.Release|ARM.Build.0 = Release|Any CPU
		{E04F7FBA-8FD7-4E3B-AC83-D28DB55BB662}.Release|ARM.Deploy.0 = Release|Any CPU
		{E04F7FBA-8FD7-4E3B-AC83-D28DB55BB662}.Release|iPhone.ActiveCfg = Release|Any CPU
		{E04F7FBA-8FD7-4E3B-AC83-D28DB55BB662}.Release|iPhone.Build.0 = Release|Any CPU
		{E04F7FBA-8FD7-4E3B-AC83-D28DB55BB662}.Release|iPhone.Deploy.0 = Release|Any CPU
		{E04F7FBA-8FD7-4E3B-AC83-D28DB55BB662}.Release|iPhoneSimulator.ActiveCfg = Release|Any CPU
		{E04F7FBA-8FD7-4E3B-AC83-D28DB55BB662}.Release|iPhoneSimulator.Build.0 = Release|Any CPU
		{E04F7FBA-8FD7-4E3B-AC83-D28DB55BB662}.Release|iPhoneSimulator.Deploy.0 = Release|Any CPU
		{E04F7FBA-8FD7-4E3B-AC83-D28DB55BB662}.Release|x64.ActiveCfg = Release|Any CPU
		{E04F7FBA-8FD7-4E3B-AC83-D28DB55BB662}.Release|x64.Build.0 = Release|Any CPU
		{E04F7FBA-8FD7-4E3B-AC83-D28DB55BB662}.Release|x64.Deploy.0 = Release|Any CPU
		{E04F7FBA-8FD7-4E3B-AC83-D28DB55BB662}.Release|x86.ActiveCfg = Release|Any CPU
		{E04F7FBA-8FD7-4E3B-AC83-D28DB55BB662}.Release|x86.Build.0 = Release|Any CPU
		{E04F7FBA-8FD7-4E3B-AC83-D28DB55BB662}.Release|x86.Deploy.0 = Release|Any CPU
		{6A1EE165-6FC9-4D3A-B19C-71475C940BC3}.Ad-Hoc|Any CPU.ActiveCfg = Ad-Hoc|iPhone
		{6A1EE165-6FC9-4D3A-B19C-71475C940BC3}.Ad-Hoc|ARM.ActiveCfg = Ad-Hoc|iPhone
		{6A1EE165-6FC9-4D3A-B19C-71475C940BC3}.Ad-Hoc|iPhone.ActiveCfg = Ad-Hoc|iPhone
		{6A1EE165-6FC9-4D3A-B19C-71475C940BC3}.Ad-Hoc|iPhone.Build.0 = Ad-Hoc|iPhone
		{6A1EE165-6FC9-4D3A-B19C-71475C940BC3}.Ad-Hoc|iPhoneSimulator.ActiveCfg = Ad-Hoc|iPhoneSimulator
		{6A1EE165-6FC9-4D3A-B19C-71475C940BC3}.Ad-Hoc|iPhoneSimulator.Build.0 = Ad-Hoc|iPhoneSimulator
		{6A1EE165-6FC9-4D3A-B19C-71475C940BC3}.Ad-Hoc|x64.ActiveCfg = Ad-Hoc|iPhone
		{6A1EE165-6FC9-4D3A-B19C-71475C940BC3}.Ad-Hoc|x86.ActiveCfg = Ad-Hoc|iPhone
		{6A1EE165-6FC9-4D3A-B19C-71475C940BC3}.AppStore|Any CPU.ActiveCfg = AppStore|iPhone
		{6A1EE165-6FC9-4D3A-B19C-71475C940BC3}.AppStore|ARM.ActiveCfg = AppStore|iPhone
		{6A1EE165-6FC9-4D3A-B19C-71475C940BC3}.AppStore|iPhone.ActiveCfg = AppStore|iPhone
		{6A1EE165-6FC9-4D3A-B19C-71475C940BC3}.AppStore|iPhone.Build.0 = AppStore|iPhone
		{6A1EE165-6FC9-4D3A-B19C-71475C940BC3}.AppStore|iPhoneSimulator.ActiveCfg = AppStore|iPhoneSimulator
		{6A1EE165-6FC9-4D3A-B19C-71475C940BC3}.AppStore|iPhoneSimulator.Build.0 = AppStore|iPhoneSimulator
		{6A1EE165-6FC9-4D3A-B19C-71475C940BC3}.AppStore|x64.ActiveCfg = AppStore|iPhone
		{6A1EE165-6FC9-4D3A-B19C-71475C940BC3}.AppStore|x86.ActiveCfg = AppStore|iPhone
		{6A1EE165-6FC9-4D3A-B19C-71475C940BC3}.Debug|Any CPU.ActiveCfg = Debug|iPhone
		{6A1EE165-6FC9-4D3A-B19C-71475C940BC3}.Debug|ARM.ActiveCfg = Debug|iPhone
		{6A1EE165-6FC9-4D3A-B19C-71475C940BC3}.Debug|iPhone.ActiveCfg = Debug|iPhone
		{6A1EE165-6FC9-4D3A-B19C-71475C940BC3}.Debug|iPhone.Build.0 = Debug|iPhone
		{6A1EE165-6FC9-4D3A-B19C-71475C940BC3}.Debug|iPhoneSimulator.ActiveCfg = Debug|iPhoneSimulator
		{6A1EE165-6FC9-4D3A-B19C-71475C940BC3}.Debug|iPhoneSimulator.Build.0 = Debug|iPhoneSimulator
		{6A1EE165-6FC9-4D3A-B19C-71475C940BC3}.Debug|x64.ActiveCfg = Debug|iPhone
		{6A1EE165-6FC9-4D3A-B19C-71475C940BC3}.Debug|x86.ActiveCfg = Debug|iPhone
		{6A1EE165-6FC9-4D3A-B19C-71475C940BC3}.Release|Any CPU.ActiveCfg = Release|iPhone
		{6A1EE165-6FC9-4D3A-B19C-71475C940BC3}.Release|ARM.ActiveCfg = Release|iPhone
		{6A1EE165-6FC9-4D3A-B19C-71475C940BC3}.Release|iPhone.ActiveCfg = Release|iPhone
		{6A1EE165-6FC9-4D3A-B19C-71475C940BC3}.Release|iPhone.Build.0 = Release|iPhone
		{6A1EE165-6FC9-4D3A-B19C-71475C940BC3}.Release|iPhoneSimulator.ActiveCfg = Release|iPhoneSimulator
		{6A1EE165-6FC9-4D3A-B19C-71475C940BC3}.Release|iPhoneSimulator.Build.0 = Release|iPhoneSimulator
		{6A1EE165-6FC9-4D3A-B19C-71475C940BC3}.Release|x64.ActiveCfg = Release|iPhone
		{6A1EE165-6FC9-4D3A-B19C-71475C940BC3}.Release|x86.ActiveCfg = Release|iPhone
		{91CC0604-7C95-46D5-9D6B-BAB4B636CDAB}.Ad-Hoc|Any CPU.ActiveCfg = Release|x86
		{91CC0604-7C95-46D5-9D6B-BAB4B636CDAB}.Ad-Hoc|Any CPU.Build.0 = Release|x86
		{91CC0604-7C95-46D5-9D6B-BAB4B636CDAB}.Ad-Hoc|Any CPU.Deploy.0 = Release|x86
		{91CC0604-7C95-46D5-9D6B-BAB4B636CDAB}.Ad-Hoc|ARM.ActiveCfg = Release|ARM
		{91CC0604-7C95-46D5-9D6B-BAB4B636CDAB}.Ad-Hoc|ARM.Build.0 = Release|ARM
		{91CC0604-7C95-46D5-9D6B-BAB4B636CDAB}.Ad-Hoc|ARM.Deploy.0 = Release|ARM
		{91CC0604-7C95-46D5-9D6B-BAB4B636CDAB}.Ad-Hoc|iPhone.ActiveCfg = Release|x86
		{91CC0604-7C95-46D5-9D6B-BAB4B636CDAB}.Ad-Hoc|iPhone.Build.0 = Release|x86
		{91CC0604-7C95-46D5-9D6B-BAB4B636CDAB}.Ad-Hoc|iPhone.Deploy.0 = Release|x86
		{91CC0604-7C95-46D5-9D6B-BAB4B636CDAB}.Ad-Hoc|iPhoneSimulator.ActiveCfg = Release|x86
		{91CC0604-7C95-46D5-9D6B-BAB4B636CDAB}.Ad-Hoc|iPhoneSimulator.Build.0 = Release|x86
		{91CC0604-7C95-46D5-9D6B-BAB4B636CDAB}.Ad-Hoc|iPhoneSimulator.Deploy.0 = Release|x86
		{91CC0604-7C95-46D5-9D6B-BAB4B636CDAB}.Ad-Hoc|x64.ActiveCfg = Release|x64
		{91CC0604-7C95-46D5-9D6B-BAB4B636CDAB}.Ad-Hoc|x64.Build.0 = Release|x64
		{91CC0604-7C95-46D5-9D6B-BAB4B636CDAB}.Ad-Hoc|x64.Deploy.0 = Release|x64
		{91CC0604-7C95-46D5-9D6B-BAB4B636CDAB}.Ad-Hoc|x86.ActiveCfg = Release|x86
		{91CC0604-7C95-46D5-9D6B-BAB4B636CDAB}.Ad-Hoc|x86.Build.0 = Release|x86
		{91CC0604-7C95-46D5-9D6B-BAB4B636CDAB}.Ad-Hoc|x86.Deploy.0 = Release|x86
		{91CC0604-7C95-46D5-9D6B-BAB4B636CDAB}.AppStore|Any CPU.ActiveCfg = Release|x86
		{91CC0604-7C95-46D5-9D6B-BAB4B636CDAB}.AppStore|Any CPU.Build.0 = Release|x86
		{91CC0604-7C95-46D5-9D6B-BAB4B636CDAB}.AppStore|Any CPU.Deploy.0 = Release|x86
		{91CC0604-7C95-46D5-9D6B-BAB4B636CDAB}.AppStore|ARM.ActiveCfg = Release|ARM
		{91CC0604-7C95-46D5-9D6B-BAB4B636CDAB}.AppStore|ARM.Build.0 = Release|ARM
		{91CC0604-7C95-46D5-9D6B-BAB4B636CDAB}.AppStore|ARM.Deploy.0 = Release|ARM
		{91CC0604-7C95-46D5-9D6B-BAB4B636CDAB}.AppStore|iPhone.ActiveCfg = Release|x86
		{91CC0604-7C95-46D5-9D6B-BAB4B636CDAB}.AppStore|iPhone.Build.0 = Release|x86
		{91CC0604-7C95-46D5-9D6B-BAB4B636CDAB}.AppStore|iPhone.Deploy.0 = Release|x86
		{91CC0604-7C95-46D5-9D6B-BAB4B636CDAB}.AppStore|iPhoneSimulator.ActiveCfg = Release|x86
		{91CC0604-7C95-46D5-9D6B-BAB4B636CDAB}.AppStore|iPhoneSimulator.Build.0 = Release|x86
		{91CC0604-7C95-46D5-9D6B-BAB4B636CDAB}.AppStore|iPhoneSimulator.Deploy.0 = Release|x86
		{91CC0604-7C95-46D5-9D6B-BAB4B636CDAB}.AppStore|x64.ActiveCfg = Release|x64
		{91CC0604-7C95-46D5-9D6B-BAB4B636CDAB}.AppStore|x64.Build.0 = Release|x64
		{91CC0604-7C95-46D5-9D6B-BAB4B636CDAB}.AppStore|x64.Deploy.0 = Release|x64
		{91CC0604-7C95-46D5-9D6B-BAB4B636CDAB}.AppStore|x86.ActiveCfg = Release|x86
		{91CC0604-7C95-46D5-9D6B-BAB4B636CDAB}.AppStore|x86.Build.0 = Release|x86
		{91CC0604-7C95-46D5-9D6B-BAB4B636CDAB}.AppStore|x86.Deploy.0 = Release|x86
		{91CC0604-7C95-46D5-9D6B-BAB4B636CDAB}.Debug|Any CPU.ActiveCfg = Debug|x86
		{91CC0604-7C95-46D5-9D6B-BAB4B636CDAB}.Debug|ARM.ActiveCfg = Debug|ARM
		{91CC0604-7C95-46D5-9D6B-BAB4B636CDAB}.Debug|ARM.Build.0 = Debug|ARM
		{91CC0604-7C95-46D5-9D6B-BAB4B636CDAB}.Debug|ARM.Deploy.0 = Debug|ARM
		{91CC0604-7C95-46D5-9D6B-BAB4B636CDAB}.Debug|iPhone.ActiveCfg = Debug|x86
		{91CC0604-7C95-46D5-9D6B-BAB4B636CDAB}.Debug|iPhoneSimulator.ActiveCfg = Debug|x86
		{91CC0604-7C95-46D5-9D6B-BAB4B636CDAB}.Debug|x64.ActiveCfg = Debug|x64
		{91CC0604-7C95-46D5-9D6B-BAB4B636CDAB}.Debug|x64.Build.0 = Debug|x64
		{91CC0604-7C95-46D5-9D6B-BAB4B636CDAB}.Debug|x64.Deploy.0 = Debug|x64
		{91CC0604-7C95-46D5-9D6B-BAB4B636CDAB}.Debug|x86.ActiveCfg = Debug|x86
		{91CC0604-7C95-46D5-9D6B-BAB4B636CDAB}.Debug|x86.Build.0 = Debug|x86
		{91CC0604-7C95-46D5-9D6B-BAB4B636CDAB}.Debug|x86.Deploy.0 = Debug|x86
		{91CC0604-7C95-46D5-9D6B-BAB4B636CDAB}.Release|Any CPU.ActiveCfg = Release|x86
		{91CC0604-7C95-46D5-9D6B-BAB4B636CDAB}.Release|ARM.ActiveCfg = Release|ARM
		{91CC0604-7C95-46D5-9D6B-BAB4B636CDAB}.Release|ARM.Build.0 = Release|ARM
		{91CC0604-7C95-46D5-9D6B-BAB4B636CDAB}.Release|ARM.Deploy.0 = Release|ARM
		{91CC0604-7C95-46D5-9D6B-BAB4B636CDAB}.Release|iPhone.ActiveCfg = Release|x86
		{91CC0604-7C95-46D5-9D6B-BAB4B636CDAB}.Release|iPhoneSimulator.ActiveCfg = Release|x86
		{91CC0604-7C95-46D5-9D6B-BAB4B636CDAB}.Release|x64.ActiveCfg = Release|x64
		{91CC0604-7C95-46D5-9D6B-BAB4B636CDAB}.Release|x64.Build.0 = Release|x64
		{91CC0604-7C95-46D5-9D6B-BAB4B636CDAB}.Release|x64.Deploy.0 = Release|x64
		{91CC0604-7C95-46D5-9D6B-BAB4B636CDAB}.Release|x86.ActiveCfg = Release|x86
		{91CC0604-7C95-46D5-9D6B-BAB4B636CDAB}.Release|x86.Build.0 = Release|x86
		{91CC0604-7C95-46D5-9D6B-BAB4B636CDAB}.Release|x86.Deploy.0 = Release|x86
		{416DBB2C-C446-40B6-8A76-10B3F87372DD}.Ad-Hoc|Any CPU.ActiveCfg = Debug|Any CPU
		{416DBB2C-C446-40B6-8A76-10B3F87372DD}.Ad-Hoc|Any CPU.Build.0 = Debug|Any CPU
		{416DBB2C-C446-40B6-8A76-10B3F87372DD}.Ad-Hoc|ARM.ActiveCfg = Debug|Any CPU
		{416DBB2C-C446-40B6-8A76-10B3F87372DD}.Ad-Hoc|ARM.Build.0 = Debug|Any CPU
		{416DBB2C-C446-40B6-8A76-10B3F87372DD}.Ad-Hoc|iPhone.ActiveCfg = Debug|Any CPU
		{416DBB2C-C446-40B6-8A76-10B3F87372DD}.Ad-Hoc|iPhone.Build.0 = Debug|Any CPU
		{416DBB2C-C446-40B6-8A76-10B3F87372DD}.Ad-Hoc|iPhoneSimulator.ActiveCfg = Debug|Any CPU
		{416DBB2C-C446-40B6-8A76-10B3F87372DD}.Ad-Hoc|iPhoneSimulator.Build.0 = Debug|Any CPU
		{416DBB2C-C446-40B6-8A76-10B3F87372DD}.Ad-Hoc|x64.ActiveCfg = Debug|Any CPU
		{416DBB2C-C446-40B6-8A76-10B3F87372DD}.Ad-Hoc|x64.Build.0 = Debug|Any CPU
		{416DBB2C-C446-40B6-8A76-10B3F87372DD}.Ad-Hoc|x86.ActiveCfg = Debug|Any CPU
		{416DBB2C-C446-40B6-8A76-10B3F87372DD}.Ad-Hoc|x86.Build.0 = Debug|Any CPU
		{416DBB2C-C446-40B6-8A76-10B3F87372DD}.AppStore|Any CPU.ActiveCfg = Debug|Any CPU
		{416DBB2C-C446-40B6-8A76-10B3F87372DD}.AppStore|Any CPU.Build.0 = Debug|Any CPU
		{416DBB2C-C446-40B6-8A76-10B3F87372DD}.AppStore|ARM.ActiveCfg = Debug|Any CPU
		{416DBB2C-C446-40B6-8A76-10B3F87372DD}.AppStore|ARM.Build.0 = Debug|Any CPU
		{416DBB2C-C446-40B6-8A76-10B3F87372DD}.AppStore|iPhone.ActiveCfg = Debug|Any CPU
		{416DBB2C-C446-40B6-8A76-10B3F87372DD}.AppStore|iPhone.Build.0 = Debug|Any CPU
		{416DBB2C-C446-40B6-8A76-10B3F87372DD}.AppStore|iPhoneSimulator.ActiveCfg = Debug|Any CPU
		{416DBB2C-C446-40B6-8A76-10B3F87372DD}.AppStore|iPhoneSimulator.Build.0 = Debug|Any CPU
		{416DBB2C-C446-40B6-8A76-10B3F87372DD}.AppStore|x64.ActiveCfg = Debug|Any CPU
		{416DBB2C-C446-40B6-8A76-10B3F87372DD}.AppStore|x64.Build.0 = Debug|Any CPU
		{416DBB2C-C446-40B6-8A76-10B3F87372DD}.AppStore|x86.ActiveCfg = Debug|Any CPU
		{416DBB2C-C446-40B6-8A76-10B3F87372DD}.AppStore|x86.Build.0 = Debug|Any CPU
		{416DBB2C-C446-40B6-8A76-10B3F87372DD}.Debug|Any CPU.ActiveCfg = Debug|Any CPU
		{416DBB2C-C446-40B6-8A76-10B3F87372DD}.Debug|Any CPU.Build.0 = Debug|Any CPU
		{416DBB2C-C446-40B6-8A76-10B3F87372DD}.Debug|ARM.ActiveCfg = Debug|Any CPU
		{416DBB2C-C446-40B6-8A76-10B3F87372DD}.Debug|ARM.Build.0 = Debug|Any CPU
		{416DBB2C-C446-40B6-8A76-10B3F87372DD}.Debug|iPhone.ActiveCfg = Debug|Any CPU
		{416DBB2C-C446-40B6-8A76-10B3F87372DD}.Debug|iPhone.Build.0 = Debug|Any CPU
		{416DBB2C-C446-40B6-8A76-10B3F87372DD}.Debug|iPhoneSimulator.ActiveCfg = Debug|Any CPU
		{416DBB2C-C446-40B6-8A76-10B3F87372DD}.Debug|iPhoneSimulator.Build.0 = Debug|Any CPU
		{416DBB2C-C446-40B6-8A76-10B3F87372DD}.Debug|x64.ActiveCfg = Debug|Any CPU
		{416DBB2C-C446-40B6-8A76-10B3F87372DD}.Debug|x64.Build.0 = Debug|Any CPU
		{416DBB2C-C446-40B6-8A76-10B3F87372DD}.Debug|x86.ActiveCfg = Debug|Any CPU
		{416DBB2C-C446-40B6-8A76-10B3F87372DD}.Debug|x86.Build.0 = Debug|Any CPU
		{416DBB2C-C446-40B6-8A76-10B3F87372DD}.Release|Any CPU.ActiveCfg = Release|Any CPU
		{416DBB2C-C446-40B6-8A76-10B3F87372DD}.Release|Any CPU.Build.0 = Release|Any CPU
		{416DBB2C-C446-40B6-8A76-10B3F87372DD}.Release|ARM.ActiveCfg = Release|Any CPU
		{416DBB2C-C446-40B6-8A76-10B3F87372DD}.Release|ARM.Build.0 = Release|Any CPU
		{416DBB2C-C446-40B6-8A76-10B3F87372DD}.Release|iPhone.ActiveCfg = Release|Any CPU
		{416DBB2C-C446-40B6-8A76-10B3F87372DD}.Release|iPhone.Build.0 = Release|Any CPU
		{416DBB2C-C446-40B6-8A76-10B3F87372DD}.Release|iPhoneSimulator.ActiveCfg = Release|Any CPU
		{416DBB2C-C446-40B6-8A76-10B3F87372DD}.Release|iPhoneSimulator.Build.0 = Release|Any CPU
		{416DBB2C-C446-40B6-8A76-10B3F87372DD}.Release|x64.ActiveCfg = Release|Any CPU
		{416DBB2C-C446-40B6-8A76-10B3F87372DD}.Release|x64.Build.0 = Release|Any CPU
		{416DBB2C-C446-40B6-8A76-10B3F87372DD}.Release|x86.ActiveCfg = Release|Any CPU
		{416DBB2C-C446-40B6-8A76-10B3F87372DD}.Release|x86.Build.0 = Release|Any CPU
	EndGlobalSection
	GlobalSection(SolutionProperties) = preSolution
		HideSolutionNode = FALSE
	EndGlobalSection
	GlobalSection(ExtensibilityGlobals) = postSolution
		SolutionGuid = {C87B0AE8-FF72-49A6-9B42-6DF6F67186B3}
	EndGlobalSection
EndGlobal
