
Microsoft Visual Studio Solution File, Format Version 12.00
# Visual Studio 15
VisualStudioVersion = 15.0.27428.2027
MinimumVisualStudioVersion = 10.0.40219.1
Project("{FAE04EC0-301F-11D3-BF4B-00C04F79EFBC}") = "PageProduction.Android", "PageProduction\PageProduction.Android\PageProduction.Android.csproj", "{737C1EF0-9D85-4B37-B920-27FBC7C2BE2B}"
EndProject
Project("{FAE04EC0-301F-11D3-BF4B-00C04F79EFBC}") = "PageProduction.iOS", "PageProduction\PageProduction.iOS\PageProduction.iOS.csproj", "{5C03AF08-6532-4113-81BC-F03CD4A011A8}"
EndProject
Project("{FAE04EC0-301F-11D3-BF4B-00C04F79EFBC}") = "PageProduction", "PageProduction\PageProduction\PageProduction.csproj", "{26F03162-D1F2-4A78-A57F-8E606A332904}"
EndProject
Global
	GlobalSection(SolutionConfigurationPlatforms) = preSolution
		Ad-Hoc|Any CPU = Ad-Hoc|Any CPU
		Ad-Hoc|iPhone = Ad-Hoc|iPhone
		Ad-Hoc|iPhoneSimulator = Ad-Hoc|iPhoneSimulator
		AppStore|Any CPU = AppStore|Any CPU
		AppStore|iPhone = AppStore|iPhone
		AppStore|iPhoneSimulator = AppStore|iPhoneSimulator
		Debug|Any CPU = Debug|Any CPU
		Debug|iPhone = Debug|iPhone
		Debug|iPhoneSimulator = Debug|iPhoneSimulator
		Release|Any CPU = Release|Any CPU
		Release|iPhone = Release|iPhone
		Release|iPhoneSimulator = Release|iPhoneSimulator
	EndGlobalSection
	GlobalSection(ProjectConfigurationPlatforms) = postSolution
		{737C1EF0-9D85-4B37-B920-27FBC7C2BE2B}.Ad-Hoc|Any CPU.ActiveCfg = Release|Any CPU
		{737C1EF0-9D85-4B37-B920-27FBC7C2BE2B}.Ad-Hoc|Any CPU.Build.0 = Release|Any CPU
		{737C1EF0-9D85-4B37-B920-27FBC7C2BE2B}.Ad-Hoc|Any CPU.Deploy.0 = Release|Any CPU
		{737C1EF0-9D85-4B37-B920-27FBC7C2BE2B}.Ad-Hoc|iPhone.ActiveCfg = Release|Any CPU
		{737C1EF0-9D85-4B37-B920-27FBC7C2BE2B}.Ad-Hoc|iPhone.Build.0 = Release|Any CPU
		{737C1EF0-9D85-4B37-B920-27FBC7C2BE2B}.Ad-Hoc|iPhone.Deploy.0 = Release|Any CPU
		{737C1EF0-9D85-4B37-B920-27FBC7C2BE2B}.Ad-Hoc|iPhoneSimulator.ActiveCfg = Release|Any CPU
		{737C1EF0-9D85-4B37-B920-27FBC7C2BE2B}.Ad-Hoc|iPhoneSimulator.Build.0 = Release|Any CPU
		{737C1EF0-9D85-4B37-B920-27FBC7C2BE2B}.Ad-Hoc|iPhoneSimulator.Deploy.0 = Release|Any CPU
		{737C1EF0-9D85-4B37-B920-27FBC7C2BE2B}.AppStore|Any CPU.ActiveCfg = Release|Any CPU
		{737C1EF0-9D85-4B37-B920-27FBC7C2BE2B}.AppStore|Any CPU.Build.0 = Release|Any CPU
		{737C1EF0-9D85-4B37-B920-27FBC7C2BE2B}.AppStore|Any CPU.Deploy.0 = Release|Any CPU
		{737C1EF0-9D85-4B37-B920-27FBC7C2BE2B}.AppStore|iPhone.ActiveCfg = Release|Any CPU
		{737C1EF0-9D85-4B37-B920-27FBC7C2BE2B}.AppStore|iPhone.Build.0 = Release|Any CPU
		{737C1EF0-9D85-4B37-B920-27FBC7C2BE2B}.AppStore|iPhone.Deploy.0 = Release|Any CPU
		{737C1EF0-9D85-4B37-B920-27FBC7C2BE2B}.AppStore|iPhoneSimulator.ActiveCfg = Release|Any CPU
		{737C1EF0-9D85-4B37-B920-27FBC7C2BE2B}.AppStore|iPhoneSimulator.Build.0 = Release|Any CPU
		{737C1EF0-9D85-4B37-B920-27FBC7C2BE2B}.AppStore|iPhoneSimulator.Deploy.0 = Release|Any CPU
		{737C1EF0-9D85-4B37-B920-27FBC7C2BE2B}.Debug|Any CPU.ActiveCfg = Debug|Any CPU
		{737C1EF0-9D85-4B37-B920-27FBC7C2BE2B}.Debug|Any CPU.Build.0 = Debug|Any CPU
		{737C1EF0-9D85-4B37-B920-27FBC7C2BE2B}.Debug|Any CPU.Deploy.0 = Debug|Any CPU
		{737C1EF0-9D85-4B37-B920-27FBC7C2BE2B}.Debug|iPhone.ActiveCfg = Debug|Any CPU
		{737C1EF0-9D85-4B37-B920-27FBC7C2BE2B}.Debug|iPhone.Build.0 = Debug|Any CPU
		{737C1EF0-9D85-4B37-B920-27FBC7C2BE2B}.Debug|iPhone.Deploy.0 = Debug|Any CPU
		{737C1EF0-9D85-4B37-B920-27FBC7C2BE2B}.Debug|iPhoneSimulator.ActiveCfg = Debug|Any CPU
		{737C1EF0-9D85-4B37-B920-27FBC7C2BE2B}.Debug|iPhoneSimulator.Build.0 = Debug|Any CPU
		{737C1EF0-9D85-4B37-B920-27FBC7C2BE2B}.Debug|iPhoneSimulator.Deploy.0 = Debug|Any CPU
		{737C1EF0-9D85-4B37-B920-27FBC7C2BE2B}.Release|Any CPU.ActiveCfg = Release|Any CPU
		{737C1EF0-9D85-4B37-B920-27FBC7C2BE2B}.Release|Any CPU.Build.0 = Release|Any CPU
		{737C1EF0-9D85-4B37-B920-27FBC7C2BE2B}.Release|Any CPU.Deploy.0 = Release|Any CPU
		{737C1EF0-9D85-4B37-B920-27FBC7C2BE2B}.Release|iPhone.ActiveCfg = Release|Any CPU
		{737C1EF0-9D85-4B37-B920-27FBC7C2BE2B}.Release|iPhone.Build.0 = Release|Any CPU
		{737C1EF0-9D85-4B37-B920-27FBC7C2BE2B}.Release|iPhone.Deploy.0 = Release|Any CPU
		{737C1EF0-9D85-4B37-B920-27FBC7C2BE2B}.Release|iPhoneSimulator.ActiveCfg = Release|Any CPU
		{737C1EF0-9D85-4B37-B920-27FBC7C2BE2B}.Release|iPhoneSimulator.Build.0 = Release|Any CPU
		{737C1EF0-9D85-4B37-B920-27FBC7C2BE2B}.Release|iPhoneSimulator.Deploy.0 = Release|Any CPU
		{5C03AF08-6532-4113-81BC-F03CD4A011A8}.Ad-Hoc|Any CPU.ActiveCfg = Ad-Hoc|iPhone
		{5C03AF08-6532-4113-81BC-F03CD4A011A8}.Ad-Hoc|iPhone.ActiveCfg = Ad-Hoc|iPhone
		{5C03AF08-6532-4113-81BC-F03CD4A011A8}.Ad-Hoc|iPhone.Build.0 = Ad-Hoc|iPhone
		{5C03AF08-6532-4113-81BC-F03CD4A011A8}.Ad-Hoc|iPhoneSimulator.ActiveCfg = Ad-Hoc|iPhoneSimulator
		{5C03AF08-6532-4113-81BC-F03CD4A011A8}.Ad-Hoc|iPhoneSimulator.Build.0 = Ad-Hoc|iPhoneSimulator
		{5C03AF08-6532-4113-81BC-F03CD4A011A8}.AppStore|Any CPU.ActiveCfg = AppStore|iPhone
		{5C03AF08-6532-4113-81BC-F03CD4A011A8}.AppStore|iPhone.ActiveCfg = AppStore|iPhone
		{5C03AF08-6532-4113-81BC-F03CD4A011A8}.AppStore|iPhone.Build.0 = AppStore|iPhone
		{5C03AF08-6532-4113-81BC-F03CD4A011A8}.AppStore|iPhoneSimulator.ActiveCfg = AppStore|iPhoneSimulator
		{5C03AF08-6532-4113-81BC-F03CD4A011A8}.AppStore|iPhoneSimulator.Build.0 = AppStore|iPhoneSimulator
		{5C03AF08-6532-4113-81BC-F03CD4A011A8}.Debug|Any CPU.ActiveCfg = Debug|iPhone
		{5C03AF08-6532-4113-81BC-F03CD4A011A8}.Debug|iPhone.ActiveCfg = Debug|iPhone
		{5C03AF08-6532-4113-81BC-F03CD4A011A8}.Debug|iPhone.Build.0 = Debug|iPhone
		{5C03AF08-6532-4113-81BC-F03CD4A011A8}.Debug|iPhoneSimulator.ActiveCfg = Debug|iPhoneSimulator
		{5C03AF08-6532-4113-81BC-F03CD4A011A8}.Debug|iPhoneSimulator.Build.0 = Debug|iPhoneSimulator
		{5C03AF08-6532-4113-81BC-F03CD4A011A8}.Release|Any CPU.ActiveCfg = Release|iPhone
		{5C03AF08-6532-4113-81BC-F03CD4A011A8}.Release|iPhone.ActiveCfg = Release|iPhone
		{5C03AF08-6532-4113-81BC-F03CD4A011A8}.Release|iPhone.Build.0 = Release|iPhone
		{5C03AF08-6532-4113-81BC-F03CD4A011A8}.Release|iPhoneSimulator.ActiveCfg = Release|iPhoneSimulator
		{5C03AF08-6532-4113-81BC-F03CD4A011A8}.Release|iPhoneSimulator.Build.0 = Release|iPhoneSimulator
		{26F03162-D1F2-4A78-A57F-8E606A332904}.Ad-Hoc|Any CPU.ActiveCfg = Debug|Any CPU
		{26F03162-D1F2-4A78-A57F-8E606A332904}.Ad-Hoc|Any CPU.Build.0 = Debug|Any CPU
		{26F03162-D1F2-4A78-A57F-8E606A332904}.Ad-Hoc|iPhone.ActiveCfg = Debug|Any CPU
		{26F03162-D1F2-4A78-A57F-8E606A332904}.Ad-Hoc|iPhone.Build.0 = Debug|Any CPU
		{26F03162-D1F2-4A78-A57F-8E606A332904}.Ad-Hoc|iPhoneSimulator.ActiveCfg = Debug|Any CPU
		{26F03162-D1F2-4A78-A57F-8E606A332904}.Ad-Hoc|iPhoneSimulator.Build.0 = Debug|Any CPU
		{26F03162-D1F2-4A78-A57F-8E606A332904}.AppStore|Any CPU.ActiveCfg = Debug|Any CPU
		{26F03162-D1F2-4A78-A57F-8E606A332904}.AppStore|Any CPU.Build.0 = Debug|Any CPU
		{26F03162-D1F2-4A78-A57F-8E606A332904}.AppStore|iPhone.ActiveCfg = Debug|Any CPU
		{26F03162-D1F2-4A78-A57F-8E606A332904}.AppStore|iPhone.Build.0 = Debug|Any CPU
		{26F03162-D1F2-4A78-A57F-8E606A332904}.AppStore|iPhoneSimulator.ActiveCfg = Debug|Any CPU
		{26F03162-D1F2-4A78-A57F-8E606A332904}.AppStore|iPhoneSimulator.Build.0 = Debug|Any CPU
		{26F03162-D1F2-4A78-A57F-8E606A332904}.Debug|Any CPU.ActiveCfg = Debug|Any CPU
		{26F03162-D1F2-4A78-A57F-8E606A332904}.Debug|Any CPU.Build.0 = Debug|Any CPU
		{26F03162-D1F2-4A78-A57F-8E606A332904}.Debug|iPhone.ActiveCfg = Debug|Any CPU
		{26F03162-D1F2-4A78-A57F-8E606A332904}.Debug|iPhone.Build.0 = Debug|Any CPU
		{26F03162-D1F2-4A78-A57F-8E606A332904}.Debug|iPhoneSimulator.ActiveCfg = Debug|Any CPU
		{26F03162-D1F2-4A78-A57F-8E606A332904}.Debug|iPhoneSimulator.Build.0 = Debug|Any CPU
		{26F03162-D1F2-4A78-A57F-8E606A332904}.Release|Any CPU.ActiveCfg = Release|Any CPU
		{26F03162-D1F2-4A78-A57F-8E606A332904}.Release|Any CPU.Build.0 = Release|Any CPU
		{26F03162-D1F2-4A78-A57F-8E606A332904}.Release|iPhone.ActiveCfg = Release|Any CPU
		{26F03162-D1F2-4A78-A57F-8E606A332904}.Release|iPhone.Build.0 = Release|Any CPU
		{26F03162-D1F2-4A78-A57F-8E606A332904}.Release|iPhoneSimulator.ActiveCfg = Release|Any CPU
		{26F03162-D1F2-4A78-A57F-8E606A332904}.Release|iPhoneSimulator.Build.0 = Release|Any CPU
	EndGlobalSection
	GlobalSection(SolutionProperties) = preSolution
		HideSolutionNode = FALSE
	EndGlobalSection
	GlobalSection(ExtensibilityGlobals) = postSolution
		SolutionGuid = {576797FB-0B3E-40BD-8535-FE7793599EE5}
	EndGlobalSection
EndGlobal
